// !$*UTF8*$!
{
	archiveVersion = 1;
	classes = {
	};
	objectVersion = 56;
	objects = {

/* Begin PBXBuildFile section */
		D45D19C429292B15008A4402 /* AppDelegate.swift in Sources */ = {isa = PBXBuildFile; fileRef = D45D19C329292B15008A4402 /* AppDelegate.swift */; };
		D45D19C629292B15008A4402 /* SceneDelegate.swift in Sources */ = {isa = PBXBuildFile; fileRef = D45D19C529292B15008A4402 /* SceneDelegate.swift */; };
		D45D19C829292B15008A4402 /* ViewController.swift in Sources */ = {isa = PBXBuildFile; fileRef = D45D19C729292B15008A4402 /* ViewController.swift */; };
		D45D19CB29292B15008A4402 /* Main.storyboard in Resources */ = {isa = PBXBuildFile; fileRef = D45D19C929292B15008A4402 /* Main.storyboard */; };
		D45D19CD29292B17008A4402 /* Assets.xcassets in Resources */ = {isa = PBXBuildFile; fileRef = D45D19CC29292B17008A4402 /* Assets.xcassets */; };
		D45D19D029292B17008A4402 /* LaunchScreen.storyboard in Resources */ = {isa = PBXBuildFile; fileRef = D45D19CE29292B17008A4402 /* LaunchScreen.storyboard */; };
		D45D19DB29292B17008A4402 /* StockRank_SBTests.swift in Sources */ = {isa = PBXBuildFile; fileRef = D45D19DA29292B17008A4402 /* StockRank_SBTests.swift */; };
		D45D19E529292B17008A4402 /* StockRank_SBUITests.swift in Sources */ = {isa = PBXBuildFile; fileRef = D45D19E429292B17008A4402 /* StockRank_SBUITests.swift */; };
		D45D19E729292B17008A4402 /* StockRank_SBUITestsLaunchTests.swift in Sources */ = {isa = PBXBuildFile; fileRef = D45D19E629292B17008A4402 /* StockRank_SBUITestsLaunchTests.swift */; };
		D45D19F429292B45008A4402 /* StockRankViewController.swift in Sources */ = {isa = PBXBuildFile; fileRef = D45D19F329292B45008A4402 /* StockRankViewController.swift */; };
		D45D19F6292933A3008A4402 /* StockModel.swift in Sources */ = {isa = PBXBuildFile; fileRef = D45D19F5292933A3008A4402 /* StockModel.swift */; };
		D45D19F82929341B008A4402 /* StockRankCollectionViewCell.swift in Sources */ = {isa = PBXBuildFile; fileRef = D45D19F72929341B008A4402 /* StockRankCollectionViewCell.swift */; };
/* End PBXBuildFile section */

/* Begin PBXContainerItemProxy section */
		D45D19D729292B17008A4402 /* PBXContainerItemProxy */ = {
			isa = PBXContainerItemProxy;
			containerPortal = D45D19B829292B15008A4402 /* Project object */;
			proxyType = 1;
			remoteGlobalIDString = D45D19BF29292B15008A4402;
			remoteInfo = "StockRank-SB";
		};
		D45D19E129292B17008A4402 /* PBXContainerItemProxy */ = {
			isa = PBXContainerItemProxy;
			containerPortal = D45D19B829292B15008A4402 /* Project object */;
			proxyType = 1;
			remoteGlobalIDString = D45D19BF29292B15008A4402;
			remoteInfo = "StockRank-SB";
		};
/* End PBXContainerItemProxy section */

/* Begin PBXFileReference section */
		D45D19C029292B15008A4402 /* StockRank-SB.app */ = {isa = PBXFileReference; explicitFileType = wrapper.application; includeInIndex = 0; path = "StockRank-SB.app"; sourceTree = BUILT_PRODUCTS_DIR; };
		D45D19C329292B15008A4402 /* AppDelegate.swift */ = {isa = PBXFileReference; lastKnownFileType = sourcecode.swift; path = AppDelegate.swift; sourceTree = "<group>"; };
		D45D19C529292B15008A4402 /* SceneDelegate.swift */ = {isa = PBXFileReference; lastKnownFileType = sourcecode.swift; path = SceneDelegate.swift; sourceTree = "<group>"; };
		D45D19C729292B15008A4402 /* ViewController.swift */ = {isa = PBXFileReference; lastKnownFileType = sourcecode.swift; path = ViewController.swift; sourceTree = "<group>"; };
		D45D19CA29292B15008A4402 /* Base */ = {isa = PBXFileReference; lastKnownFileType = file.storyboard; name = Base; path = Base.lproj/Main.storyboard; sourceTree = "<group>"; };
		D45D19CC29292B17008A4402 /* Assets.xcassets */ = {isa = PBXFileReference; lastKnownFileType = folder.assetcatalog; path = Assets.xcassets; sourceTree = "<group>"; };
		D45D19CF29292B17008A4402 /* Base */ = {isa = PBXFileReference; lastKnownFileType = file.storyboard; name = Base; path = Base.lproj/LaunchScreen.storyboard; sourceTree = "<group>"; };
		D45D19D129292B17008A4402 /* Info.plist */ = {isa = PBXFileReference; lastKnownFileType = text.plist.xml; path = Info.plist; sourceTree = "<group>"; };
		D45D19D629292B17008A4402 /* StockRank-SBTests.xctest */ = {isa = PBXFileReference; explicitFileType = wrapper.cfbundle; includeInIndex = 0; path = "StockRank-SBTests.xctest"; sourceTree = BUILT_PRODUCTS_DIR; };
		D45D19DA29292B17008A4402 /* StockRank_SBTests.swift */ = {isa = PBXFileReference; lastKnownFileType = sourcecode.swift; path = StockRank_SBTests.swift; sourceTree = "<group>"; };
		D45D19E029292B17008A4402 /* StockRank-SBUITests.xctest */ = {isa = PBXFileReference; explicitFileType = wrapper.cfbundle; includeInIndex = 0; path = "StockRank-SBUITests.xctest"; sourceTree = BUILT_PRODUCTS_DIR; };
		D45D19E429292B17008A4402 /* StockRank_SBUITests.swift */ = {isa = PBXFileReference; lastKnownFileType = sourcecode.swift; path = StockRank_SBUITests.swift; sourceTree = "<group>"; };
		D45D19E629292B17008A4402 /* StockRank_SBUITestsLaunchTests.swift */ = {isa = PBXFileReference; lastKnownFileType = sourcecode.swift; path = StockRank_SBUITestsLaunchTests.swift; sourceTree = "<group>"; };
		D45D19F329292B45008A4402 /* StockRankViewController.swift */ = {isa = PBXFileReference; lastKnownFileType = sourcecode.swift; path = StockRankViewController.swift; sourceTree = "<group>"; };
		D45D19F5292933A3008A4402 /* StockModel.swift */ = {isa = PBXFileReference; lastKnownFileType = sourcecode.swift; path = StockModel.swift; sourceTree = "<group>"; };
		D45D19F72929341B008A4402 /* StockRankCollectionViewCell.swift */ = {isa = PBXFileReference; lastKnownFileType = sourcecode.swift; path = StockRankCollectionViewCell.swift; sourceTree = "<group>"; };
/* End PBXFileReference section */

/* Begin PBXFrameworksBuildPhase section */
		D45D19BD29292B15008A4402 /* Frameworks */ = {
			isa = PBXFrameworksBuildPhase;
			buildActionMask = 2147483647;
			files = (
			);
			runOnlyForDeploymentPostprocessing = 0;
		};
		D45D19D329292B17008A4402 /* Frameworks */ = {
			isa = PBXFrameworksBuildPhase;
			buildActionMask = 2147483647;
			files = (
			);
			runOnlyForDeploymentPostprocessing = 0;
		};
		D45D19DD29292B17008A4402 /* Frameworks */ = {
			isa = PBXFrameworksBuildPhase;
			buildActionMask = 2147483647;
			files = (
			);
			runOnlyForDeploymentPostprocessing = 0;
		};
/* End PBXFrameworksBuildPhase section */

/* Begin PBXGroup section */
		D45D19B729292B15008A4402 = {
			isa = PBXGroup;
			children = (
				D45D19C229292B15008A4402 /* StockRank-SB */,
				D45D19D929292B17008A4402 /* StockRank-SBTests */,
				D45D19E329292B17008A4402 /* StockRank-SBUITests */,
				D45D19C129292B15008A4402 /* Products */,
			);
			sourceTree = "<group>";
		};
		D45D19C129292B15008A4402 /* Products */ = {
			isa = PBXGroup;
			children = (
				D45D19C029292B15008A4402 /* StockRank-SB.app */,
				D45D19D629292B17008A4402 /* StockRank-SBTests.xctest */,
				D45D19E029292B17008A4402 /* StockRank-SBUITests.xctest */,
			);
			name = Products;
			sourceTree = "<group>";
		};
		D45D19C229292B15008A4402 /* StockRank-SB */ = {
			isa = PBXGroup;
			children = (
				D45D19C329292B15008A4402 /* AppDelegate.swift */,
				D45D19C529292B15008A4402 /* SceneDelegate.swift */,
				D45D19C729292B15008A4402 /* ViewController.swift */,
				D45D19F5292933A3008A4402 /* StockModel.swift */,
				D45D19F72929341B008A4402 /* StockRankCollectionViewCell.swift */,
				D45D19F329292B45008A4402 /* StockRankViewController.swift */,
				D45D19C929292B15008A4402 /* Main.storyboard */,
				D45D19CC29292B17008A4402 /* Assets.xcassets */,
				D45D19CE29292B17008A4402 /* LaunchScreen.storyboard */,
				D45D19D129292B17008A4402 /* Info.plist */,
			);
			path = "StockRank-SB";
			sourceTree = "<group>";
		};
		D45D19D929292B17008A4402 /* StockRank-SBTests */ = {
			isa = PBXGroup;
			children = (
				D45D19DA29292B17008A4402 /* StockRank_SBTests.swift */,
			);
			path = "StockRank-SBTests";
			sourceTree = "<group>";
		};
		D45D19E329292B17008A4402 /* StockRank-SBUITests */ = {
			isa = PBXGroup;
			children = (
				D45D19E429292B17008A4402 /* StockRank_SBUITests.swift */,
				D45D19E629292B17008A4402 /* StockRank_SBUITestsLaunchTests.swift */,
			);
			path = "StockRank-SBUITests";
			sourceTree = "<group>";
		};
/* End PBXGroup section */

/* Begin PBXNativeTarget section */
		D45D19BF29292B15008A4402 /* StockRank-SB */ = {
			isa = PBXNativeTarget;
			buildConfigurationList = D45D19EA29292B17008A4402 /* Build configuration list for PBXNativeTarget "StockRank-SB" */;
			buildPhases = (
				D45D19BC29292B15008A4402 /* Sources */,
				D45D19BD29292B15008A4402 /* Frameworks */,
				D45D19BE29292B15008A4402 /* Resources */,
			);
			buildRules = (
			);
			dependencies = (
			);
			name = "StockRank-SB";
			productName = "StockRank-SB";
			productReference = D45D19C029292B15008A4402 /* StockRank-SB.app */;
			productType = "com.apple.product-type.application";
		};
		D45D19D529292B17008A4402 /* StockRank-SBTests */ = {
			isa = PBXNativeTarget;
			buildConfigurationList = D45D19ED29292B17008A4402 /* Build configuration list for PBXNativeTarget "StockRank-SBTests" */;
			buildPhases = (
				D45D19D229292B17008A4402 /* Sources */,
				D45D19D329292B17008A4402 /* Frameworks */,
				D45D19D429292B17008A4402 /* Resources */,
			);
			buildRules = (
			);
			dependencies = (
				D45D19D829292B17008A4402 /* PBXTargetDependency */,
			);
			name = "StockRank-SBTests";
			productName = "StockRank-SBTests";
			productReference = D45D19D629292B17008A4402 /* StockRank-SBTests.xctest */;
			productType = "com.apple.product-type.bundle.unit-test";
		};
		D45D19DF29292B17008A4402 /* StockRank-SBUITests */ = {
			isa = PBXNativeTarget;
			buildConfigurationList = D45D19F029292B17008A4402 /* Build configuration list for PBXNativeTarget "StockRank-SBUITests" */;
			buildPhases = (
				D45D19DC29292B17008A4402 /* Sources */,
				D45D19DD29292B17008A4402 /* Frameworks */,
				D45D19DE29292B17008A4402 /* Resources */,
			);
			buildRules = (
			);
			dependencies = (
				D45D19E229292B17008A4402 /* PBXTargetDependency */,
			);
			name = "StockRank-SBUITests";
			productName = "StockRank-SBUITests";
			productReference = D45D19E029292B17008A4402 /* StockRank-SBUITests.xctest */;
			productType = "com.apple.product-type.bundle.ui-testing";
		};
/* End PBXNativeTarget section */

/* Begin PBXProject section */
		D45D19B829292B15008A4402 /* Project object */ = {
			isa = PBXProject;
			attributes = {
				BuildIndependentTargetsInParallel = 1;
				LastSwiftUpdateCheck = 1410;
				LastUpgradeCheck = 1410;
				TargetAttributes = {
					D45D19BF29292B15008A4402 = {
						CreatedOnToolsVersion = 14.1;
					};
					D45D19D529292B17008A4402 = {
						CreatedOnToolsVersion = 14.1;
						TestTargetID = D45D19BF29292B15008A4402;
					};
					D45D19DF29292B17008A4402 = {
						CreatedOnToolsVersion = 14.1;
						TestTargetID = D45D19BF29292B15008A4402;
					};
				};
			};
			buildConfigurationList = D45D19BB29292B15008A4402 /* Build configuration list for PBXProject "StockRank-SB" */;
			compatibilityVersion = "Xcode 14.0";
			developmentRegion = en;
			hasScannedForEncodings = 0;
			knownRegions = (
				en,
				Base,
			);
			mainGroup = D45D19B729292B15008A4402;
			productRefGroup = D45D19C129292B15008A4402 /* Products */;
			projectDirPath = "";
			projectRoot = "";
			targets = (
				D45D19BF29292B15008A4402 /* StockRank-SB */,
				D45D19D529292B17008A4402 /* StockRank-SBTests */,
				D45D19DF29292B17008A4402 /* StockRank-SBUITests */,
			);
		};
/* End PBXProject section */

/* Begin PBXResourcesBuildPhase section */
		D45D19BE29292B15008A4402 /* Resources */ = {
			isa = PBXResourcesBuildPhase;
			buildActionMask = 2147483647;
			files = (
				D45D19D029292B17008A4402 /* LaunchScreen.storyboard in Resources */,
				D45D19CD29292B17008A4402 /* Assets.xcassets in Resources */,
				D45D19CB29292B15008A4402 /* Main.storyboard in Resources */,
			);
			runOnlyForDeploymentPostprocessing = 0;
		};
		D45D19D429292B17008A4402 /* Resources */ = {
			isa = PBXResourcesBuildPhase;
			buildActionMask = 2147483647;
			files = (
			);
			runOnlyForDeploymentPostprocessing = 0;
		};
		D45D19DE29292B17008A4402 /* Resources */ = {
			isa = PBXResourcesBuildPhase;
			buildActionMask = 2147483647;
			files = (
			);
			runOnlyForDeploymentPostprocessing = 0;
		};
/* End PBXResourcesBuildPhase section */

/* Begin PBXSourcesBuildPhase section */
		D45D19BC29292B15008A4402 /* Sources */ = {
			isa = PBXSourcesBuildPhase;
			buildActionMask = 2147483647;
			files = (
				D45D19C829292B15008A4402 /* ViewController.swift in Sources */,
				D45D19F6292933A3008A4402 /* StockModel.swift in Sources */,
				D45D19C429292B15008A4402 /* AppDelegate.swift in Sources */,
				D45D19F82929341B008A4402 /* StockRankCollectionViewCell.swift in Sources */,
				D45D19C629292B15008A4402 /* SceneDelegate.swift in Sources */,
				D45D19F429292B45008A4402 /* StockRankViewController.swift in Sources */,
			);
			runOnlyForDeploymentPostprocessing = 0;
		};
		D45D19D229292B17008A4402 /* Sources */ = {
			isa = PBXSourcesBuildPhase;
			buildActionMask = 2147483647;
			files = (
				D45D19DB29292B17008A4402 /* StockRank_SBTests.swift in Sources */,
			);
			runOnlyForDeploymentPostprocessing = 0;
		};
		D45D19DC29292B17008A4402 /* Sources */ = {
			isa = PBXSourcesBuildPhase;
			buildActionMask = 2147483647;
			files = (
				D45D19E729292B17008A4402 /* StockRank_SBUITestsLaunchTests.swift in Sources */,
				D45D19E529292B17008A4402 /* StockRank_SBUITests.swift in Sources */,
			);
			runOnlyForDeploymentPostprocessing = 0;
		};
/* End PBXSourcesBuildPhase section */

/* Begin PBXTargetDependency section */
		D45D19D829292B17008A4402 /* PBXTargetDependency */ = {
			isa = PBXTargetDependency;
			target = D45D19BF29292B15008A4402 /* StockRank-SB */;
			targetProxy = D45D19D729292B17008A4402 /* PBXContainerItemProxy */;
		};
		D45D19E229292B17008A4402 /* PBXTargetDependency */ = {
			isa = PBXTargetDependency;
			target = D45D19BF29292B15008A4402 /* StockRank-SB */;
			targetProxy = D45D19E129292B17008A4402 /* PBXContainerItemProxy */;
		};
/* End PBXTargetDependency section */

/* Begin PBXVariantGroup section */
		D45D19C929292B15008A4402 /* Main.storyboard */ = {
			isa = PBXVariantGroup;
			children = (
				D45D19CA29292B15008A4402 /* Base */,
			);
			name = Main.storyboard;
			sourceTree = "<group>";
		};
		D45D19CE29292B17008A4402 /* LaunchScreen.storyboard */ = {
			isa = PBXVariantGroup;
			children = (
				D45D19CF29292B17008A4402 /* Base */,
			);
			name = LaunchScreen.storyboard;
			sourceTree = "<group>";
		};
/* End PBXVariantGroup section */

/* Begin XCBuildConfiguration section */
		D45D19E829292B17008A4402 /* Debug */ = {
			isa = XCBuildConfiguration;
			buildSettings = {
				ALWAYS_SEARCH_USER_PATHS = NO;
				CLANG_ANALYZER_NONNULL = YES;
				CLANG_ANALYZER_NUMBER_OBJECT_CONVERSION = YES_AGGRESSIVE;
				CLANG_CXX_LANGUAGE_STANDARD = "gnu++20";
				CLANG_ENABLE_MODULES = YES;
				CLANG_ENABLE_OBJC_ARC = YES;
				CLANG_ENABLE_OBJC_WEAK = YES;
				CLANG_WARN_BLOCK_CAPTURE_AUTORELEASING = YES;
				CLANG_WARN_BOOL_CONVERSION = YES;
				CLANG_WARN_COMMA = YES;
				CLANG_WARN_CONSTANT_CONVERSION = YES;
				CLANG_WARN_DEPRECATED_OBJC_IMPLEMENTATIONS = YES;
				CLANG_WARN_DIRECT_OBJC_ISA_USAGE = YES_ERROR;
				CLANG_WARN_DOCUMENTATION_COMMENTS = YES;
				CLANG_WARN_EMPTY_BODY = YES;
				CLANG_WARN_ENUM_CONVERSION = YES;
				CLANG_WARN_INFINITE_RECURSION = YES;
				CLANG_WARN_INT_CONVERSION = YES;
				CLANG_WARN_NON_LITERAL_NULL_CONVERSION = YES;
				CLANG_WARN_OBJC_IMPLICIT_RETAIN_SELF = YES;
				CLANG_WARN_OBJC_LITERAL_CONVERSION = YES;
				CLANG_WARN_OBJC_ROOT_CLASS = YES_ERROR;
				CLANG_WARN_QUOTED_INCLUDE_IN_FRAMEWORK_HEADER = YES;
				CLANG_WARN_RANGE_LOOP_ANALYSIS = YES;
				CLANG_WARN_STRICT_PROTOTYPES = YES;
				CLANG_WARN_SUSPICIOUS_MOVE = YES;
				CLANG_WARN_UNGUARDED_AVAILABILITY = YES_AGGRESSIVE;
				CLANG_WARN_UNREACHABLE_CODE = YES;
				CLANG_WARN__DUPLICATE_METHOD_MATCH = YES;
				COPY_PHASE_STRIP = NO;
				DEBUG_INFORMATION_FORMAT = dwarf;
				ENABLE_STRICT_OBJC_MSGSEND = YES;
				ENABLE_TESTABILITY = YES;
				GCC_C_LANGUAGE_STANDARD = gnu11;
				GCC_DYNAMIC_NO_PIC = NO;
				GCC_NO_COMMON_BLOCKS = YES;
				GCC_OPTIMIZATION_LEVEL = 0;
				GCC_PREPROCESSOR_DEFINITIONS = (
					"DEBUG=1",
					"$(inherited)",
				);
				GCC_WARN_64_TO_32_BIT_CONVERSION = YES;
				GCC_WARN_ABOUT_RETURN_TYPE = YES_ERROR;
				GCC_WARN_UNDECLARED_SELECTOR = YES;
				GCC_WARN_UNINITIALIZED_AUTOS = YES_AGGRESSIVE;
				GCC_WARN_UNUSED_FUNCTION = YES;
				GCC_WARN_UNUSED_VARIABLE = YES;
				IPHONEOS_DEPLOYMENT_TARGET = 16.1;
				MTL_ENABLE_DEBUG_INFO = INCLUDE_SOURCE;
				MTL_FAST_MATH = YES;
				ONLY_ACTIVE_ARCH = YES;
				SDKROOT = iphoneos;
				SWIFT_ACTIVE_COMPILATION_CONDITIONS = DEBUG;
				SWIFT_OPTIMIZATION_LEVEL = "-Onone";
			};
			name = Debug;
		};
		D45D19E929292B17008A4402 /* Release */ = {
			isa = XCBuildConfiguration;
			buildSettings = {
				ALWAYS_SEARCH_USER_PATHS = NO;
				CLANG_ANALYZER_NONNULL = YES;
				CLANG_ANALYZER_NUMBER_OBJECT_CONVERSION = YES_AGGRESSIVE;
				CLANG_CXX_LANGUAGE_STANDARD = "gnu++20";
				CLANG_ENABLE_MODULES = YES;
				CLANG_ENABLE_OBJC_ARC = YES;
				CLANG_ENABLE_OBJC_WEAK = YES;
				CLANG_WARN_BLOCK_CAPTURE_AUTORELEASING = YES;
				CLANG_WARN_BOOL_CONVERSION = YES;
				CLANG_WARN_COMMA = YES;
				CLANG_WARN_CONSTANT_CONVERSION = YES;
				CLANG_WARN_DEPRECATED_OBJC_IMPLEMENTATIONS = YES;
				CLANG_WARN_DIRECT_OBJC_ISA_USAGE = YES_ERROR;
				CLANG_WARN_DOCUMENTATION_COMMENTS = YES;
				CLANG_WARN_EMPTY_BODY = YES;
				CLANG_WARN_ENUM_CONVERSION = YES;
				CLANG_WARN_INFINITE_RECURSION = YES;
				CLANG_WARN_INT_CONVERSION = YES;
				CLANG_WARN_NON_LITERAL_NULL_CONVERSION = YES;
				CLANG_WARN_OBJC_IMPLICIT_RETAIN_SELF = YES;
				CLANG_WARN_OBJC_LITERAL_CONVERSION = YES;
				CLANG_WARN_OBJC_ROOT_CLASS = YES_ERROR;
				CLANG_WARN_QUOTED_INCLUDE_IN_FRAMEWORK_HEADER = YES;
				CLANG_WARN_RANGE_LOOP_ANALYSIS = YES;
				CLANG_WARN_STRICT_PROTOTYPES = YES;
				CLANG_WARN_SUSPICIOUS_MOVE = YES;
				CLANG_WARN_UNGUARDED_AVAILABILITY = YES_AGGRESSIVE;
				CLANG_WARN_UNREACHABLE_CODE = YES;
				CLANG_WARN__DUPLICATE_METHOD_MATCH = YES;
				COPY_PHASE_STRIP = NO;
				DEBUG_INFORMATION_FORMAT = "dwarf-with-dsym";
				ENABLE_NS_ASSERTIONS = NO;
				ENABLE_STRICT_OBJC_MSGSEND = YES;
				GCC_C_LANGUAGE_STANDARD = gnu11;
				GCC_NO_COMMON_BLOCKS = YES;
				GCC_WARN_64_TO_32_BIT_CONVERSION = YES;
				GCC_WARN_ABOUT_RETURN_TYPE = YES_ERROR;
				GCC_WARN_UNDECLARED_SELECTOR = YES;
				GCC_WARN_UNINITIALIZED_AUTOS = YES_AGGRESSIVE;
				GCC_WARN_UNUSED_FUNCTION = YES;
				GCC_WARN_UNUSED_VARIABLE = YES;
				IPHONEOS_DEPLOYMENT_TARGET = 16.1;
				MTL_ENABLE_DEBUG_INFO = NO;
				MTL_FAST_MATH = YES;
				SDKROOT = iphoneos;
				SWIFT_COMPILATION_MODE = wholemodule;
				SWIFT_OPTIMIZATION_LEVEL = "-O";
				VALIDATE_PRODUCT = YES;
			};
			name = Release;
		};
		D45D19EB29292B17008A4402 /* Debug */ = {
			isa = XCBuildConfiguration;
			buildSettings = {
				ASSETCATALOG_COMPILER_APPICON_NAME = AppIcon;
				ASSETCATALOG_COMPILER_GLOBAL_ACCENT_COLOR_NAME = AccentColor;
				CODE_SIGN_STYLE = Automatic;
				CURRENT_PROJECT_VERSION = 1;
				DEVELOPMENT_TEAM = 6XVG78PFQ7;
				GENERATE_INFOPLIST_FILE = YES;
				INFOPLIST_FILE = "StockRank-SB/Info.plist";
				INFOPLIST_KEY_UIApplicationSupportsIndirectInputEvents = YES;
				INFOPLIST_KEY_UILaunchStoryboardName = LaunchScreen;
				INFOPLIST_KEY_UIMainStoryboardFile = Main;
				INFOPLIST_KEY_UISupportedInterfaceOrientations_iPad = "UIInterfaceOrientationPortrait UIInterfaceOrientationPortraitUpsideDown UIInterfaceOrientationLandscapeLeft UIInterfaceOrientationLandscapeRight";
				INFOPLIST_KEY_UISupportedInterfaceOrientations_iPhone = "UIInterfaceOrientationPortrait UIInterfaceOrientationLandscapeLeft UIInterfaceOrientationLandscapeRight";
				LD_RUNPATH_SEARCH_PATHS = (
					"$(inherited)",
					"@executable_path/Frameworks",
				);
				MARKETING_VERSION = 1.0;
				PRODUCT_BUNDLE_IDENTIFIER = "com.idghst.StockRank-SB";
				PRODUCT_NAME = "$(TARGET_NAME)";
				SWIFT_EMIT_LOC_STRINGS = YES;
				SWIFT_VERSION = 5.0;
				TARGETED_DEVICE_FAMILY = "1,2";
			};
			name = Debug;
		};
		D45D19EC29292B17008A4402 /* Release */ = {
			isa = XCBuildConfiguration;
			buildSettings = {
				ASSETCATALOG_COMPILER_APPICON_NAME = AppIcon;
				ASSETCATALOG_COMPILER_GLOBAL_ACCENT_COLOR_NAME = AccentColor;
				CODE_SIGN_STYLE = Automatic;
				CURRENT_PROJECT_VERSION = 1;
				DEVELOPMENT_TEAM = 6XVG78PFQ7;
				GENERATE_INFOPLIST_FILE = YES;
				INFOPLIST_FILE = "StockRank-SB/Info.plist";
				INFOPLIST_KEY_UIApplicationSupportsIndirectInputEvents = YES;
				INFOPLIST_KEY_UILaunchStoryboardName = LaunchScreen;
				INFOPLIST_KEY_UIMainStoryboardFile = Main;
				INFOPLIST_KEY_UISupportedInterfaceOrientations_iPad = "UIInterfaceOrientationPortrait UIInterfaceOrientationPortraitUpsideDown UIInterfaceOrientationLandscapeLeft UIInterfaceOrientationLandscapeRight";
				INFOPLIST_KEY_UISupportedInterfaceOrientations_iPhone = "UIInterfaceOrientationPortrait UIInterfaceOrientationLandscapeLeft UIInterfaceOrientationLandscapeRight";
				LD_RUNPATH_SEARCH_PATHS = (
					"$(inherited)",
					"@executable_path/Frameworks",
				);
				MARKETING_VERSION = 1.0;
				PRODUCT_BUNDLE_IDENTIFIER = "com.idghst.StockRank-SB";
				PRODUCT_NAME = "$(TARGET_NAME)";
				SWIFT_EMIT_LOC_STRINGS = YES;
				SWIFT_VERSION = 5.0;
				TARGETED_DEVICE_FAMILY = "1,2";
			};
			name = Release;
		};
		D45D19EE29292B17008A4402 /* Debug */ = {
			isa = XCBuildConfiguration;
			buildSettings = {
				ALWAYS_EMBED_SWIFT_STANDARD_LIBRARIES = YES;
				BUNDLE_LOADER = "$(TEST_HOST)";
				CODE_SIGN_STYLE = Automatic;
				CURRENT_PROJECT_VERSION = 1;
				DEVELOPMENT_TEAM = 6XVG78PFQ7;
				GENERATE_INFOPLIST_FILE = YES;
				IPHONEOS_DEPLOYMENT_TARGET = 16.1;
				MARKETING_VERSION = 1.0;
				PRODUCT_BUNDLE_IDENTIFIER = "com.idghst.StockRank-SBTests";
				PRODUCT_NAME = "$(TARGET_NAME)";
				SWIFT_EMIT_LOC_STRINGS = NO;
				SWIFT_VERSION = 5.0;
				TARGETED_DEVICE_FAMILY = "1,2";
				TEST_HOST = "$(BUILT_PRODUCTS_DIR)/StockRank-SB.app/$(BUNDLE_EXECUTABLE_FOLDER_PATH)/StockRank-SB";
			};
			name = Debug;
		};
		D45D19EF29292B17008A4402 /* Release */ = {
			isa = XCBuildConfiguration;
			buildSettings = {
				ALWAYS_EMBED_SWIFT_STANDARD_LIBRARIES = YES;
				BUNDLE_LOADER = "$(TEST_HOST)";
				CODE_SIGN_STYLE = Automatic;
				CURRENT_PROJECT_VERSION = 1;
				DEVELOPMENT_TEAM = 6XVG78PFQ7;
				GENERATE_INFOPLIST_FILE = YES;
				IPHONEOS_DEPLOYMENT_TARGET = 16.1;
				MARKETING_VERSION = 1.0;
				PRODUCT_BUNDLE_IDENTIFIER = "com.idghst.StockRank-SBTests";
				PRODUCT_NAME = "$(TARGET_NAME)";
				SWIFT_EMIT_LOC_STRINGS = NO;
				SWIFT_VERSION = 5.0;
				TARGETED_DEVICE_FAMILY = "1,2";
				TEST_HOST = "$(BUILT_PRODUCTS_DIR)/StockRank-SB.app/$(BUNDLE_EXECUTABLE_FOLDER_PATH)/StockRank-SB";
			};
			name = Release;
		};
		D45D19F129292B17008A4402 /* Debug */ = {
			isa = XCBuildConfiguration;
			buildSettings = {
				ALWAYS_EMBED_SWIFT_STANDARD_LIBRARIES = YES;
				CODE_SIGN_STYLE = Automatic;
				CURRENT_PROJECT_VERSION = 1;
				DEVELOPMENT_TEAM = 6XVG78PFQ7;
				GENERATE_INFOPLIST_FILE = YES;
				MARKETING_VERSION = 1.0;
				PRODUCT_BUNDLE_IDENTIFIER = "com.idghst.StockRank-SBUITests";
				PRODUCT_NAME = "$(TARGET_NAME)";
				SWIFT_EMIT_LOC_STRINGS = NO;
				SWIFT_VERSION = 5.0;
				TARGETED_DEVICE_FAMILY = "1,2";
				TEST_TARGET_NAME = "StockRank-SB";
			};
			name = Debug;
		};
		D45D19F229292B17008A4402 /* Release */ = {
			isa = XCBuildConfiguration;
			buildSettings = {
				ALWAYS_EMBED_SWIFT_STANDARD_LIBRARIES = YES;
				CODE_SIGN_STYLE = Automatic;
				CURRENT_PROJECT_VERSION = 1;
				DEVELOPMENT_TEAM = 6XVG78PFQ7;
				GENERATE_INFOPLIST_FILE = YES;
				MARKETING_VERSION = 1.0;
				PRODUCT_BUNDLE_IDENTIFIER = "com.idghst.StockRank-SBUITests";
				PRODUCT_NAME = "$(TARGET_NAME)";
				SWIFT_EMIT_LOC_STRINGS = NO;
				SWIFT_VERSION = 5.0;
				TARGETED_DEVICE_FAMILY = "1,2";
				TEST_TARGET_NAME = "StockRank-SB";
			};
			name = Release;
		};
/* End XCBuildConfiguration section */

/* Begin XCConfigurationList section */
		D45D19BB29292B15008A4402 /* Build configuration list for PBXProject "StockRank-SB" */ = {
			isa = XCConfigurationList;
			buildConfigurations = (
				D45D19E829292B17008A4402 /* Debug */,
				D45D19E929292B17008A4402 /* Release */,
			);
			defaultConfigurationIsVisible = 0;
			defaultConfigurationName = Release;
		};
		D45D19EA29292B17008A4402 /* Build configuration list for PBXNativeTarget "StockRank-SB" */ = {
			isa = XCConfigurationList;
			buildConfigurations = (
				D45D19EB29292B17008A4402 /* Debug */,
				D45D19EC29292B17008A4402 /* Release */,
			);
			defaultConfigurationIsVisible = 0;
			defaultConfigurationName = Release;
		};
		D45D19ED29292B17008A4402 /* Build configuration list for PBXNativeTarget "StockRank-SBTests" */ = {
			isa = XCConfigurationList;
			buildConfigurations = (
				D45D19EE29292B17008A4402 /* Debug */,
				D45D19EF29292B17008A4402 /* Release */,
			);
			defaultConfigurationIsVisible = 0;
			defaultConfigurationName = Release;
		};
		D45D19F029292B17008A4402 /* Build configuration list for PBXNativeTarget "StockRank-SBUITests" */ = {
			isa = XCConfigurationList;
			buildConfigurations = (
				D45D19F129292B17008A4402 /* Debug */,
				D45D19F229292B17008A4402 /* Release */,
			);
			defaultConfigurationIsVisible = 0;
			defaultConfigurationName = Release;
		};
/* End XCConfigurationList section */
	};
	rootObject = D45D19B829292B15008A4402 /* Project object */;
}
