// !$*UTF8*$!
{
	archiveVersion = 1;
	classes = {
	};
	objectVersion = 56;
	objects = {

/* Begin PBXBuildFile section */
		F4F9BC902972774D004781B6 /* AppDelegate.swift in Sources */ = {isa = PBXBuildFile; fileRef = F4F9BC8F2972774D004781B6 /* AppDelegate.swift */; };
		F4F9BC922972774D004781B6 /* SceneDelegate.swift in Sources */ = {isa = PBXBuildFile; fileRef = F4F9BC912972774D004781B6 /* SceneDelegate.swift */; };
		F4F9BC972972774D004781B6 /* Main.storyboard in Resources */ = {isa = PBXBuildFile; fileRef = F4F9BC952972774D004781B6 /* Main.storyboard */; };
		F4F9BC992972774D004781B6 /* Assets.xcassets in Resources */ = {isa = PBXBuildFile; fileRef = F4F9BC982972774D004781B6 /* Assets.xcassets */; };
		F4F9BC9C2972774D004781B6 /* LaunchScreen.storyboard in Resources */ = {isa = PBXBuildFile; fileRef = F4F9BC9A2972774D004781B6 /* LaunchScreen.storyboard */; };
		F4F9BCA72972774D004781B6 /* SpotifyPaywall_SBTests.swift in Sources */ = {isa = PBXBuildFile; fileRef = F4F9BCA62972774D004781B6 /* SpotifyPaywall_SBTests.swift */; };
		F4F9BCB12972774D004781B6 /* SpotifyPaywall_SBUITests.swift in Sources */ = {isa = PBXBuildFile; fileRef = F4F9BCB02972774D004781B6 /* SpotifyPaywall_SBUITests.swift */; };
		F4F9BCB32972774D004781B6 /* SpotifyPaywall_SBUITestsLaunchTests.swift in Sources */ = {isa = PBXBuildFile; fileRef = F4F9BCB22972774D004781B6 /* SpotifyPaywall_SBUITestsLaunchTests.swift */; };
		F4F9BCC0297280D3004781B6 /* SpotifyPaywallViewController.swift in Sources */ = {isa = PBXBuildFile; fileRef = F4F9BCBF297280D3004781B6 /* SpotifyPaywallViewController.swift */; };
		F4F9BCC2297280E9004781B6 /* SpotifyPaywallCollectionViewCell.swift in Sources */ = {isa = PBXBuildFile; fileRef = F4F9BCC1297280E9004781B6 /* SpotifyPaywallCollectionViewCell.swift */; };
		F4F9BCC429728224004781B6 /* BannerInfo.swift in Sources */ = {isa = PBXBuildFile; fileRef = F4F9BCC329728224004781B6 /* BannerInfo.swift */; };
/* End PBXBuildFile section */

/* Begin PBXContainerItemProxy section */
		F4F9BCA32972774D004781B6 /* PBXContainerItemProxy */ = {
			isa = PBXContainerItemProxy;
			containerPortal = F4F9BC842972774C004781B6 /* Project object */;
			proxyType = 1;
			remoteGlobalIDString = F4F9BC8B2972774D004781B6;
			remoteInfo = "SpotifyPaywall-SB";
		};
		F4F9BCAD2972774D004781B6 /* PBXContainerItemProxy */ = {
			isa = PBXContainerItemProxy;
			containerPortal = F4F9BC842972774C004781B6 /* Project object */;
			proxyType = 1;
			remoteGlobalIDString = F4F9BC8B2972774D004781B6;
			remoteInfo = "SpotifyPaywall-SB";
		};
/* End PBXContainerItemProxy section */

/* Begin PBXFileReference section */
		F4F9BC8C2972774D004781B6 /* SpotifyPaywall-SB.app */ = {isa = PBXFileReference; explicitFileType = wrapper.application; includeInIndex = 0; path = "SpotifyPaywall-SB.app"; sourceTree = BUILT_PRODUCTS_DIR; };
		F4F9BC8F2972774D004781B6 /* AppDelegate.swift */ = {isa = PBXFileReference; lastKnownFileType = sourcecode.swift; path = AppDelegate.swift; sourceTree = "<group>"; };
		F4F9BC912972774D004781B6 /* SceneDelegate.swift */ = {isa = PBXFileReference; lastKnownFileType = sourcecode.swift; path = SceneDelegate.swift; sourceTree = "<group>"; };
		F4F9BC962972774D004781B6 /* Base */ = {isa = PBXFileReference; lastKnownFileType = file.storyboard; name = Base; path = Base.lproj/Main.storyboard; sourceTree = "<group>"; };
		F4F9BC982972774D004781B6 /* Assets.xcassets */ = {isa = PBXFileReference; lastKnownFileType = folder.assetcatalog; path = Assets.xcassets; sourceTree = "<group>"; };
		F4F9BC9B2972774D004781B6 /* Base */ = {isa = PBXFileReference; lastKnownFileType = file.storyboard; name = Base; path = Base.lproj/LaunchScreen.storyboard; sourceTree = "<group>"; };
		F4F9BC9D2972774D004781B6 /* Info.plist */ = {isa = PBXFileReference; lastKnownFileType = text.plist.xml; path = Info.plist; sourceTree = "<group>"; };
		F4F9BCA22972774D004781B6 /* SpotifyPaywall-SBTests.xctest */ = {isa = PBXFileReference; explicitFileType = wrapper.cfbundle; includeInIndex = 0; path = "SpotifyPaywall-SBTests.xctest"; sourceTree = BUILT_PRODUCTS_DIR; };
		F4F9BCA62972774D004781B6 /* SpotifyPaywall_SBTests.swift */ = {isa = PBXFileReference; lastKnownFileType = sourcecode.swift; path = SpotifyPaywall_SBTests.swift; sourceTree = "<group>"; };
		F4F9BCAC2972774D004781B6 /* SpotifyPaywall-SBUITests.xctest */ = {isa = PBXFileReference; explicitFileType = wrapper.cfbundle; includeInIndex = 0; path = "SpotifyPaywall-SBUITests.xctest"; sourceTree = BUILT_PRODUCTS_DIR; };
		F4F9BCB02972774D004781B6 /* SpotifyPaywall_SBUITests.swift */ = {isa = PBXFileReference; lastKnownFileType = sourcecode.swift; path = SpotifyPaywall_SBUITests.swift; sourceTree = "<group>"; };
		F4F9BCB22972774D004781B6 /* SpotifyPaywall_SBUITestsLaunchTests.swift */ = {isa = PBXFileReference; lastKnownFileType = sourcecode.swift; path = SpotifyPaywall_SBUITestsLaunchTests.swift; sourceTree = "<group>"; };
		F4F9BCBF297280D3004781B6 /* SpotifyPaywallViewController.swift */ = {isa = PBXFileReference; lastKnownFileType = sourcecode.swift; path = SpotifyPaywallViewController.swift; sourceTree = "<group>"; };
		F4F9BCC1297280E9004781B6 /* SpotifyPaywallCollectionViewCell.swift */ = {isa = PBXFileReference; lastKnownFileType = sourcecode.swift; path = SpotifyPaywallCollectionViewCell.swift; sourceTree = "<group>"; };
		F4F9BCC329728224004781B6 /* BannerInfo.swift */ = {isa = PBXFileReference; lastKnownFileType = sourcecode.swift; path = BannerInfo.swift; sourceTree = "<group>"; };
/* End PBXFileReference section */

/* Begin PBXFrameworksBuildPhase section */
		F4F9BC892972774D004781B6 /* Frameworks */ = {
			isa = PBXFrameworksBuildPhase;
			buildActionMask = 2147483647;
			files = (
			);
			runOnlyForDeploymentPostprocessing = 0;
		};
		F4F9BC9F2972774D004781B6 /* Frameworks */ = {
			isa = PBXFrameworksBuildPhase;
			buildActionMask = 2147483647;
			files = (
			);
			runOnlyForDeploymentPostprocessing = 0;
		};
		F4F9BCA92972774D004781B6 /* Frameworks */ = {
			isa = PBXFrameworksBuildPhase;
			buildActionMask = 2147483647;
			files = (
			);
			runOnlyForDeploymentPostprocessing = 0;
		};
/* End PBXFrameworksBuildPhase section */

/* Begin PBXGroup section */
		F4F9BC832972774C004781B6 = {
			isa = PBXGroup;
			children = (
				F4F9BC8E2972774D004781B6 /* SpotifyPaywall-SB */,
				F4F9BCA52972774D004781B6 /* SpotifyPaywall-SBTests */,
				F4F9BCAF2972774D004781B6 /* SpotifyPaywall-SBUITests */,
				F4F9BC8D2972774D004781B6 /* Products */,
			);
			sourceTree = "<group>";
		};
		F4F9BC8D2972774D004781B6 /* Products */ = {
			isa = PBXGroup;
			children = (
				F4F9BC8C2972774D004781B6 /* SpotifyPaywall-SB.app */,
				F4F9BCA22972774D004781B6 /* SpotifyPaywall-SBTests.xctest */,
				F4F9BCAC2972774D004781B6 /* SpotifyPaywall-SBUITests.xctest */,
			);
			name = Products;
			sourceTree = "<group>";
		};
		F4F9BC8E2972774D004781B6 /* SpotifyPaywall-SB */ = {
			isa = PBXGroup;
			children = (
				F4F9BC8F2972774D004781B6 /* AppDelegate.swift */,
				F4F9BC912972774D004781B6 /* SceneDelegate.swift */,
				F4F9BCC329728224004781B6 /* BannerInfo.swift */,
				F4F9BCBF297280D3004781B6 /* SpotifyPaywallViewController.swift */,
				F4F9BCC1297280E9004781B6 /* SpotifyPaywallCollectionViewCell.swift */,
				F4F9BC952972774D004781B6 /* Main.storyboard */,
				F4F9BC982972774D004781B6 /* Assets.xcassets */,
				F4F9BC9A2972774D004781B6 /* LaunchScreen.storyboard */,
				F4F9BC9D2972774D004781B6 /* Info.plist */,
			);
			path = "SpotifyPaywall-SB";
			sourceTree = "<group>";
		};
		F4F9BCA52972774D004781B6 /* SpotifyPaywall-SBTests */ = {
			isa = PBXGroup;
			children = (
				F4F9BCA62972774D004781B6 /* SpotifyPaywall_SBTests.swift */,
			);
			path = "SpotifyPaywall-SBTests";
			sourceTree = "<group>";
		};
		F4F9BCAF2972774D004781B6 /* SpotifyPaywall-SBUITests */ = {
			isa = PBXGroup;
			children = (
				F4F9BCB02972774D004781B6 /* SpotifyPaywall_SBUITests.swift */,
				F4F9BCB22972774D004781B6 /* SpotifyPaywall_SBUITestsLaunchTests.swift */,
			);
			path = "SpotifyPaywall-SBUITests";
			sourceTree = "<group>";
		};
/* End PBXGroup section */

/* Begin PBXNativeTarget section */
		F4F9BC8B2972774D004781B6 /* SpotifyPaywall-SB */ = {
			isa = PBXNativeTarget;
			buildConfigurationList = F4F9BCB62972774D004781B6 /* Build configuration list for PBXNativeTarget "SpotifyPaywall-SB" */;
			buildPhases = (
				F4F9BC882972774D004781B6 /* Sources */,
				F4F9BC892972774D004781B6 /* Frameworks */,
				F4F9BC8A2972774D004781B6 /* Resources */,
			);
			buildRules = (
			);
			dependencies = (
			);
			name = "SpotifyPaywall-SB";
			productName = "SpotifyPaywall-SB";
			productReference = F4F9BC8C2972774D004781B6 /* SpotifyPaywall-SB.app */;
			productType = "com.apple.product-type.application";
		};
		F4F9BCA12972774D004781B6 /* SpotifyPaywall-SBTests */ = {
			isa = PBXNativeTarget;
			buildConfigurationList = F4F9BCB92972774D004781B6 /* Build configuration list for PBXNativeTarget "SpotifyPaywall-SBTests" */;
			buildPhases = (
				F4F9BC9E2972774D004781B6 /* Sources */,
				F4F9BC9F2972774D004781B6 /* Frameworks */,
				F4F9BCA02972774D004781B6 /* Resources */,
			);
			buildRules = (
			);
			dependencies = (
				F4F9BCA42972774D004781B6 /* PBXTargetDependency */,
			);
			name = "SpotifyPaywall-SBTests";
			productName = "SpotifyPaywall-SBTests";
			productReference = F4F9BCA22972774D004781B6 /* SpotifyPaywall-SBTests.xctest */;
			productType = "com.apple.product-type.bundle.unit-test";
		};
		F4F9BCAB2972774D004781B6 /* SpotifyPaywall-SBUITests */ = {
			isa = PBXNativeTarget;
			buildConfigurationList = F4F9BCBC2972774D004781B6 /* Build configuration list for PBXNativeTarget "SpotifyPaywall-SBUITests" */;
			buildPhases = (
				F4F9BCA82972774D004781B6 /* Sources */,
				F4F9BCA92972774D004781B6 /* Frameworks */,
				F4F9BCAA2972774D004781B6 /* Resources */,
			);
			buildRules = (
			);
			dependencies = (
				F4F9BCAE2972774D004781B6 /* PBXTargetDependency */,
			);
			name = "SpotifyPaywall-SBUITests";
			productName = "SpotifyPaywall-SBUITests";
			productReference = F4F9BCAC2972774D004781B6 /* SpotifyPaywall-SBUITests.xctest */;
			productType = "com.apple.product-type.bundle.ui-testing";
		};
/* End PBXNativeTarget section */

/* Begin PBXProject section */
		F4F9BC842972774C004781B6 /* Project object */ = {
			isa = PBXProject;
			attributes = {
				BuildIndependentTargetsInParallel = 1;
				LastSwiftUpdateCheck = 1420;
				LastUpgradeCheck = 1420;
				TargetAttributes = {
					F4F9BC8B2972774D004781B6 = {
						CreatedOnToolsVersion = 14.2;
					};
					F4F9BCA12972774D004781B6 = {
						CreatedOnToolsVersion = 14.2;
						TestTargetID = F4F9BC8B2972774D004781B6;
					};
					F4F9BCAB2972774D004781B6 = {
						CreatedOnToolsVersion = 14.2;
						TestTargetID = F4F9BC8B2972774D004781B6;
					};
				};
			};
			buildConfigurationList = F4F9BC872972774C004781B6 /* Build configuration list for PBXProject "SpotifyPaywall-SB" */;
			compatibilityVersion = "Xcode 14.0";
			developmentRegion = en;
			hasScannedForEncodings = 0;
			knownRegions = (
				en,
				Base,
			);
			mainGroup = F4F9BC832972774C004781B6;
			productRefGroup = F4F9BC8D2972774D004781B6 /* Products */;
			projectDirPath = "";
			projectRoot = "";
			targets = (
				F4F9BC8B2972774D004781B6 /* SpotifyPaywall-SB */,
				F4F9BCA12972774D004781B6 /* SpotifyPaywall-SBTests */,
				F4F9BCAB2972774D004781B6 /* SpotifyPaywall-SBUITests */,
			);
		};
/* End PBXProject section */

/* Begin PBXResourcesBuildPhase section */
		F4F9BC8A2972774D004781B6 /* Resources */ = {
			isa = PBXResourcesBuildPhase;
			buildActionMask = 2147483647;
			files = (
				F4F9BC9C2972774D004781B6 /* LaunchScreen.storyboard in Resources */,
				F4F9BC992972774D004781B6 /* Assets.xcassets in Resources */,
				F4F9BC972972774D004781B6 /* Main.storyboard in Resources */,
			);
			runOnlyForDeploymentPostprocessing = 0;
		};
		F4F9BCA02972774D004781B6 /* Resources */ = {
			isa = PBXResourcesBuildPhase;
			buildActionMask = 2147483647;
			files = (
			);
			runOnlyForDeploymentPostprocessing = 0;
		};
		F4F9BCAA2972774D004781B6 /* Resources */ = {
			isa = PBXResourcesBuildPhase;
			buildActionMask = 2147483647;
			files = (
			);
			runOnlyForDeploymentPostprocessing = 0;
		};
/* End PBXResourcesBuildPhase section */

/* Begin PBXSourcesBuildPhase section */
		F4F9BC882972774D004781B6 /* Sources */ = {
			isa = PBXSourcesBuildPhase;
			buildActionMask = 2147483647;
			files = (
				F4F9BCC2297280E9004781B6 /* SpotifyPaywallCollectionViewCell.swift in Sources */,
				F4F9BCC0297280D3004781B6 /* SpotifyPaywallViewController.swift in Sources */,
				F4F9BCC429728224004781B6 /* BannerInfo.swift in Sources */,
				F4F9BC902972774D004781B6 /* AppDelegate.swift in Sources */,
				F4F9BC922972774D004781B6 /* SceneDelegate.swift in Sources */,
			);
			runOnlyForDeploymentPostprocessing = 0;
		};
		F4F9BC9E2972774D004781B6 /* Sources */ = {
			isa = PBXSourcesBuildPhase;
			buildActionMask = 2147483647;
			files = (
				F4F9BCA72972774D004781B6 /* SpotifyPaywall_SBTests.swift in Sources */,
			);
			runOnlyForDeploymentPostprocessing = 0;
		};
		F4F9BCA82972774D004781B6 /* Sources */ = {
			isa = PBXSourcesBuildPhase;
			buildActionMask = 2147483647;
			files = (
				F4F9BCB12972774D004781B6 /* SpotifyPaywall_SBUITests.swift in Sources */,
				F4F9BCB32972774D004781B6 /* SpotifyPaywall_SBUITestsLaunchTests.swift in Sources */,
			);
			runOnlyForDeploymentPostprocessing = 0;
		};
/* End PBXSourcesBuildPhase section */

/* Begin PBXTargetDependency section */
		F4F9BCA42972774D004781B6 /* PBXTargetDependency */ = {
			isa = PBXTargetDependency;
			target = F4F9BC8B2972774D004781B6 /* SpotifyPaywall-SB */;
			targetProxy = F4F9BCA32972774D004781B6 /* PBXContainerItemProxy */;
		};
		F4F9BCAE2972774D004781B6 /* PBXTargetDependency */ = {
			isa = PBXTargetDependency;
			target = F4F9BC8B2972774D004781B6 /* SpotifyPaywall-SB */;
			targetProxy = F4F9BCAD2972774D004781B6 /* PBXContainerItemProxy */;
		};
/* End PBXTargetDependency section */

/* Begin PBXVariantGroup section */
		F4F9BC952972774D004781B6 /* Main.storyboard */ = {
			isa = PBXVariantGroup;
			children = (
				F4F9BC962972774D004781B6 /* Base */,
			);
			name = Main.storyboard;
			sourceTree = "<group>";
		};
		F4F9BC9A2972774D004781B6 /* LaunchScreen.storyboard */ = {
			isa = PBXVariantGroup;
			children = (
				F4F9BC9B2972774D004781B6 /* Base */,
			);
			name = LaunchScreen.storyboard;
			sourceTree = "<group>";
		};
/* End PBXVariantGroup section */

/* Begin XCBuildConfiguration section */
		F4F9BCB42972774D004781B6 /* Debug */ = {
			isa = XCBuildConfiguration;
			buildSettings = {
				ALWAYS_SEARCH_USER_PATHS = NO;
				CLANG_ANALYZER_NONNULL = YES;
				CLANG_ANALYZER_NUMBER_OBJECT_CONVERSION = YES_AGGRESSIVE;
				CLANG_CXX_LANGUAGE_STANDARD = "gnu++20";
				CLANG_ENABLE_MODULES = YES;
				CLANG_ENABLE_OBJC_ARC = YES;
				CLANG_ENABLE_OBJC_WEAK = YES;
				CLANG_WARN_BLOCK_CAPTURE_AUTORELEASING = YES;
				CLANG_WARN_BOOL_CONVERSION = YES;
				CLANG_WARN_COMMA = YES;
				CLANG_WARN_CONSTANT_CONVERSION = YES;
				CLANG_WARN_DEPRECATED_OBJC_IMPLEMENTATIONS = YES;
				CLANG_WARN_DIRECT_OBJC_ISA_USAGE = YES_ERROR;
				CLANG_WARN_DOCUMENTATION_COMMENTS = YES;
				CLANG_WARN_EMPTY_BODY = YES;
				CLANG_WARN_ENUM_CONVERSION = YES;
				CLANG_WARN_INFINITE_RECURSION = YES;
				CLANG_WARN_INT_CONVERSION = YES;
				CLANG_WARN_NON_LITERAL_NULL_CONVERSION = YES;
				CLANG_WARN_OBJC_IMPLICIT_RETAIN_SELF = YES;
				CLANG_WARN_OBJC_LITERAL_CONVERSION = YES;
				CLANG_WARN_OBJC_ROOT_CLASS = YES_ERROR;
				CLANG_WARN_QUOTED_INCLUDE_IN_FRAMEWORK_HEADER = YES;
				CLANG_WARN_RANGE_LOOP_ANALYSIS = YES;
				CLANG_WARN_STRICT_PROTOTYPES = YES;
				CLANG_WARN_SUSPICIOUS_MOVE = YES;
				CLANG_WARN_UNGUARDED_AVAILABILITY = YES_AGGRESSIVE;
				CLANG_WARN_UNREACHABLE_CODE = YES;
				CLANG_WARN__DUPLICATE_METHOD_MATCH = YES;
				COPY_PHASE_STRIP = NO;
				DEBUG_INFORMATION_FORMAT = dwarf;
				ENABLE_STRICT_OBJC_MSGSEND = YES;
				ENABLE_TESTABILITY = YES;
				GCC_C_LANGUAGE_STANDARD = gnu11;
				GCC_DYNAMIC_NO_PIC = NO;
				GCC_NO_COMMON_BLOCKS = YES;
				GCC_OPTIMIZATION_LEVEL = 0;
				GCC_PREPROCESSOR_DEFINITIONS = (
					"DEBUG=1",
					"$(inherited)",
				);
				GCC_WARN_64_TO_32_BIT_CONVERSION = YES;
				GCC_WARN_ABOUT_RETURN_TYPE = YES_ERROR;
				GCC_WARN_UNDECLARED_SELECTOR = YES;
				GCC_WARN_UNINITIALIZED_AUTOS = YES_AGGRESSIVE;
				GCC_WARN_UNUSED_FUNCTION = YES;
				GCC_WARN_UNUSED_VARIABLE = YES;
				IPHONEOS_DEPLOYMENT_TARGET = 16.2;
				MTL_ENABLE_DEBUG_INFO = INCLUDE_SOURCE;
				MTL_FAST_MATH = YES;
				ONLY_ACTIVE_ARCH = YES;
				SDKROOT = iphoneos;
				SWIFT_ACTIVE_COMPILATION_CONDITIONS = DEBUG;
				SWIFT_OPTIMIZATION_LEVEL = "-Onone";
			};
			name = Debug;
		};
		F4F9BCB52972774D004781B6 /* Release */ = {
			isa = XCBuildConfiguration;
			buildSettings = {
				ALWAYS_SEARCH_USER_PATHS = NO;
				CLANG_ANALYZER_NONNULL = YES;
				CLANG_ANALYZER_NUMBER_OBJECT_CONVERSION = YES_AGGRESSIVE;
				CLANG_CXX_LANGUAGE_STANDARD = "gnu++20";
				CLANG_ENABLE_MODULES = YES;
				CLANG_ENABLE_OBJC_ARC = YES;
				CLANG_ENABLE_OBJC_WEAK = YES;
				CLANG_WARN_BLOCK_CAPTURE_AUTORELEASING = YES;
				CLANG_WARN_BOOL_CONVERSION = YES;
				CLANG_WARN_COMMA = YES;
				CLANG_WARN_CONSTANT_CONVERSION = YES;
				CLANG_WARN_DEPRECATED_OBJC_IMPLEMENTATIONS = YES;
				CLANG_WARN_DIRECT_OBJC_ISA_USAGE = YES_ERROR;
				CLANG_WARN_DOCUMENTATION_COMMENTS = YES;
				CLANG_WARN_EMPTY_BODY = YES;
				CLANG_WARN_ENUM_CONVERSION = YES;
				CLANG_WARN_INFINITE_RECURSION = YES;
				CLANG_WARN_INT_CONVERSION = YES;
				CLANG_WARN_NON_LITERAL_NULL_CONVERSION = YES;
				CLANG_WARN_OBJC_IMPLICIT_RETAIN_SELF = YES;
				CLANG_WARN_OBJC_LITERAL_CONVERSION = YES;
				CLANG_WARN_OBJC_ROOT_CLASS = YES_ERROR;
				CLANG_WARN_QUOTED_INCLUDE_IN_FRAMEWORK_HEADER = YES;
				CLANG_WARN_RANGE_LOOP_ANALYSIS = YES;
				CLANG_WARN_STRICT_PROTOTYPES = YES;
				CLANG_WARN_SUSPICIOUS_MOVE = YES;
				CLANG_WARN_UNGUARDED_AVAILABILITY = YES_AGGRESSIVE;
				CLANG_WARN_UNREACHABLE_CODE = YES;
				CLANG_WARN__DUPLICATE_METHOD_MATCH = YES;
				COPY_PHASE_STRIP = NO;
				DEBUG_INFORMATION_FORMAT = "dwarf-with-dsym";
				ENABLE_NS_ASSERTIONS = NO;
				ENABLE_STRICT_OBJC_MSGSEND = YES;
				GCC_C_LANGUAGE_STANDARD = gnu11;
				GCC_NO_COMMON_BLOCKS = YES;
				GCC_WARN_64_TO_32_BIT_CONVERSION = YES;
				GCC_WARN_ABOUT_RETURN_TYPE = YES_ERROR;
				GCC_WARN_UNDECLARED_SELECTOR = YES;
				GCC_WARN_UNINITIALIZED_AUTOS = YES_AGGRESSIVE;
				GCC_WARN_UNUSED_FUNCTION = YES;
				GCC_WARN_UNUSED_VARIABLE = YES;
				IPHONEOS_DEPLOYMENT_TARGET = 16.2;
				MTL_ENABLE_DEBUG_INFO = NO;
				MTL_FAST_MATH = YES;
				SDKROOT = iphoneos;
				SWIFT_COMPILATION_MODE = wholemodule;
				SWIFT_OPTIMIZATION_LEVEL = "-O";
				VALIDATE_PRODUCT = YES;
			};
			name = Release;
		};
		F4F9BCB72972774D004781B6 /* Debug */ = {
			isa = XCBuildConfiguration;
			buildSettings = {
				ASSETCATALOG_COMPILER_APPICON_NAME = AppIcon;
				ASSETCATALOG_COMPILER_GLOBAL_ACCENT_COLOR_NAME = AccentColor;
				CODE_SIGN_STYLE = Automatic;
				CURRENT_PROJECT_VERSION = 1;
				DEVELOPMENT_TEAM = 6XVG78PFQ7;
				GENERATE_INFOPLIST_FILE = YES;
				INFOPLIST_FILE = "SpotifyPaywall-SB/Info.plist";
				INFOPLIST_KEY_UIApplicationSupportsIndirectInputEvents = YES;
				INFOPLIST_KEY_UILaunchStoryboardName = LaunchScreen;
				INFOPLIST_KEY_UIMainStoryboardFile = Main;
				INFOPLIST_KEY_UISupportedInterfaceOrientations_iPad = "UIInterfaceOrientationPortrait UIInterfaceOrientationPortraitUpsideDown UIInterfaceOrientationLandscapeLeft UIInterfaceOrientationLandscapeRight";
				INFOPLIST_KEY_UISupportedInterfaceOrientations_iPhone = "UIInterfaceOrientationPortrait UIInterfaceOrientationLandscapeLeft UIInterfaceOrientationLandscapeRight";
				LD_RUNPATH_SEARCH_PATHS = (
					"$(inherited)",
					"@executable_path/Frameworks",
				);
				MARKETING_VERSION = 1.0;
				PRODUCT_BUNDLE_IDENTIFIER = "com.idghst.SpotifyPaywall-SB";
				PRODUCT_NAME = "$(TARGET_NAME)";
				SWIFT_EMIT_LOC_STRINGS = YES;
				SWIFT_VERSION = 5.0;
				TARGETED_DEVICE_FAMILY = "1,2";
			};
			name = Debug;
		};
		F4F9BCB82972774D004781B6 /* Release */ = {
			isa = XCBuildConfiguration;
			buildSettings = {
				ASSETCATALOG_COMPILER_APPICON_NAME = AppIcon;
				ASSETCATALOG_COMPILER_GLOBAL_ACCENT_COLOR_NAME = AccentColor;
				CODE_SIGN_STYLE = Automatic;
				CURRENT_PROJECT_VERSION = 1;
				DEVELOPMENT_TEAM = 6XVG78PFQ7;
				GENERATE_INFOPLIST_FILE = YES;
				INFOPLIST_FILE = "SpotifyPaywall-SB/Info.plist";
				INFOPLIST_KEY_UIApplicationSupportsIndirectInputEvents = YES;
				INFOPLIST_KEY_UILaunchStoryboardName = LaunchScreen;
				INFOPLIST_KEY_UIMainStoryboardFile = Main;
				INFOPLIST_KEY_UISupportedInterfaceOrientations_iPad = "UIInterfaceOrientationPortrait UIInterfaceOrientationPortraitUpsideDown UIInterfaceOrientationLandscapeLeft UIInterfaceOrientationLandscapeRight";
				INFOPLIST_KEY_UISupportedInterfaceOrientations_iPhone = "UIInterfaceOrientationPortrait UIInterfaceOrientationLandscapeLeft UIInterfaceOrientationLandscapeRight";
				LD_RUNPATH_SEARCH_PATHS = (
					"$(inherited)",
					"@executable_path/Frameworks",
				);
				MARKETING_VERSION = 1.0;
				PRODUCT_BUNDLE_IDENTIFIER = "com.idghst.SpotifyPaywall-SB";
				PRODUCT_NAME = "$(TARGET_NAME)";
				SWIFT_EMIT_LOC_STRINGS = YES;
				SWIFT_VERSION = 5.0;
				TARGETED_DEVICE_FAMILY = "1,2";
			};
			name = Release;
		};
		F4F9BCBA2972774D004781B6 /* Debug */ = {
			isa = XCBuildConfiguration;
			buildSettings = {
				ALWAYS_EMBED_SWIFT_STANDARD_LIBRARIES = YES;
				BUNDLE_LOADER = "$(TEST_HOST)";
				CODE_SIGN_STYLE = Automatic;
				CURRENT_PROJECT_VERSION = 1;
				DEVELOPMENT_TEAM = 6XVG78PFQ7;
				GENERATE_INFOPLIST_FILE = YES;
				IPHONEOS_DEPLOYMENT_TARGET = 16.2;
				MARKETING_VERSION = 1.0;
				PRODUCT_BUNDLE_IDENTIFIER = "com.idghst.SpotifyPaywall-SBTests";
				PRODUCT_NAME = "$(TARGET_NAME)";
				SWIFT_EMIT_LOC_STRINGS = NO;
				SWIFT_VERSION = 5.0;
				TARGETED_DEVICE_FAMILY = "1,2";
				TEST_HOST = "$(BUILT_PRODUCTS_DIR)/SpotifyPaywall-SB.app/$(BUNDLE_EXECUTABLE_FOLDER_PATH)/SpotifyPaywall-SB";
			};
			name = Debug;
		};
		F4F9BCBB2972774D004781B6 /* Release */ = {
			isa = XCBuildConfiguration;
			buildSettings = {
				ALWAYS_EMBED_SWIFT_STANDARD_LIBRARIES = YES;
				BUNDLE_LOADER = "$(TEST_HOST)";
				CODE_SIGN_STYLE = Automatic;
				CURRENT_PROJECT_VERSION = 1;
				DEVELOPMENT_TEAM = 6XVG78PFQ7;
				GENERATE_INFOPLIST_FILE = YES;
				IPHONEOS_DEPLOYMENT_TARGET = 16.2;
				MARKETING_VERSION = 1.0;
				PRODUCT_BUNDLE_IDENTIFIER = "com.idghst.SpotifyPaywall-SBTests";
				PRODUCT_NAME = "$(TARGET_NAME)";
				SWIFT_EMIT_LOC_STRINGS = NO;
				SWIFT_VERSION = 5.0;
				TARGETED_DEVICE_FAMILY = "1,2";
				TEST_HOST = "$(BUILT_PRODUCTS_DIR)/SpotifyPaywall-SB.app/$(BUNDLE_EXECUTABLE_FOLDER_PATH)/SpotifyPaywall-SB";
			};
			name = Release;
		};
		F4F9BCBD2972774D004781B6 /* Debug */ = {
			isa = XCBuildConfiguration;
			buildSettings = {
				ALWAYS_EMBED_SWIFT_STANDARD_LIBRARIES = YES;
				CODE_SIGN_STYLE = Automatic;
				CURRENT_PROJECT_VERSION = 1;
				DEVELOPMENT_TEAM = 6XVG78PFQ7;
				GENERATE_INFOPLIST_FILE = YES;
				MARKETING_VERSION = 1.0;
				PRODUCT_BUNDLE_IDENTIFIER = "com.idghst.SpotifyPaywall-SBUITests";
				PRODUCT_NAME = "$(TARGET_NAME)";
				SWIFT_EMIT_LOC_STRINGS = NO;
				SWIFT_VERSION = 5.0;
				TARGETED_DEVICE_FAMILY = "1,2";
				TEST_TARGET_NAME = "SpotifyPaywall-SB";
			};
			name = Debug;
		};
		F4F9BCBE2972774D004781B6 /* Release */ = {
			isa = XCBuildConfiguration;
			buildSettings = {
				ALWAYS_EMBED_SWIFT_STANDARD_LIBRARIES = YES;
				CODE_SIGN_STYLE = Automatic;
				CURRENT_PROJECT_VERSION = 1;
				DEVELOPMENT_TEAM = 6XVG78PFQ7;
				GENERATE_INFOPLIST_FILE = YES;
				MARKETING_VERSION = 1.0;
				PRODUCT_BUNDLE_IDENTIFIER = "com.idghst.SpotifyPaywall-SBUITests";
				PRODUCT_NAME = "$(TARGET_NAME)";
				SWIFT_EMIT_LOC_STRINGS = NO;
				SWIFT_VERSION = 5.0;
				TARGETED_DEVICE_FAMILY = "1,2";
				TEST_TARGET_NAME = "SpotifyPaywall-SB";
			};
			name = Release;
		};
/* End XCBuildConfiguration section */

/* Begin XCConfigurationList section */
		F4F9BC872972774C004781B6 /* Build configuration list for PBXProject "SpotifyPaywall-SB" */ = {
			isa = XCConfigurationList;
			buildConfigurations = (
				F4F9BCB42972774D004781B6 /* Debug */,
				F4F9BCB52972774D004781B6 /* Release */,
			);
			defaultConfigurationIsVisible = 0;
			defaultConfigurationName = Release;
		};
		F4F9BCB62972774D004781B6 /* Build configuration list for PBXNativeTarget "SpotifyPaywall-SB" */ = {
			isa = XCConfigurationList;
			buildConfigurations = (
				F4F9BCB72972774D004781B6 /* Debug */,
				F4F9BCB82972774D004781B6 /* Release */,
			);
			defaultConfigurationIsVisible = 0;
			defaultConfigurationName = Release;
		};
		F4F9BCB92972774D004781B6 /* Build configuration list for PBXNativeTarget "SpotifyPaywall-SBTests" */ = {
			isa = XCConfigurationList;
			buildConfigurations = (
				F4F9BCBA2972774D004781B6 /* Debug */,
				F4F9BCBB2972774D004781B6 /* Release */,
			);
			defaultConfigurationIsVisible = 0;
			defaultConfigurationName = Release;
		};
		F4F9BCBC2972774D004781B6 /* Build configuration list for PBXNativeTarget "SpotifyPaywall-SBUITests" */ = {
			isa = XCConfigurationList;
			buildConfigurations = (
				F4F9BCBD2972774D004781B6 /* Debug */,
				F4F9BCBE2972774D004781B6 /* Release */,
			);
			defaultConfigurationIsVisible = 0;
			defaultConfigurationName = Release;
		};
/* End XCConfigurationList section */
	};
	rootObject = F4F9BC842972774C004781B6 /* Project object */;
}
