// !$*UTF8*$!
{
	archiveVersion = 1;
	classes = {
	};
	objectVersion = 56;
	objects = {

/* Begin PBXBuildFile section */
		D45D1A8E292BC807008A4402 /* AppDelegate.swift in Sources */ = {isa = PBXBuildFile; fileRef = D45D1A8D292BC807008A4402 /* AppDelegate.swift */; };
		D45D1A90292BC807008A4402 /* SceneDelegate.swift in Sources */ = {isa = PBXBuildFile; fileRef = D45D1A8F292BC807008A4402 /* SceneDelegate.swift */; };
		D45D1A95292BC807008A4402 /* Main.storyboard in Resources */ = {isa = PBXBuildFile; fileRef = D45D1A93292BC807008A4402 /* Main.storyboard */; };
		D45D1A97292BC808008A4402 /* Assets.xcassets in Resources */ = {isa = PBXBuildFile; fileRef = D45D1A96292BC808008A4402 /* Assets.xcassets */; };
		D45D1A9A292BC808008A4402 /* LaunchScreen.storyboard in Resources */ = {isa = PBXBuildFile; fileRef = D45D1A98292BC808008A4402 /* LaunchScreen.storyboard */; };
		D45D1AA5292BC808008A4402 /* AppleFramework_SBTests.swift in Sources */ = {isa = PBXBuildFile; fileRef = D45D1AA4292BC808008A4402 /* AppleFramework_SBTests.swift */; };
		D45D1AAF292BC809008A4402 /* AppleFramework_SBUITests.swift in Sources */ = {isa = PBXBuildFile; fileRef = D45D1AAE292BC809008A4402 /* AppleFramework_SBUITests.swift */; };
		D45D1AB1292BC809008A4402 /* AppleFramework_SBUITestsLaunchTests.swift in Sources */ = {isa = PBXBuildFile; fileRef = D45D1AB0292BC809008A4402 /* AppleFramework_SBUITestsLaunchTests.swift */; };
		D45D1ABE292BC82C008A4402 /* AppleFrameworkViewController.swift in Sources */ = {isa = PBXBuildFile; fileRef = D45D1ABD292BC82C008A4402 /* AppleFrameworkViewController.swift */; };
		D45D1AC0292BC843008A4402 /* AppleFrameworkCollectionViewCell.swift in Sources */ = {isa = PBXBuildFile; fileRef = D45D1ABF292BC843008A4402 /* AppleFrameworkCollectionViewCell.swift */; };
		D45D1AC2292BC84E008A4402 /* AppleFramework.swift in Sources */ = {isa = PBXBuildFile; fileRef = D45D1AC1292BC84E008A4402 /* AppleFramework.swift */; };
/* End PBXBuildFile section */

/* Begin PBXContainerItemProxy section */
		D45D1AA1292BC808008A4402 /* PBXContainerItemProxy */ = {
			isa = PBXContainerItemProxy;
			containerPortal = D45D1A82292BC807008A4402 /* Project object */;
			proxyType = 1;
			remoteGlobalIDString = D45D1A89292BC807008A4402;
			remoteInfo = "AppleFramework-SB";
		};
		D45D1AAB292BC809008A4402 /* PBXContainerItemProxy */ = {
			isa = PBXContainerItemProxy;
			containerPortal = D45D1A82292BC807008A4402 /* Project object */;
			proxyType = 1;
			remoteGlobalIDString = D45D1A89292BC807008A4402;
			remoteInfo = "AppleFramework-SB";
		};
/* End PBXContainerItemProxy section */

/* Begin PBXFileReference section */
		D45D1A8A292BC807008A4402 /* AppleFramework-SB.app */ = {isa = PBXFileReference; explicitFileType = wrapper.application; includeInIndex = 0; path = "AppleFramework-SB.app"; sourceTree = BUILT_PRODUCTS_DIR; };
		D45D1A8D292BC807008A4402 /* AppDelegate.swift */ = {isa = PBXFileReference; lastKnownFileType = sourcecode.swift; path = AppDelegate.swift; sourceTree = "<group>"; };
		D45D1A8F292BC807008A4402 /* SceneDelegate.swift */ = {isa = PBXFileReference; lastKnownFileType = sourcecode.swift; path = SceneDelegate.swift; sourceTree = "<group>"; };
		D45D1A94292BC807008A4402 /* Base */ = {isa = PBXFileReference; lastKnownFileType = file.storyboard; name = Base; path = Base.lproj/Main.storyboard; sourceTree = "<group>"; };
		D45D1A96292BC808008A4402 /* Assets.xcassets */ = {isa = PBXFileReference; lastKnownFileType = folder.assetcatalog; path = Assets.xcassets; sourceTree = "<group>"; };
		D45D1A99292BC808008A4402 /* Base */ = {isa = PBXFileReference; lastKnownFileType = file.storyboard; name = Base; path = Base.lproj/LaunchScreen.storyboard; sourceTree = "<group>"; };
		D45D1A9B292BC808008A4402 /* Info.plist */ = {isa = PBXFileReference; lastKnownFileType = text.plist.xml; path = Info.plist; sourceTree = "<group>"; };
		D45D1AA0292BC808008A4402 /* AppleFramework-SBTests.xctest */ = {isa = PBXFileReference; explicitFileType = wrapper.cfbundle; includeInIndex = 0; path = "AppleFramework-SBTests.xctest"; sourceTree = BUILT_PRODUCTS_DIR; };
		D45D1AA4292BC808008A4402 /* AppleFramework_SBTests.swift */ = {isa = PBXFileReference; lastKnownFileType = sourcecode.swift; path = AppleFramework_SBTests.swift; sourceTree = "<group>"; };
		D45D1AAA292BC809008A4402 /* AppleFramework-SBUITests.xctest */ = {isa = PBXFileReference; explicitFileType = wrapper.cfbundle; includeInIndex = 0; path = "AppleFramework-SBUITests.xctest"; sourceTree = BUILT_PRODUCTS_DIR; };
		D45D1AAE292BC809008A4402 /* AppleFramework_SBUITests.swift */ = {isa = PBXFileReference; lastKnownFileType = sourcecode.swift; path = AppleFramework_SBUITests.swift; sourceTree = "<group>"; };
		D45D1AB0292BC809008A4402 /* AppleFramework_SBUITestsLaunchTests.swift */ = {isa = PBXFileReference; lastKnownFileType = sourcecode.swift; path = AppleFramework_SBUITestsLaunchTests.swift; sourceTree = "<group>"; };
		D45D1ABD292BC82C008A4402 /* AppleFrameworkViewController.swift */ = {isa = PBXFileReference; lastKnownFileType = sourcecode.swift; path = AppleFrameworkViewController.swift; sourceTree = "<group>"; };
		D45D1ABF292BC843008A4402 /* AppleFrameworkCollectionViewCell.swift */ = {isa = PBXFileReference; lastKnownFileType = sourcecode.swift; path = AppleFrameworkCollectionViewCell.swift; sourceTree = "<group>"; };
		D45D1AC1292BC84E008A4402 /* AppleFramework.swift */ = {isa = PBXFileReference; lastKnownFileType = sourcecode.swift; path = AppleFramework.swift; sourceTree = "<group>"; };
/* End PBXFileReference section */

/* Begin PBXFrameworksBuildPhase section */
		D45D1A87292BC807008A4402 /* Frameworks */ = {
			isa = PBXFrameworksBuildPhase;
			buildActionMask = 2147483647;
			files = (
			);
			runOnlyForDeploymentPostprocessing = 0;
		};
		D45D1A9D292BC808008A4402 /* Frameworks */ = {
			isa = PBXFrameworksBuildPhase;
			buildActionMask = 2147483647;
			files = (
			);
			runOnlyForDeploymentPostprocessing = 0;
		};
		D45D1AA7292BC809008A4402 /* Frameworks */ = {
			isa = PBXFrameworksBuildPhase;
			buildActionMask = 2147483647;
			files = (
			);
			runOnlyForDeploymentPostprocessing = 0;
		};
/* End PBXFrameworksBuildPhase section */

/* Begin PBXGroup section */
		D45D1A81292BC807008A4402 = {
			isa = PBXGroup;
			children = (
				D45D1A8C292BC807008A4402 /* AppleFramework-SB */,
				D45D1AA3292BC808008A4402 /* AppleFramework-SBTests */,
				D45D1AAD292BC809008A4402 /* AppleFramework-SBUITests */,
				D45D1A8B292BC807008A4402 /* Products */,
			);
			sourceTree = "<group>";
		};
		D45D1A8B292BC807008A4402 /* Products */ = {
			isa = PBXGroup;
			children = (
				D45D1A8A292BC807008A4402 /* AppleFramework-SB.app */,
				D45D1AA0292BC808008A4402 /* AppleFramework-SBTests.xctest */,
				D45D1AAA292BC809008A4402 /* AppleFramework-SBUITests.xctest */,
			);
			name = Products;
			sourceTree = "<group>";
		};
		D45D1A8C292BC807008A4402 /* AppleFramework-SB */ = {
			isa = PBXGroup;
			children = (
				D45D1A8D292BC807008A4402 /* AppDelegate.swift */,
				D45D1A8F292BC807008A4402 /* SceneDelegate.swift */,
				D45D1ABD292BC82C008A4402 /* AppleFrameworkViewController.swift */,
				D45D1ABF292BC843008A4402 /* AppleFrameworkCollectionViewCell.swift */,
				D45D1AC1292BC84E008A4402 /* AppleFramework.swift */,
				D45D1A93292BC807008A4402 /* Main.storyboard */,
				D45D1A96292BC808008A4402 /* Assets.xcassets */,
				D45D1A98292BC808008A4402 /* LaunchScreen.storyboard */,
				D45D1A9B292BC808008A4402 /* Info.plist */,
			);
			path = "AppleFramework-SB";
			sourceTree = "<group>";
		};
		D45D1AA3292BC808008A4402 /* AppleFramework-SBTests */ = {
			isa = PBXGroup;
			children = (
				D45D1AA4292BC808008A4402 /* AppleFramework_SBTests.swift */,
			);
			path = "AppleFramework-SBTests";
			sourceTree = "<group>";
		};
		D45D1AAD292BC809008A4402 /* AppleFramework-SBUITests */ = {
			isa = PBXGroup;
			children = (
				D45D1AAE292BC809008A4402 /* AppleFramework_SBUITests.swift */,
				D45D1AB0292BC809008A4402 /* AppleFramework_SBUITestsLaunchTests.swift */,
			);
			path = "AppleFramework-SBUITests";
			sourceTree = "<group>";
		};
/* End PBXGroup section */

/* Begin PBXNativeTarget section */
		D45D1A89292BC807008A4402 /* AppleFramework-SB */ = {
			isa = PBXNativeTarget;
			buildConfigurationList = D45D1AB4292BC809008A4402 /* Build configuration list for PBXNativeTarget "AppleFramework-SB" */;
			buildPhases = (
				D45D1A86292BC807008A4402 /* Sources */,
				D45D1A87292BC807008A4402 /* Frameworks */,
				D45D1A88292BC807008A4402 /* Resources */,
			);
			buildRules = (
			);
			dependencies = (
			);
			name = "AppleFramework-SB";
			productName = "AppleFramework-SB";
			productReference = D45D1A8A292BC807008A4402 /* AppleFramework-SB.app */;
			productType = "com.apple.product-type.application";
		};
		D45D1A9F292BC808008A4402 /* AppleFramework-SBTests */ = {
			isa = PBXNativeTarget;
			buildConfigurationList = D45D1AB7292BC809008A4402 /* Build configuration list for PBXNativeTarget "AppleFramework-SBTests" */;
			buildPhases = (
				D45D1A9C292BC808008A4402 /* Sources */,
				D45D1A9D292BC808008A4402 /* Frameworks */,
				D45D1A9E292BC808008A4402 /* Resources */,
			);
			buildRules = (
			);
			dependencies = (
				D45D1AA2292BC808008A4402 /* PBXTargetDependency */,
			);
			name = "AppleFramework-SBTests";
			productName = "AppleFramework-SBTests";
			productReference = D45D1AA0292BC808008A4402 /* AppleFramework-SBTests.xctest */;
			productType = "com.apple.product-type.bundle.unit-test";
		};
		D45D1AA9292BC809008A4402 /* AppleFramework-SBUITests */ = {
			isa = PBXNativeTarget;
			buildConfigurationList = D45D1ABA292BC809008A4402 /* Build configuration list for PBXNativeTarget "AppleFramework-SBUITests" */;
			buildPhases = (
				D45D1AA6292BC809008A4402 /* Sources */,
				D45D1AA7292BC809008A4402 /* Frameworks */,
				D45D1AA8292BC809008A4402 /* Resources */,
			);
			buildRules = (
			);
			dependencies = (
				D45D1AAC292BC809008A4402 /* PBXTargetDependency */,
			);
			name = "AppleFramework-SBUITests";
			productName = "AppleFramework-SBUITests";
			productReference = D45D1AAA292BC809008A4402 /* AppleFramework-SBUITests.xctest */;
			productType = "com.apple.product-type.bundle.ui-testing";
		};
/* End PBXNativeTarget section */

/* Begin PBXProject section */
		D45D1A82292BC807008A4402 /* Project object */ = {
			isa = PBXProject;
			attributes = {
				BuildIndependentTargetsInParallel = 1;
				LastSwiftUpdateCheck = 1410;
				LastUpgradeCheck = 1410;
				TargetAttributes = {
					D45D1A89292BC807008A4402 = {
						CreatedOnToolsVersion = 14.1;
					};
					D45D1A9F292BC808008A4402 = {
						CreatedOnToolsVersion = 14.1;
						TestTargetID = D45D1A89292BC807008A4402;
					};
					D45D1AA9292BC809008A4402 = {
						CreatedOnToolsVersion = 14.1;
						TestTargetID = D45D1A89292BC807008A4402;
					};
				};
			};
			buildConfigurationList = D45D1A85292BC807008A4402 /* Build configuration list for PBXProject "AppleFramework-SB" */;
			compatibilityVersion = "Xcode 14.0";
			developmentRegion = en;
			hasScannedForEncodings = 0;
			knownRegions = (
				en,
				Base,
			);
			mainGroup = D45D1A81292BC807008A4402;
			productRefGroup = D45D1A8B292BC807008A4402 /* Products */;
			projectDirPath = "";
			projectRoot = "";
			targets = (
				D45D1A89292BC807008A4402 /* AppleFramework-SB */,
				D45D1A9F292BC808008A4402 /* AppleFramework-SBTests */,
				D45D1AA9292BC809008A4402 /* AppleFramework-SBUITests */,
			);
		};
/* End PBXProject section */

/* Begin PBXResourcesBuildPhase section */
		D45D1A88292BC807008A4402 /* Resources */ = {
			isa = PBXResourcesBuildPhase;
			buildActionMask = 2147483647;
			files = (
				D45D1A9A292BC808008A4402 /* LaunchScreen.storyboard in Resources */,
				D45D1A97292BC808008A4402 /* Assets.xcassets in Resources */,
				D45D1A95292BC807008A4402 /* Main.storyboard in Resources */,
			);
			runOnlyForDeploymentPostprocessing = 0;
		};
		D45D1A9E292BC808008A4402 /* Resources */ = {
			isa = PBXResourcesBuildPhase;
			buildActionMask = 2147483647;
			files = (
			);
			runOnlyForDeploymentPostprocessing = 0;
		};
		D45D1AA8292BC809008A4402 /* Resources */ = {
			isa = PBXResourcesBuildPhase;
			buildActionMask = 2147483647;
			files = (
			);
			runOnlyForDeploymentPostprocessing = 0;
		};
/* End PBXResourcesBuildPhase section */

/* Begin PBXSourcesBuildPhase section */
		D45D1A86292BC807008A4402 /* Sources */ = {
			isa = PBXSourcesBuildPhase;
			buildActionMask = 2147483647;
			files = (
				D45D1AC0292BC843008A4402 /* AppleFrameworkCollectionViewCell.swift in Sources */,
				D45D1A8E292BC807008A4402 /* AppDelegate.swift in Sources */,
				D45D1AC2292BC84E008A4402 /* AppleFramework.swift in Sources */,
				D45D1ABE292BC82C008A4402 /* AppleFrameworkViewController.swift in Sources */,
				D45D1A90292BC807008A4402 /* SceneDelegate.swift in Sources */,
			);
			runOnlyForDeploymentPostprocessing = 0;
		};
		D45D1A9C292BC808008A4402 /* Sources */ = {
			isa = PBXSourcesBuildPhase;
			buildActionMask = 2147483647;
			files = (
				D45D1AA5292BC808008A4402 /* AppleFramework_SBTests.swift in Sources */,
			);
			runOnlyForDeploymentPostprocessing = 0;
		};
		D45D1AA6292BC809008A4402 /* Sources */ = {
			isa = PBXSourcesBuildPhase;
			buildActionMask = 2147483647;
			files = (
				D45D1AAF292BC809008A4402 /* AppleFramework_SBUITests.swift in Sources */,
				D45D1AB1292BC809008A4402 /* AppleFramework_SBUITestsLaunchTests.swift in Sources */,
			);
			runOnlyForDeploymentPostprocessing = 0;
		};
/* End PBXSourcesBuildPhase section */

/* Begin PBXTargetDependency section */
		D45D1AA2292BC808008A4402 /* PBXTargetDependency */ = {
			isa = PBXTargetDependency;
			target = D45D1A89292BC807008A4402 /* AppleFramework-SB */;
			targetProxy = D45D1AA1292BC808008A4402 /* PBXContainerItemProxy */;
		};
		D45D1AAC292BC809008A4402 /* PBXTargetDependency */ = {
			isa = PBXTargetDependency;
			target = D45D1A89292BC807008A4402 /* AppleFramework-SB */;
			targetProxy = D45D1AAB292BC809008A4402 /* PBXContainerItemProxy */;
		};
/* End PBXTargetDependency section */

/* Begin PBXVariantGroup section */
		D45D1A93292BC807008A4402 /* Main.storyboard */ = {
			isa = PBXVariantGroup;
			children = (
				D45D1A94292BC807008A4402 /* Base */,
			);
			name = Main.storyboard;
			sourceTree = "<group>";
		};
		D45D1A98292BC808008A4402 /* LaunchScreen.storyboard */ = {
			isa = PBXVariantGroup;
			children = (
				D45D1A99292BC808008A4402 /* Base */,
			);
			name = LaunchScreen.storyboard;
			sourceTree = "<group>";
		};
/* End PBXVariantGroup section */

/* Begin XCBuildConfiguration section */
		D45D1AB2292BC809008A4402 /* Debug */ = {
			isa = XCBuildConfiguration;
			buildSettings = {
				ALWAYS_SEARCH_USER_PATHS = NO;
				CLANG_ANALYZER_NONNULL = YES;
				CLANG_ANALYZER_NUMBER_OBJECT_CONVERSION = YES_AGGRESSIVE;
				CLANG_CXX_LANGUAGE_STANDARD = "gnu++20";
				CLANG_ENABLE_MODULES = YES;
				CLANG_ENABLE_OBJC_ARC = YES;
				CLANG_ENABLE_OBJC_WEAK = YES;
				CLANG_WARN_BLOCK_CAPTURE_AUTORELEASING = YES;
				CLANG_WARN_BOOL_CONVERSION = YES;
				CLANG_WARN_COMMA = YES;
				CLANG_WARN_CONSTANT_CONVERSION = YES;
				CLANG_WARN_DEPRECATED_OBJC_IMPLEMENTATIONS = YES;
				CLANG_WARN_DIRECT_OBJC_ISA_USAGE = YES_ERROR;
				CLANG_WARN_DOCUMENTATION_COMMENTS = YES;
				CLANG_WARN_EMPTY_BODY = YES;
				CLANG_WARN_ENUM_CONVERSION = YES;
				CLANG_WARN_INFINITE_RECURSION = YES;
				CLANG_WARN_INT_CONVERSION = YES;
				CLANG_WARN_NON_LITERAL_NULL_CONVERSION = YES;
				CLANG_WARN_OBJC_IMPLICIT_RETAIN_SELF = YES;
				CLANG_WARN_OBJC_LITERAL_CONVERSION = YES;
				CLANG_WARN_OBJC_ROOT_CLASS = YES_ERROR;
				CLANG_WARN_QUOTED_INCLUDE_IN_FRAMEWORK_HEADER = YES;
				CLANG_WARN_RANGE_LOOP_ANALYSIS = YES;
				CLANG_WARN_STRICT_PROTOTYPES = YES;
				CLANG_WARN_SUSPICIOUS_MOVE = YES;
				CLANG_WARN_UNGUARDED_AVAILABILITY = YES_AGGRESSIVE;
				CLANG_WARN_UNREACHABLE_CODE = YES;
				CLANG_WARN__DUPLICATE_METHOD_MATCH = YES;
				COPY_PHASE_STRIP = NO;
				DEBUG_INFORMATION_FORMAT = dwarf;
				ENABLE_STRICT_OBJC_MSGSEND = YES;
				ENABLE_TESTABILITY = YES;
				GCC_C_LANGUAGE_STANDARD = gnu11;
				GCC_DYNAMIC_NO_PIC = NO;
				GCC_NO_COMMON_BLOCKS = YES;
				GCC_OPTIMIZATION_LEVEL = 0;
				GCC_PREPROCESSOR_DEFINITIONS = (
					"DEBUG=1",
					"$(inherited)",
				);
				GCC_WARN_64_TO_32_BIT_CONVERSION = YES;
				GCC_WARN_ABOUT_RETURN_TYPE = YES_ERROR;
				GCC_WARN_UNDECLARED_SELECTOR = YES;
				GCC_WARN_UNINITIALIZED_AUTOS = YES_AGGRESSIVE;
				GCC_WARN_UNUSED_FUNCTION = YES;
				GCC_WARN_UNUSED_VARIABLE = YES;
				IPHONEOS_DEPLOYMENT_TARGET = 16.1;
				MTL_ENABLE_DEBUG_INFO = INCLUDE_SOURCE;
				MTL_FAST_MATH = YES;
				ONLY_ACTIVE_ARCH = YES;
				SDKROOT = iphoneos;
				SWIFT_ACTIVE_COMPILATION_CONDITIONS = DEBUG;
				SWIFT_OPTIMIZATION_LEVEL = "-Onone";
			};
			name = Debug;
		};
		D45D1AB3292BC809008A4402 /* Release */ = {
			isa = XCBuildConfiguration;
			buildSettings = {
				ALWAYS_SEARCH_USER_PATHS = NO;
				CLANG_ANALYZER_NONNULL = YES;
				CLANG_ANALYZER_NUMBER_OBJECT_CONVERSION = YES_AGGRESSIVE;
				CLANG_CXX_LANGUAGE_STANDARD = "gnu++20";
				CLANG_ENABLE_MODULES = YES;
				CLANG_ENABLE_OBJC_ARC = YES;
				CLANG_ENABLE_OBJC_WEAK = YES;
				CLANG_WARN_BLOCK_CAPTURE_AUTORELEASING = YES;
				CLANG_WARN_BOOL_CONVERSION = YES;
				CLANG_WARN_COMMA = YES;
				CLANG_WARN_CONSTANT_CONVERSION = YES;
				CLANG_WARN_DEPRECATED_OBJC_IMPLEMENTATIONS = YES;
				CLANG_WARN_DIRECT_OBJC_ISA_USAGE = YES_ERROR;
				CLANG_WARN_DOCUMENTATION_COMMENTS = YES;
				CLANG_WARN_EMPTY_BODY = YES;
				CLANG_WARN_ENUM_CONVERSION = YES;
				CLANG_WARN_INFINITE_RECURSION = YES;
				CLANG_WARN_INT_CONVERSION = YES;
				CLANG_WARN_NON_LITERAL_NULL_CONVERSION = YES;
				CLANG_WARN_OBJC_IMPLICIT_RETAIN_SELF = YES;
				CLANG_WARN_OBJC_LITERAL_CONVERSION = YES;
				CLANG_WARN_OBJC_ROOT_CLASS = YES_ERROR;
				CLANG_WARN_QUOTED_INCLUDE_IN_FRAMEWORK_HEADER = YES;
				CLANG_WARN_RANGE_LOOP_ANALYSIS = YES;
				CLANG_WARN_STRICT_PROTOTYPES = YES;
				CLANG_WARN_SUSPICIOUS_MOVE = YES;
				CLANG_WARN_UNGUARDED_AVAILABILITY = YES_AGGRESSIVE;
				CLANG_WARN_UNREACHABLE_CODE = YES;
				CLANG_WARN__DUPLICATE_METHOD_MATCH = YES;
				COPY_PHASE_STRIP = NO;
				DEBUG_INFORMATION_FORMAT = "dwarf-with-dsym";
				ENABLE_NS_ASSERTIONS = NO;
				ENABLE_STRICT_OBJC_MSGSEND = YES;
				GCC_C_LANGUAGE_STANDARD = gnu11;
				GCC_NO_COMMON_BLOCKS = YES;
				GCC_WARN_64_TO_32_BIT_CONVERSION = YES;
				GCC_WARN_ABOUT_RETURN_TYPE = YES_ERROR;
				GCC_WARN_UNDECLARED_SELECTOR = YES;
				GCC_WARN_UNINITIALIZED_AUTOS = YES_AGGRESSIVE;
				GCC_WARN_UNUSED_FUNCTION = YES;
				GCC_WARN_UNUSED_VARIABLE = YES;
				IPHONEOS_DEPLOYMENT_TARGET = 16.1;
				MTL_ENABLE_DEBUG_INFO = NO;
				MTL_FAST_MATH = YES;
				SDKROOT = iphoneos;
				SWIFT_COMPILATION_MODE = wholemodule;
				SWIFT_OPTIMIZATION_LEVEL = "-O";
				VALIDATE_PRODUCT = YES;
			};
			name = Release;
		};
		D45D1AB5292BC809008A4402 /* Debug */ = {
			isa = XCBuildConfiguration;
			buildSettings = {
				ASSETCATALOG_COMPILER_APPICON_NAME = AppIcon;
				ASSETCATALOG_COMPILER_GLOBAL_ACCENT_COLOR_NAME = AccentColor;
				CODE_SIGN_STYLE = Automatic;
				CURRENT_PROJECT_VERSION = 1;
				DEVELOPMENT_TEAM = 6XVG78PFQ7;
				GENERATE_INFOPLIST_FILE = YES;
				INFOPLIST_FILE = "AppleFramework-SB/Info.plist";
				INFOPLIST_KEY_UIApplicationSupportsIndirectInputEvents = YES;
				INFOPLIST_KEY_UILaunchStoryboardName = LaunchScreen;
				INFOPLIST_KEY_UIMainStoryboardFile = Main;
				INFOPLIST_KEY_UISupportedInterfaceOrientations_iPad = "UIInterfaceOrientationPortrait UIInterfaceOrientationPortraitUpsideDown UIInterfaceOrientationLandscapeLeft UIInterfaceOrientationLandscapeRight";
				INFOPLIST_KEY_UISupportedInterfaceOrientations_iPhone = "UIInterfaceOrientationPortrait UIInterfaceOrientationLandscapeLeft UIInterfaceOrientationLandscapeRight";
				LD_RUNPATH_SEARCH_PATHS = (
					"$(inherited)",
					"@executable_path/Frameworks",
				);
				MARKETING_VERSION = 1.0;
				PRODUCT_BUNDLE_IDENTIFIER = "com.idghst.AppleFramework-SB";
				PRODUCT_NAME = "$(TARGET_NAME)";
				SWIFT_EMIT_LOC_STRINGS = YES;
				SWIFT_VERSION = 5.0;
				TARGETED_DEVICE_FAMILY = "1,2";
			};
			name = Debug;
		};
		D45D1AB6292BC809008A4402 /* Release */ = {
			isa = XCBuildConfiguration;
			buildSettings = {
				ASSETCATALOG_COMPILER_APPICON_NAME = AppIcon;
				ASSETCATALOG_COMPILER_GLOBAL_ACCENT_COLOR_NAME = AccentColor;
				CODE_SIGN_STYLE = Automatic;
				CURRENT_PROJECT_VERSION = 1;
				DEVELOPMENT_TEAM = 6XVG78PFQ7;
				GENERATE_INFOPLIST_FILE = YES;
				INFOPLIST_FILE = "AppleFramework-SB/Info.plist";
				INFOPLIST_KEY_UIApplicationSupportsIndirectInputEvents = YES;
				INFOPLIST_KEY_UILaunchStoryboardName = LaunchScreen;
				INFOPLIST_KEY_UIMainStoryboardFile = Main;
				INFOPLIST_KEY_UISupportedInterfaceOrientations_iPad = "UIInterfaceOrientationPortrait UIInterfaceOrientationPortraitUpsideDown UIInterfaceOrientationLandscapeLeft UIInterfaceOrientationLandscapeRight";
				INFOPLIST_KEY_UISupportedInterfaceOrientations_iPhone = "UIInterfaceOrientationPortrait UIInterfaceOrientationLandscapeLeft UIInterfaceOrientationLandscapeRight";
				LD_RUNPATH_SEARCH_PATHS = (
					"$(inherited)",
					"@executable_path/Frameworks",
				);
				MARKETING_VERSION = 1.0;
				PRODUCT_BUNDLE_IDENTIFIER = "com.idghst.AppleFramework-SB";
				PRODUCT_NAME = "$(TARGET_NAME)";
				SWIFT_EMIT_LOC_STRINGS = YES;
				SWIFT_VERSION = 5.0;
				TARGETED_DEVICE_FAMILY = "1,2";
			};
			name = Release;
		};
		D45D1AB8292BC809008A4402 /* Debug */ = {
			isa = XCBuildConfiguration;
			buildSettings = {
				ALWAYS_EMBED_SWIFT_STANDARD_LIBRARIES = YES;
				BUNDLE_LOADER = "$(TEST_HOST)";
				CODE_SIGN_STYLE = Automatic;
				CURRENT_PROJECT_VERSION = 1;
				DEVELOPMENT_TEAM = 6XVG78PFQ7;
				GENERATE_INFOPLIST_FILE = YES;
				IPHONEOS_DEPLOYMENT_TARGET = 16.1;
				MARKETING_VERSION = 1.0;
				PRODUCT_BUNDLE_IDENTIFIER = "com.idghst.AppleFramework-SBTests";
				PRODUCT_NAME = "$(TARGET_NAME)";
				SWIFT_EMIT_LOC_STRINGS = NO;
				SWIFT_VERSION = 5.0;
				TARGETED_DEVICE_FAMILY = "1,2";
				TEST_HOST = "$(BUILT_PRODUCTS_DIR)/AppleFramework-SB.app/$(BUNDLE_EXECUTABLE_FOLDER_PATH)/AppleFramework-SB";
			};
			name = Debug;
		};
		D45D1AB9292BC809008A4402 /* Release */ = {
			isa = XCBuildConfiguration;
			buildSettings = {
				ALWAYS_EMBED_SWIFT_STANDARD_LIBRARIES = YES;
				BUNDLE_LOADER = "$(TEST_HOST)";
				CODE_SIGN_STYLE = Automatic;
				CURRENT_PROJECT_VERSION = 1;
				DEVELOPMENT_TEAM = 6XVG78PFQ7;
				GENERATE_INFOPLIST_FILE = YES;
				IPHONEOS_DEPLOYMENT_TARGET = 16.1;
				MARKETING_VERSION = 1.0;
				PRODUCT_BUNDLE_IDENTIFIER = "com.idghst.AppleFramework-SBTests";
				PRODUCT_NAME = "$(TARGET_NAME)";
				SWIFT_EMIT_LOC_STRINGS = NO;
				SWIFT_VERSION = 5.0;
				TARGETED_DEVICE_FAMILY = "1,2";
				TEST_HOST = "$(BUILT_PRODUCTS_DIR)/AppleFramework-SB.app/$(BUNDLE_EXECUTABLE_FOLDER_PATH)/AppleFramework-SB";
			};
			name = Release;
		};
		D45D1ABB292BC809008A4402 /* Debug */ = {
			isa = XCBuildConfiguration;
			buildSettings = {
				ALWAYS_EMBED_SWIFT_STANDARD_LIBRARIES = YES;
				CODE_SIGN_STYLE = Automatic;
				CURRENT_PROJECT_VERSION = 1;
				DEVELOPMENT_TEAM = 6XVG78PFQ7;
				GENERATE_INFOPLIST_FILE = YES;
				MARKETING_VERSION = 1.0;
				PRODUCT_BUNDLE_IDENTIFIER = "com.idghst.AppleFramework-SBUITests";
				PRODUCT_NAME = "$(TARGET_NAME)";
				SWIFT_EMIT_LOC_STRINGS = NO;
				SWIFT_VERSION = 5.0;
				TARGETED_DEVICE_FAMILY = "1,2";
				TEST_TARGET_NAME = "AppleFramework-SB";
			};
			name = Debug;
		};
		D45D1ABC292BC809008A4402 /* Release */ = {
			isa = XCBuildConfiguration;
			buildSettings = {
				ALWAYS_EMBED_SWIFT_STANDARD_LIBRARIES = YES;
				CODE_SIGN_STYLE = Automatic;
				CURRENT_PROJECT_VERSION = 1;
				DEVELOPMENT_TEAM = 6XVG78PFQ7;
				GENERATE_INFOPLIST_FILE = YES;
				MARKETING_VERSION = 1.0;
				PRODUCT_BUNDLE_IDENTIFIER = "com.idghst.AppleFramework-SBUITests";
				PRODUCT_NAME = "$(TARGET_NAME)";
				SWIFT_EMIT_LOC_STRINGS = NO;
				SWIFT_VERSION = 5.0;
				TARGETED_DEVICE_FAMILY = "1,2";
				TEST_TARGET_NAME = "AppleFramework-SB";
			};
			name = Release;
		};
/* End XCBuildConfiguration section */

/* Begin XCConfigurationList section */
		D45D1A85292BC807008A4402 /* Build configuration list for PBXProject "AppleFramework-SB" */ = {
			isa = XCConfigurationList;
			buildConfigurations = (
				D45D1AB2292BC809008A4402 /* Debug */,
				D45D1AB3292BC809008A4402 /* Release */,
			);
			defaultConfigurationIsVisible = 0;
			defaultConfigurationName = Release;
		};
		D45D1AB4292BC809008A4402 /* Build configuration list for PBXNativeTarget "AppleFramework-SB" */ = {
			isa = XCConfigurationList;
			buildConfigurations = (
				D45D1AB5292BC809008A4402 /* Debug */,
				D45D1AB6292BC809008A4402 /* Release */,
			);
			defaultConfigurationIsVisible = 0;
			defaultConfigurationName = Release;
		};
		D45D1AB7292BC809008A4402 /* Build configuration list for PBXNativeTarget "AppleFramework-SBTests" */ = {
			isa = XCConfigurationList;
			buildConfigurations = (
				D45D1AB8292BC809008A4402 /* Debug */,
				D45D1AB9292BC809008A4402 /* Release */,
			);
			defaultConfigurationIsVisible = 0;
			defaultConfigurationName = Release;
		};
		D45D1ABA292BC809008A4402 /* Build configuration list for PBXNativeTarget "AppleFramework-SBUITests" */ = {
			isa = XCConfigurationList;
			buildConfigurations = (
				D45D1ABB292BC809008A4402 /* Debug */,
				D45D1ABC292BC809008A4402 /* Release */,
			);
			defaultConfigurationIsVisible = 0;
			defaultConfigurationName = Release;
		};
/* End XCConfigurationList section */
	};
	rootObject = D45D1A82292BC807008A4402 /* Project object */;
}
