// !$*UTF8*$!
{
	archiveVersion = 1;
	classes = {
	};
	objectVersion = 56;
	objects = {

/* Begin PBXBuildFile section */
		F46F789C29ABEB5B00A9972E /* AppleFramework_SwiftUIApp.swift in Sources */ = {isa = PBXBuildFile; fileRef = F46F789B29ABEB5B00A9972E /* AppleFramework_SwiftUIApp.swift */; };
		F46F789E29ABEB5B00A9972E /* FrameworkListView.swift in Sources */ = {isa = PBXBuildFile; fileRef = F46F789D29ABEB5B00A9972E /* FrameworkListView.swift */; };
		F46F78A029ABEB5C00A9972E /* Assets.xcassets in Resources */ = {isa = PBXBuildFile; fileRef = F46F789F29ABEB5C00A9972E /* Assets.xcassets */; };
		F46F78A329ABEB5C00A9972E /* Preview Assets.xcassets in Resources */ = {isa = PBXBuildFile; fileRef = F46F78A229ABEB5C00A9972E /* Preview Assets.xcassets */; };
		F46F78AD29ABEB5C00A9972E /* AppleFramework_SwiftUITests.swift in Sources */ = {isa = PBXBuildFile; fileRef = F46F78AC29ABEB5C00A9972E /* AppleFramework_SwiftUITests.swift */; };
		F46F78B729ABEB5C00A9972E /* AppleFramework_SwiftUIUITests.swift in Sources */ = {isa = PBXBuildFile; fileRef = F46F78B629ABEB5C00A9972E /* AppleFramework_SwiftUIUITests.swift */; };
		F46F78B929ABEB5C00A9972E /* AppleFramework_SwiftUIUITestsLaunchTests.swift in Sources */ = {isa = PBXBuildFile; fileRef = F46F78B829ABEB5C00A9972E /* AppleFramework_SwiftUIUITestsLaunchTests.swift */; };
		F46F78C629ABEBCE00A9972E /* FramewokData.swift in Sources */ = {isa = PBXBuildFile; fileRef = F46F78C529ABEBCE00A9972E /* FramewokData.swift */; };
		F46F78C829ABEC0000A9972E /* FrameworkCell.swift in Sources */ = {isa = PBXBuildFile; fileRef = F46F78C729ABEC0000A9972E /* FrameworkCell.swift */; };
/* End PBXBuildFile section */

/* Begin PBXContainerItemProxy section */
		F46F78A929ABEB5C00A9972E /* PBXContainerItemProxy */ = {
			isa = PBXContainerItemProxy;
			containerPortal = F46F789029ABEB5B00A9972E /* Project object */;
			proxyType = 1;
			remoteGlobalIDString = F46F789729ABEB5B00A9972E;
			remoteInfo = "AppleFramework-SwiftUI";
		};
		F46F78B329ABEB5C00A9972E /* PBXContainerItemProxy */ = {
			isa = PBXContainerItemProxy;
			containerPortal = F46F789029ABEB5B00A9972E /* Project object */;
			proxyType = 1;
			remoteGlobalIDString = F46F789729ABEB5B00A9972E;
			remoteInfo = "AppleFramework-SwiftUI";
		};
/* End PBXContainerItemProxy section */

/* Begin PBXFileReference section */
		F46F789829ABEB5B00A9972E /* AppleFramework-SwiftUI.app */ = {isa = PBXFileReference; explicitFileType = wrapper.application; includeInIndex = 0; path = "AppleFramework-SwiftUI.app"; sourceTree = BUILT_PRODUCTS_DIR; };
		F46F789B29ABEB5B00A9972E /* AppleFramework_SwiftUIApp.swift */ = {isa = PBXFileReference; lastKnownFileType = sourcecode.swift; path = AppleFramework_SwiftUIApp.swift; sourceTree = "<group>"; };
		F46F789D29ABEB5B00A9972E /* FrameworkListView.swift */ = {isa = PBXFileReference; lastKnownFileType = sourcecode.swift; path = FrameworkListView.swift; sourceTree = "<group>"; };
		F46F789F29ABEB5C00A9972E /* Assets.xcassets */ = {isa = PBXFileReference; lastKnownFileType = folder.assetcatalog; path = Assets.xcassets; sourceTree = "<group>"; };
		F46F78A229ABEB5C00A9972E /* Preview Assets.xcassets */ = {isa = PBXFileReference; lastKnownFileType = folder.assetcatalog; path = "Preview Assets.xcassets"; sourceTree = "<group>"; };
		F46F78A829ABEB5C00A9972E /* AppleFramework-SwiftUITests.xctest */ = {isa = PBXFileReference; explicitFileType = wrapper.cfbundle; includeInIndex = 0; path = "AppleFramework-SwiftUITests.xctest"; sourceTree = BUILT_PRODUCTS_DIR; };
		F46F78AC29ABEB5C00A9972E /* AppleFramework_SwiftUITests.swift */ = {isa = PBXFileReference; lastKnownFileType = sourcecode.swift; path = AppleFramework_SwiftUITests.swift; sourceTree = "<group>"; };
		F46F78B229ABEB5C00A9972E /* AppleFramework-SwiftUIUITests.xctest */ = {isa = PBXFileReference; explicitFileType = wrapper.cfbundle; includeInIndex = 0; path = "AppleFramework-SwiftUIUITests.xctest"; sourceTree = BUILT_PRODUCTS_DIR; };
		F46F78B629ABEB5C00A9972E /* AppleFramework_SwiftUIUITests.swift */ = {isa = PBXFileReference; lastKnownFileType = sourcecode.swift; path = AppleFramework_SwiftUIUITests.swift; sourceTree = "<group>"; };
		F46F78B829ABEB5C00A9972E /* AppleFramework_SwiftUIUITestsLaunchTests.swift */ = {isa = PBXFileReference; lastKnownFileType = sourcecode.swift; path = AppleFramework_SwiftUIUITestsLaunchTests.swift; sourceTree = "<group>"; };
		F46F78C529ABEBCE00A9972E /* FramewokData.swift */ = {isa = PBXFileReference; fileEncoding = 4; lastKnownFileType = sourcecode.swift; path = FramewokData.swift; sourceTree = "<group>"; };
		F46F78C729ABEC0000A9972E /* FrameworkCell.swift */ = {isa = PBXFileReference; lastKnownFileType = sourcecode.swift; path = FrameworkCell.swift; sourceTree = "<group>"; };
/* End PBXFileReference section */

/* Begin PBXFrameworksBuildPhase section */
		F46F789529ABEB5B00A9972E /* Frameworks */ = {
			isa = PBXFrameworksBuildPhase;
			buildActionMask = 2147483647;
			files = (
			);
			runOnlyForDeploymentPostprocessing = 0;
		};
		F46F78A529ABEB5C00A9972E /* Frameworks */ = {
			isa = PBXFrameworksBuildPhase;
			buildActionMask = 2147483647;
			files = (
			);
			runOnlyForDeploymentPostprocessing = 0;
		};
		F46F78AF29ABEB5C00A9972E /* Frameworks */ = {
			isa = PBXFrameworksBuildPhase;
			buildActionMask = 2147483647;
			files = (
			);
			runOnlyForDeploymentPostprocessing = 0;
		};
/* End PBXFrameworksBuildPhase section */

/* Begin PBXGroup section */
		F46F788F29ABEB5B00A9972E = {
			isa = PBXGroup;
			children = (
				F46F789A29ABEB5B00A9972E /* AppleFramework-SwiftUI */,
				F46F78AB29ABEB5C00A9972E /* AppleFramework-SwiftUITests */,
				F46F78B529ABEB5C00A9972E /* AppleFramework-SwiftUIUITests */,
				F46F789929ABEB5B00A9972E /* Products */,
			);
			sourceTree = "<group>";
		};
		F46F789929ABEB5B00A9972E /* Products */ = {
			isa = PBXGroup;
			children = (
				F46F789829ABEB5B00A9972E /* AppleFramework-SwiftUI.app */,
				F46F78A829ABEB5C00A9972E /* AppleFramework-SwiftUITests.xctest */,
				F46F78B229ABEB5C00A9972E /* AppleFramework-SwiftUIUITests.xctest */,
			);
			name = Products;
			sourceTree = "<group>";
		};
		F46F789A29ABEB5B00A9972E /* AppleFramework-SwiftUI */ = {
			isa = PBXGroup;
			children = (
				F46F789B29ABEB5B00A9972E /* AppleFramework_SwiftUIApp.swift */,
				F46F78C729ABEC0000A9972E /* FrameworkCell.swift */,
				F46F789D29ABEB5B00A9972E /* FrameworkListView.swift */,
				F46F78C529ABEBCE00A9972E /* FramewokData.swift */,
				F46F789F29ABEB5C00A9972E /* Assets.xcassets */,
				F46F78A129ABEB5C00A9972E /* Preview Content */,
			);
			path = "AppleFramework-SwiftUI";
			sourceTree = "<group>";
		};
		F46F78A129ABEB5C00A9972E /* Preview Content */ = {
			isa = PBXGroup;
			children = (
				F46F78A229ABEB5C00A9972E /* Preview Assets.xcassets */,
			);
			path = "Preview Content";
			sourceTree = "<group>";
		};
		F46F78AB29ABEB5C00A9972E /* AppleFramework-SwiftUITests */ = {
			isa = PBXGroup;
			children = (
				F46F78AC29ABEB5C00A9972E /* AppleFramework_SwiftUITests.swift */,
			);
			path = "AppleFramework-SwiftUITests";
			sourceTree = "<group>";
		};
		F46F78B529ABEB5C00A9972E /* AppleFramework-SwiftUIUITests */ = {
			isa = PBXGroup;
			children = (
				F46F78B629ABEB5C00A9972E /* AppleFramework_SwiftUIUITests.swift */,
				F46F78B829ABEB5C00A9972E /* AppleFramework_SwiftUIUITestsLaunchTests.swift */,
			);
			path = "AppleFramework-SwiftUIUITests";
			sourceTree = "<group>";
		};
/* End PBXGroup section */

/* Begin PBXNativeTarget section */
		F46F789729ABEB5B00A9972E /* AppleFramework-SwiftUI */ = {
			isa = PBXNativeTarget;
			buildConfigurationList = F46F78BC29ABEB5C00A9972E /* Build configuration list for PBXNativeTarget "AppleFramework-SwiftUI" */;
			buildPhases = (
				F46F789429ABEB5B00A9972E /* Sources */,
				F46F789529ABEB5B00A9972E /* Frameworks */,
				F46F789629ABEB5B00A9972E /* Resources */,
			);
			buildRules = (
			);
			dependencies = (
			);
			name = "AppleFramework-SwiftUI";
			productName = "AppleFramework-SwiftUI";
			productReference = F46F789829ABEB5B00A9972E /* AppleFramework-SwiftUI.app */;
			productType = "com.apple.product-type.application";
		};
		F46F78A729ABEB5C00A9972E /* AppleFramework-SwiftUITests */ = {
			isa = PBXNativeTarget;
			buildConfigurationList = F46F78BF29ABEB5C00A9972E /* Build configuration list for PBXNativeTarget "AppleFramework-SwiftUITests" */;
			buildPhases = (
				F46F78A429ABEB5C00A9972E /* Sources */,
				F46F78A529ABEB5C00A9972E /* Frameworks */,
				F46F78A629ABEB5C00A9972E /* Resources */,
			);
			buildRules = (
			);
			dependencies = (
				F46F78AA29ABEB5C00A9972E /* PBXTargetDependency */,
			);
			name = "AppleFramework-SwiftUITests";
			productName = "AppleFramework-SwiftUITests";
			productReference = F46F78A829ABEB5C00A9972E /* AppleFramework-SwiftUITests.xctest */;
			productType = "com.apple.product-type.bundle.unit-test";
		};
		F46F78B129ABEB5C00A9972E /* AppleFramework-SwiftUIUITests */ = {
			isa = PBXNativeTarget;
			buildConfigurationList = F46F78C229ABEB5C00A9972E /* Build configuration list for PBXNativeTarget "AppleFramework-SwiftUIUITests" */;
			buildPhases = (
				F46F78AE29ABEB5C00A9972E /* Sources */,
				F46F78AF29ABEB5C00A9972E /* Frameworks */,
				F46F78B029ABEB5C00A9972E /* Resources */,
			);
			buildRules = (
			);
			dependencies = (
				F46F78B429ABEB5C00A9972E /* PBXTargetDependency */,
			);
			name = "AppleFramework-SwiftUIUITests";
			productName = "AppleFramework-SwiftUIUITests";
			productReference = F46F78B229ABEB5C00A9972E /* AppleFramework-SwiftUIUITests.xctest */;
			productType = "com.apple.product-type.bundle.ui-testing";
		};
/* End PBXNativeTarget section */

/* Begin PBXProject section */
		F46F789029ABEB5B00A9972E /* Project object */ = {
			isa = PBXProject;
			attributes = {
				BuildIndependentTargetsInParallel = 1;
				LastSwiftUpdateCheck = 1420;
				LastUpgradeCheck = 1420;
				TargetAttributes = {
					F46F789729ABEB5B00A9972E = {
						CreatedOnToolsVersion = 14.2;
					};
					F46F78A729ABEB5C00A9972E = {
						CreatedOnToolsVersion = 14.2;
						TestTargetID = F46F789729ABEB5B00A9972E;
					};
					F46F78B129ABEB5C00A9972E = {
						CreatedOnToolsVersion = 14.2;
						TestTargetID = F46F789729ABEB5B00A9972E;
					};
				};
			};
			buildConfigurationList = F46F789329ABEB5B00A9972E /* Build configuration list for PBXProject "AppleFramework-SwiftUI" */;
			compatibilityVersion = "Xcode 14.0";
			developmentRegion = en;
			hasScannedForEncodings = 0;
			knownRegions = (
				en,
				Base,
			);
			mainGroup = F46F788F29ABEB5B00A9972E;
			productRefGroup = F46F789929ABEB5B00A9972E /* Products */;
			projectDirPath = "";
			projectRoot = "";
			targets = (
				F46F789729ABEB5B00A9972E /* AppleFramework-SwiftUI */,
				F46F78A729ABEB5C00A9972E /* AppleFramework-SwiftUITests */,
				F46F78B129ABEB5C00A9972E /* AppleFramework-SwiftUIUITests */,
			);
		};
/* End PBXProject section */

/* Begin PBXResourcesBuildPhase section */
		F46F789629ABEB5B00A9972E /* Resources */ = {
			isa = PBXResourcesBuildPhase;
			buildActionMask = 2147483647;
			files = (
				F46F78A329ABEB5C00A9972E /* Preview Assets.xcassets in Resources */,
				F46F78A029ABEB5C00A9972E /* Assets.xcassets in Resources */,
			);
			runOnlyForDeploymentPostprocessing = 0;
		};
		F46F78A629ABEB5C00A9972E /* Resources */ = {
			isa = PBXResourcesBuildPhase;
			buildActionMask = 2147483647;
			files = (
			);
			runOnlyForDeploymentPostprocessing = 0;
		};
		F46F78B029ABEB5C00A9972E /* Resources */ = {
			isa = PBXResourcesBuildPhase;
			buildActionMask = 2147483647;
			files = (
			);
			runOnlyForDeploymentPostprocessing = 0;
		};
/* End PBXResourcesBuildPhase section */

/* Begin PBXSourcesBuildPhase section */
		F46F789429ABEB5B00A9972E /* Sources */ = {
			isa = PBXSourcesBuildPhase;
			buildActionMask = 2147483647;
			files = (
				F46F78C829ABEC0000A9972E /* FrameworkCell.swift in Sources */,
				F46F789E29ABEB5B00A9972E /* FrameworkListView.swift in Sources */,
				F46F78C629ABEBCE00A9972E /* FramewokData.swift in Sources */,
				F46F789C29ABEB5B00A9972E /* AppleFramework_SwiftUIApp.swift in Sources */,
			);
			runOnlyForDeploymentPostprocessing = 0;
		};
		F46F78A429ABEB5C00A9972E /* Sources */ = {
			isa = PBXSourcesBuildPhase;
			buildActionMask = 2147483647;
			files = (
				F46F78AD29ABEB5C00A9972E /* AppleFramework_SwiftUITests.swift in Sources */,
			);
			runOnlyForDeploymentPostprocessing = 0;
		};
		F46F78AE29ABEB5C00A9972E /* Sources */ = {
			isa = PBXSourcesBuildPhase;
			buildActionMask = 2147483647;
			files = (
				F46F78B929ABEB5C00A9972E /* AppleFramework_SwiftUIUITestsLaunchTests.swift in Sources */,
				F46F78B729ABEB5C00A9972E /* AppleFramework_SwiftUIUITests.swift in Sources */,
			);
			runOnlyForDeploymentPostprocessing = 0;
		};
/* End PBXSourcesBuildPhase section */

/* Begin PBXTargetDependency section */
		F46F78AA29ABEB5C00A9972E /* PBXTargetDependency */ = {
			isa = PBXTargetDependency;
			target = F46F789729ABEB5B00A9972E /* AppleFramework-SwiftUI */;
			targetProxy = F46F78A929ABEB5C00A9972E /* PBXContainerItemProxy */;
		};
		F46F78B429ABEB5C00A9972E /* PBXTargetDependency */ = {
			isa = PBXTargetDependency;
			target = F46F789729ABEB5B00A9972E /* AppleFramework-SwiftUI */;
			targetProxy = F46F78B329ABEB5C00A9972E /* PBXContainerItemProxy */;
		};
/* End PBXTargetDependency section */

/* Begin XCBuildConfiguration section */
		F46F78BA29ABEB5C00A9972E /* Debug */ = {
			isa = XCBuildConfiguration;
			buildSettings = {
				ALWAYS_SEARCH_USER_PATHS = NO;
				CLANG_ANALYZER_NONNULL = YES;
				CLANG_ANALYZER_NUMBER_OBJECT_CONVERSION = YES_AGGRESSIVE;
				CLANG_CXX_LANGUAGE_STANDARD = "gnu++20";
				CLANG_ENABLE_MODULES = YES;
				CLANG_ENABLE_OBJC_ARC = YES;
				CLANG_ENABLE_OBJC_WEAK = YES;
				CLANG_WARN_BLOCK_CAPTURE_AUTORELEASING = YES;
				CLANG_WARN_BOOL_CONVERSION = YES;
				CLANG_WARN_COMMA = YES;
				CLANG_WARN_CONSTANT_CONVERSION = YES;
				CLANG_WARN_DEPRECATED_OBJC_IMPLEMENTATIONS = YES;
				CLANG_WARN_DIRECT_OBJC_ISA_USAGE = YES_ERROR;
				CLANG_WARN_DOCUMENTATION_COMMENTS = YES;
				CLANG_WARN_EMPTY_BODY = YES;
				CLANG_WARN_ENUM_CONVERSION = YES;
				CLANG_WARN_INFINITE_RECURSION = YES;
				CLANG_WARN_INT_CONVERSION = YES;
				CLANG_WARN_NON_LITERAL_NULL_CONVERSION = YES;
				CLANG_WARN_OBJC_IMPLICIT_RETAIN_SELF = YES;
				CLANG_WARN_OBJC_LITERAL_CONVERSION = YES;
				CLANG_WARN_OBJC_ROOT_CLASS = YES_ERROR;
				CLANG_WARN_QUOTED_INCLUDE_IN_FRAMEWORK_HEADER = YES;
				CLANG_WARN_RANGE_LOOP_ANALYSIS = YES;
				CLANG_WARN_STRICT_PROTOTYPES = YES;
				CLANG_WARN_SUSPICIOUS_MOVE = YES;
				CLANG_WARN_UNGUARDED_AVAILABILITY = YES_AGGRESSIVE;
				CLANG_WARN_UNREACHABLE_CODE = YES;
				CLANG_WARN__DUPLICATE_METHOD_MATCH = YES;
				COPY_PHASE_STRIP = NO;
				DEBUG_INFORMATION_FORMAT = dwarf;
				ENABLE_STRICT_OBJC_MSGSEND = YES;
				ENABLE_TESTABILITY = YES;
				GCC_C_LANGUAGE_STANDARD = gnu11;
				GCC_DYNAMIC_NO_PIC = NO;
				GCC_NO_COMMON_BLOCKS = YES;
				GCC_OPTIMIZATION_LEVEL = 0;
				GCC_PREPROCESSOR_DEFINITIONS = (
					"DEBUG=1",
					"$(inherited)",
				);
				GCC_WARN_64_TO_32_BIT_CONVERSION = YES;
				GCC_WARN_ABOUT_RETURN_TYPE = YES_ERROR;
				GCC_WARN_UNDECLARED_SELECTOR = YES;
				GCC_WARN_UNINITIALIZED_AUTOS = YES_AGGRESSIVE;
				GCC_WARN_UNUSED_FUNCTION = YES;
				GCC_WARN_UNUSED_VARIABLE = YES;
				IPHONEOS_DEPLOYMENT_TARGET = 16.2;
				MTL_ENABLE_DEBUG_INFO = INCLUDE_SOURCE;
				MTL_FAST_MATH = YES;
				ONLY_ACTIVE_ARCH = YES;
				SDKROOT = iphoneos;
				SWIFT_ACTIVE_COMPILATION_CONDITIONS = DEBUG;
				SWIFT_OPTIMIZATION_LEVEL = "-Onone";
			};
			name = Debug;
		};
		F46F78BB29ABEB5C00A9972E /* Release */ = {
			isa = XCBuildConfiguration;
			buildSettings = {
				ALWAYS_SEARCH_USER_PATHS = NO;
				CLANG_ANALYZER_NONNULL = YES;
				CLANG_ANALYZER_NUMBER_OBJECT_CONVERSION = YES_AGGRESSIVE;
				CLANG_CXX_LANGUAGE_STANDARD = "gnu++20";
				CLANG_ENABLE_MODULES = YES;
				CLANG_ENABLE_OBJC_ARC = YES;
				CLANG_ENABLE_OBJC_WEAK = YES;
				CLANG_WARN_BLOCK_CAPTURE_AUTORELEASING = YES;
				CLANG_WARN_BOOL_CONVERSION = YES;
				CLANG_WARN_COMMA = YES;
				CLANG_WARN_CONSTANT_CONVERSION = YES;
				CLANG_WARN_DEPRECATED_OBJC_IMPLEMENTATIONS = YES;
				CLANG_WARN_DIRECT_OBJC_ISA_USAGE = YES_ERROR;
				CLANG_WARN_DOCUMENTATION_COMMENTS = YES;
				CLANG_WARN_EMPTY_BODY = YES;
				CLANG_WARN_ENUM_CONVERSION = YES;
				CLANG_WARN_INFINITE_RECURSION = YES;
				CLANG_WARN_INT_CONVERSION = YES;
				CLANG_WARN_NON_LITERAL_NULL_CONVERSION = YES;
				CLANG_WARN_OBJC_IMPLICIT_RETAIN_SELF = YES;
				CLANG_WARN_OBJC_LITERAL_CONVERSION = YES;
				CLANG_WARN_OBJC_ROOT_CLASS = YES_ERROR;
				CLANG_WARN_QUOTED_INCLUDE_IN_FRAMEWORK_HEADER = YES;
				CLANG_WARN_RANGE_LOOP_ANALYSIS = YES;
				CLANG_WARN_STRICT_PROTOTYPES = YES;
				CLANG_WARN_SUSPICIOUS_MOVE = YES;
				CLANG_WARN_UNGUARDED_AVAILABILITY = YES_AGGRESSIVE;
				CLANG_WARN_UNREACHABLE_CODE = YES;
				CLANG_WARN__DUPLICATE_METHOD_MATCH = YES;
				COPY_PHASE_STRIP = NO;
				DEBUG_INFORMATION_FORMAT = "dwarf-with-dsym";
				ENABLE_NS_ASSERTIONS = NO;
				ENABLE_STRICT_OBJC_MSGSEND = YES;
				GCC_C_LANGUAGE_STANDARD = gnu11;
				GCC_NO_COMMON_BLOCKS = YES;
				GCC_WARN_64_TO_32_BIT_CONVERSION = YES;
				GCC_WARN_ABOUT_RETURN_TYPE = YES_ERROR;
				GCC_WARN_UNDECLARED_SELECTOR = YES;
				GCC_WARN_UNINITIALIZED_AUTOS = YES_AGGRESSIVE;
				GCC_WARN_UNUSED_FUNCTION = YES;
				GCC_WARN_UNUSED_VARIABLE = YES;
				IPHONEOS_DEPLOYMENT_TARGET = 16.2;
				MTL_ENABLE_DEBUG_INFO = NO;
				MTL_FAST_MATH = YES;
				SDKROOT = iphoneos;
				SWIFT_COMPILATION_MODE = wholemodule;
				SWIFT_OPTIMIZATION_LEVEL = "-O";
				VALIDATE_PRODUCT = YES;
			};
			name = Release;
		};
		F46F78BD29ABEB5C00A9972E /* Debug */ = {
			isa = XCBuildConfiguration;
			buildSettings = {
				ASSETCATALOG_COMPILER_APPICON_NAME = AppIcon;
				ASSETCATALOG_COMPILER_GLOBAL_ACCENT_COLOR_NAME = AccentColor;
				CODE_SIGN_STYLE = Automatic;
				CURRENT_PROJECT_VERSION = 1;
				DEVELOPMENT_ASSET_PATHS = "\"AppleFramework-SwiftUI/Preview Content\"";
				DEVELOPMENT_TEAM = 6XVG78PFQ7;
				ENABLE_PREVIEWS = YES;
				GENERATE_INFOPLIST_FILE = YES;
				INFOPLIST_KEY_UIApplicationSceneManifest_Generation = YES;
				INFOPLIST_KEY_UIApplicationSupportsIndirectInputEvents = YES;
				INFOPLIST_KEY_UILaunchScreen_Generation = YES;
				INFOPLIST_KEY_UISupportedInterfaceOrientations_iPad = "UIInterfaceOrientationPortrait UIInterfaceOrientationPortraitUpsideDown UIInterfaceOrientationLandscapeLeft UIInterfaceOrientationLandscapeRight";
				INFOPLIST_KEY_UISupportedInterfaceOrientations_iPhone = "UIInterfaceOrientationPortrait UIInterfaceOrientationLandscapeLeft UIInterfaceOrientationLandscapeRight";
				LD_RUNPATH_SEARCH_PATHS = (
					"$(inherited)",
					"@executable_path/Frameworks",
				);
				MARKETING_VERSION = 1.0;
				PRODUCT_BUNDLE_IDENTIFIER = "com.idghst.AppleFramework-SwiftUI";
				PRODUCT_NAME = "$(TARGET_NAME)";
				SWIFT_EMIT_LOC_STRINGS = YES;
				SWIFT_VERSION = 5.0;
				TARGETED_DEVICE_FAMILY = "1,2";
			};
			name = Debug;
		};
		F46F78BE29ABEB5C00A9972E /* Release */ = {
			isa = XCBuildConfiguration;
			buildSettings = {
				ASSETCATALOG_COMPILER_APPICON_NAME = AppIcon;
				ASSETCATALOG_COMPILER_GLOBAL_ACCENT_COLOR_NAME = AccentColor;
				CODE_SIGN_STYLE = Automatic;
				CURRENT_PROJECT_VERSION = 1;
				DEVELOPMENT_ASSET_PATHS = "\"AppleFramework-SwiftUI/Preview Content\"";
				DEVELOPMENT_TEAM = 6XVG78PFQ7;
				ENABLE_PREVIEWS = YES;
				GENERATE_INFOPLIST_FILE = YES;
				INFOPLIST_KEY_UIApplicationSceneManifest_Generation = YES;
				INFOPLIST_KEY_UIApplicationSupportsIndirectInputEvents = YES;
				INFOPLIST_KEY_UILaunchScreen_Generation = YES;
				INFOPLIST_KEY_UISupportedInterfaceOrientations_iPad = "UIInterfaceOrientationPortrait UIInterfaceOrientationPortraitUpsideDown UIInterfaceOrientationLandscapeLeft UIInterfaceOrientationLandscapeRight";
				INFOPLIST_KEY_UISupportedInterfaceOrientations_iPhone = "UIInterfaceOrientationPortrait UIInterfaceOrientationLandscapeLeft UIInterfaceOrientationLandscapeRight";
				LD_RUNPATH_SEARCH_PATHS = (
					"$(inherited)",
					"@executable_path/Frameworks",
				);
				MARKETING_VERSION = 1.0;
				PRODUCT_BUNDLE_IDENTIFIER = "com.idghst.AppleFramework-SwiftUI";
				PRODUCT_NAME = "$(TARGET_NAME)";
				SWIFT_EMIT_LOC_STRINGS = YES;
				SWIFT_VERSION = 5.0;
				TARGETED_DEVICE_FAMILY = "1,2";
			};
			name = Release;
		};
		F46F78C029ABEB5C00A9972E /* Debug */ = {
			isa = XCBuildConfiguration;
			buildSettings = {
				ALWAYS_EMBED_SWIFT_STANDARD_LIBRARIES = YES;
				BUNDLE_LOADER = "$(TEST_HOST)";
				CODE_SIGN_STYLE = Automatic;
				CURRENT_PROJECT_VERSION = 1;
				DEVELOPMENT_TEAM = 6XVG78PFQ7;
				GENERATE_INFOPLIST_FILE = YES;
				IPHONEOS_DEPLOYMENT_TARGET = 16.2;
				MARKETING_VERSION = 1.0;
				PRODUCT_BUNDLE_IDENTIFIER = "com.idghst.AppleFramework-SwiftUITests";
				PRODUCT_NAME = "$(TARGET_NAME)";
				SWIFT_EMIT_LOC_STRINGS = NO;
				SWIFT_VERSION = 5.0;
				TARGETED_DEVICE_FAMILY = "1,2";
				TEST_HOST = "$(BUILT_PRODUCTS_DIR)/AppleFramework-SwiftUI.app/$(BUNDLE_EXECUTABLE_FOLDER_PATH)/AppleFramework-SwiftUI";
			};
			name = Debug;
		};
		F46F78C129ABEB5C00A9972E /* Release */ = {
			isa = XCBuildConfiguration;
			buildSettings = {
				ALWAYS_EMBED_SWIFT_STANDARD_LIBRARIES = YES;
				BUNDLE_LOADER = "$(TEST_HOST)";
				CODE_SIGN_STYLE = Automatic;
				CURRENT_PROJECT_VERSION = 1;
				DEVELOPMENT_TEAM = 6XVG78PFQ7;
				GENERATE_INFOPLIST_FILE = YES;
				IPHONEOS_DEPLOYMENT_TARGET = 16.2;
				MARKETING_VERSION = 1.0;
				PRODUCT_BUNDLE_IDENTIFIER = "com.idghst.AppleFramework-SwiftUITests";
				PRODUCT_NAME = "$(TARGET_NAME)";
				SWIFT_EMIT_LOC_STRINGS = NO;
				SWIFT_VERSION = 5.0;
				TARGETED_DEVICE_FAMILY = "1,2";
				TEST_HOST = "$(BUILT_PRODUCTS_DIR)/AppleFramework-SwiftUI.app/$(BUNDLE_EXECUTABLE_FOLDER_PATH)/AppleFramework-SwiftUI";
			};
			name = Release;
		};
		F46F78C329ABEB5C00A9972E /* Debug */ = {
			isa = XCBuildConfiguration;
			buildSettings = {
				ALWAYS_EMBED_SWIFT_STANDARD_LIBRARIES = YES;
				CODE_SIGN_STYLE = Automatic;
				CURRENT_PROJECT_VERSION = 1;
				DEVELOPMENT_TEAM = 6XVG78PFQ7;
				GENERATE_INFOPLIST_FILE = YES;
				MARKETING_VERSION = 1.0;
				PRODUCT_BUNDLE_IDENTIFIER = "com.idghst.AppleFramework-SwiftUIUITests";
				PRODUCT_NAME = "$(TARGET_NAME)";
				SWIFT_EMIT_LOC_STRINGS = NO;
				SWIFT_VERSION = 5.0;
				TARGETED_DEVICE_FAMILY = "1,2";
				TEST_TARGET_NAME = "AppleFramework-SwiftUI";
			};
			name = Debug;
		};
		F46F78C429ABEB5C00A9972E /* Release */ = {
			isa = XCBuildConfiguration;
			buildSettings = {
				ALWAYS_EMBED_SWIFT_STANDARD_LIBRARIES = YES;
				CODE_SIGN_STYLE = Automatic;
				CURRENT_PROJECT_VERSION = 1;
				DEVELOPMENT_TEAM = 6XVG78PFQ7;
				GENERATE_INFOPLIST_FILE = YES;
				MARKETING_VERSION = 1.0;
				PRODUCT_BUNDLE_IDENTIFIER = "com.idghst.AppleFramework-SwiftUIUITests";
				PRODUCT_NAME = "$(TARGET_NAME)";
				SWIFT_EMIT_LOC_STRINGS = NO;
				SWIFT_VERSION = 5.0;
				TARGETED_DEVICE_FAMILY = "1,2";
				TEST_TARGET_NAME = "AppleFramework-SwiftUI";
			};
			name = Release;
		};
/* End XCBuildConfiguration section */

/* Begin XCConfigurationList section */
		F46F789329ABEB5B00A9972E /* Build configuration list for PBXProject "AppleFramework-SwiftUI" */ = {
			isa = XCConfigurationList;
			buildConfigurations = (
				F46F78BA29ABEB5C00A9972E /* Debug */,
				F46F78BB29ABEB5C00A9972E /* Release */,
			);
			defaultConfigurationIsVisible = 0;
			defaultConfigurationName = Release;
		};
		F46F78BC29ABEB5C00A9972E /* Build configuration list for PBXNativeTarget "AppleFramework-SwiftUI" */ = {
			isa = XCConfigurationList;
			buildConfigurations = (
				F46F78BD29ABEB5C00A9972E /* Debug */,
				F46F78BE29ABEB5C00A9972E /* Release */,
			);
			defaultConfigurationIsVisible = 0;
			defaultConfigurationName = Release;
		};
		F46F78BF29ABEB5C00A9972E /* Build configuration list for PBXNativeTarget "AppleFramework-SwiftUITests" */ = {
			isa = XCConfigurationList;
			buildConfigurations = (
				F46F78C029ABEB5C00A9972E /* Debug */,
				F46F78C129ABEB5C00A9972E /* Release */,
			);
			defaultConfigurationIsVisible = 0;
			defaultConfigurationName = Release;
		};
		F46F78C229ABEB5C00A9972E /* Build configuration list for PBXNativeTarget "AppleFramework-SwiftUIUITests" */ = {
			isa = XCConfigurationList;
			buildConfigurations = (
				F46F78C329ABEB5C00A9972E /* Debug */,
				F46F78C429ABEB5C00A9972E /* Release */,
			);
			defaultConfigurationIsVisible = 0;
			defaultConfigurationName = Release;
		};
/* End XCConfigurationList section */
	};
	rootObject = F46F789029ABEB5B00A9972E /* Project object */;
}
