// !$*UTF8*$!
{
	archiveVersion = 1;
	classes = {
	};
	objectVersion = 56;
	objects = {

/* Begin PBXBuildFile section */
		D45D1A062929469F008A4402 /* AppDelegate.swift in Sources */ = {isa = PBXBuildFile; fileRef = D45D1A052929469F008A4402 /* AppDelegate.swift */; };
		D45D1A082929469F008A4402 /* SceneDelegate.swift in Sources */ = {isa = PBXBuildFile; fileRef = D45D1A072929469F008A4402 /* SceneDelegate.swift */; };
		D45D1A0D2929469F008A4402 /* Main.storyboard in Resources */ = {isa = PBXBuildFile; fileRef = D45D1A0B2929469F008A4402 /* Main.storyboard */; };
		D45D1A0F292946A0008A4402 /* Assets.xcassets in Resources */ = {isa = PBXBuildFile; fileRef = D45D1A0E292946A0008A4402 /* Assets.xcassets */; };
		D45D1A12292946A0008A4402 /* LaunchScreen.storyboard in Resources */ = {isa = PBXBuildFile; fileRef = D45D1A10292946A0008A4402 /* LaunchScreen.storyboard */; };
		D45D1A1D292946A0008A4402 /* ChatList_SBTests.swift in Sources */ = {isa = PBXBuildFile; fileRef = D45D1A1C292946A0008A4402 /* ChatList_SBTests.swift */; };
		D45D1A27292946A0008A4402 /* ChatList_SBUITests.swift in Sources */ = {isa = PBXBuildFile; fileRef = D45D1A26292946A0008A4402 /* ChatList_SBUITests.swift */; };
		D45D1A29292946A0008A4402 /* ChatList_SBUITestsLaunchTests.swift in Sources */ = {isa = PBXBuildFile; fileRef = D45D1A28292946A0008A4402 /* ChatList_SBUITestsLaunchTests.swift */; };
		D45D1A36292946D0008A4402 /* ChatListViewController.swift in Sources */ = {isa = PBXBuildFile; fileRef = D45D1A35292946D0008A4402 /* ChatListViewController.swift */; };
		D45D1A3829294AAB008A4402 /* Chat.swift in Sources */ = {isa = PBXBuildFile; fileRef = D45D1A3729294AAB008A4402 /* Chat.swift */; };
		D45D1A3A29294BD5008A4402 /* ChatListCollectionViewCell.swift in Sources */ = {isa = PBXBuildFile; fileRef = D45D1A3929294BD5008A4402 /* ChatListCollectionViewCell.swift */; };
/* End PBXBuildFile section */

/* Begin PBXContainerItemProxy section */
		D45D1A19292946A0008A4402 /* PBXContainerItemProxy */ = {
			isa = PBXContainerItemProxy;
			containerPortal = D45D19FA2929469F008A4402 /* Project object */;
			proxyType = 1;
			remoteGlobalIDString = D45D1A012929469F008A4402;
			remoteInfo = "ChatList-SB";
		};
		D45D1A23292946A0008A4402 /* PBXContainerItemProxy */ = {
			isa = PBXContainerItemProxy;
			containerPortal = D45D19FA2929469F008A4402 /* Project object */;
			proxyType = 1;
			remoteGlobalIDString = D45D1A012929469F008A4402;
			remoteInfo = "ChatList-SB";
		};
/* End PBXContainerItemProxy section */

/* Begin PBXFileReference section */
		D45D1A022929469F008A4402 /* ChatList-SB.app */ = {isa = PBXFileReference; explicitFileType = wrapper.application; includeInIndex = 0; path = "ChatList-SB.app"; sourceTree = BUILT_PRODUCTS_DIR; };
		D45D1A052929469F008A4402 /* AppDelegate.swift */ = {isa = PBXFileReference; lastKnownFileType = sourcecode.swift; path = AppDelegate.swift; sourceTree = "<group>"; };
		D45D1A072929469F008A4402 /* SceneDelegate.swift */ = {isa = PBXFileReference; lastKnownFileType = sourcecode.swift; path = SceneDelegate.swift; sourceTree = "<group>"; };
		D45D1A0C2929469F008A4402 /* Base */ = {isa = PBXFileReference; lastKnownFileType = file.storyboard; name = Base; path = Base.lproj/Main.storyboard; sourceTree = "<group>"; };
		D45D1A0E292946A0008A4402 /* Assets.xcassets */ = {isa = PBXFileReference; lastKnownFileType = folder.assetcatalog; path = Assets.xcassets; sourceTree = "<group>"; };
		D45D1A11292946A0008A4402 /* Base */ = {isa = PBXFileReference; lastKnownFileType = file.storyboard; name = Base; path = Base.lproj/LaunchScreen.storyboard; sourceTree = "<group>"; };
		D45D1A13292946A0008A4402 /* Info.plist */ = {isa = PBXFileReference; lastKnownFileType = text.plist.xml; path = Info.plist; sourceTree = "<group>"; };
		D45D1A18292946A0008A4402 /* ChatList-SBTests.xctest */ = {isa = PBXFileReference; explicitFileType = wrapper.cfbundle; includeInIndex = 0; path = "ChatList-SBTests.xctest"; sourceTree = BUILT_PRODUCTS_DIR; };
		D45D1A1C292946A0008A4402 /* ChatList_SBTests.swift */ = {isa = PBXFileReference; lastKnownFileType = sourcecode.swift; path = ChatList_SBTests.swift; sourceTree = "<group>"; };
		D45D1A22292946A0008A4402 /* ChatList-SBUITests.xctest */ = {isa = PBXFileReference; explicitFileType = wrapper.cfbundle; includeInIndex = 0; path = "ChatList-SBUITests.xctest"; sourceTree = BUILT_PRODUCTS_DIR; };
		D45D1A26292946A0008A4402 /* ChatList_SBUITests.swift */ = {isa = PBXFileReference; lastKnownFileType = sourcecode.swift; path = ChatList_SBUITests.swift; sourceTree = "<group>"; };
		D45D1A28292946A0008A4402 /* ChatList_SBUITestsLaunchTests.swift */ = {isa = PBXFileReference; lastKnownFileType = sourcecode.swift; path = ChatList_SBUITestsLaunchTests.swift; sourceTree = "<group>"; };
		D45D1A35292946D0008A4402 /* ChatListViewController.swift */ = {isa = PBXFileReference; lastKnownFileType = sourcecode.swift; path = ChatListViewController.swift; sourceTree = "<group>"; };
		D45D1A3729294AAB008A4402 /* Chat.swift */ = {isa = PBXFileReference; lastKnownFileType = sourcecode.swift; path = Chat.swift; sourceTree = "<group>"; };
		D45D1A3929294BD5008A4402 /* ChatListCollectionViewCell.swift */ = {isa = PBXFileReference; lastKnownFileType = sourcecode.swift; path = ChatListCollectionViewCell.swift; sourceTree = "<group>"; };
/* End PBXFileReference section */

/* Begin PBXFrameworksBuildPhase section */
		D45D19FF2929469F008A4402 /* Frameworks */ = {
			isa = PBXFrameworksBuildPhase;
			buildActionMask = 2147483647;
			files = (
			);
			runOnlyForDeploymentPostprocessing = 0;
		};
		D45D1A15292946A0008A4402 /* Frameworks */ = {
			isa = PBXFrameworksBuildPhase;
			buildActionMask = 2147483647;
			files = (
			);
			runOnlyForDeploymentPostprocessing = 0;
		};
		D45D1A1F292946A0008A4402 /* Frameworks */ = {
			isa = PBXFrameworksBuildPhase;
			buildActionMask = 2147483647;
			files = (
			);
			runOnlyForDeploymentPostprocessing = 0;
		};
/* End PBXFrameworksBuildPhase section */

/* Begin PBXGroup section */
		D45D19F92929469F008A4402 = {
			isa = PBXGroup;
			children = (
				D45D1A042929469F008A4402 /* ChatList-SB */,
				D45D1A1B292946A0008A4402 /* ChatList-SBTests */,
				D45D1A25292946A0008A4402 /* ChatList-SBUITests */,
				D45D1A032929469F008A4402 /* Products */,
			);
			sourceTree = "<group>";
		};
		D45D1A032929469F008A4402 /* Products */ = {
			isa = PBXGroup;
			children = (
				D45D1A022929469F008A4402 /* ChatList-SB.app */,
				D45D1A18292946A0008A4402 /* ChatList-SBTests.xctest */,
				D45D1A22292946A0008A4402 /* ChatList-SBUITests.xctest */,
			);
			name = Products;
			sourceTree = "<group>";
		};
		D45D1A042929469F008A4402 /* ChatList-SB */ = {
			isa = PBXGroup;
			children = (
				D45D1A052929469F008A4402 /* AppDelegate.swift */,
				D45D1A072929469F008A4402 /* SceneDelegate.swift */,
				D45D1A3729294AAB008A4402 /* Chat.swift */,
				D45D1A35292946D0008A4402 /* ChatListViewController.swift */,
				D45D1A3929294BD5008A4402 /* ChatListCollectionViewCell.swift */,
				D45D1A0B2929469F008A4402 /* Main.storyboard */,
				D45D1A0E292946A0008A4402 /* Assets.xcassets */,
				D45D1A10292946A0008A4402 /* LaunchScreen.storyboard */,
				D45D1A13292946A0008A4402 /* Info.plist */,
			);
			path = "ChatList-SB";
			sourceTree = "<group>";
		};
		D45D1A1B292946A0008A4402 /* ChatList-SBTests */ = {
			isa = PBXGroup;
			children = (
				D45D1A1C292946A0008A4402 /* ChatList_SBTests.swift */,
			);
			path = "ChatList-SBTests";
			sourceTree = "<group>";
		};
		D45D1A25292946A0008A4402 /* ChatList-SBUITests */ = {
			isa = PBXGroup;
			children = (
				D45D1A26292946A0008A4402 /* ChatList_SBUITests.swift */,
				D45D1A28292946A0008A4402 /* ChatList_SBUITestsLaunchTests.swift */,
			);
			path = "ChatList-SBUITests";
			sourceTree = "<group>";
		};
/* End PBXGroup section */

/* Begin PBXNativeTarget section */
		D45D1A012929469F008A4402 /* ChatList-SB */ = {
			isa = PBXNativeTarget;
			buildConfigurationList = D45D1A2C292946A0008A4402 /* Build configuration list for PBXNativeTarget "ChatList-SB" */;
			buildPhases = (
				D45D19FE2929469F008A4402 /* Sources */,
				D45D19FF2929469F008A4402 /* Frameworks */,
				D45D1A002929469F008A4402 /* Resources */,
			);
			buildRules = (
			);
			dependencies = (
			);
			name = "ChatList-SB";
			productName = "ChatList-SB";
			productReference = D45D1A022929469F008A4402 /* ChatList-SB.app */;
			productType = "com.apple.product-type.application";
		};
		D45D1A17292946A0008A4402 /* ChatList-SBTests */ = {
			isa = PBXNativeTarget;
			buildConfigurationList = D45D1A2F292946A0008A4402 /* Build configuration list for PBXNativeTarget "ChatList-SBTests" */;
			buildPhases = (
				D45D1A14292946A0008A4402 /* Sources */,
				D45D1A15292946A0008A4402 /* Frameworks */,
				D45D1A16292946A0008A4402 /* Resources */,
			);
			buildRules = (
			);
			dependencies = (
				D45D1A1A292946A0008A4402 /* PBXTargetDependency */,
			);
			name = "ChatList-SBTests";
			productName = "ChatList-SBTests";
			productReference = D45D1A18292946A0008A4402 /* ChatList-SBTests.xctest */;
			productType = "com.apple.product-type.bundle.unit-test";
		};
		D45D1A21292946A0008A4402 /* ChatList-SBUITests */ = {
			isa = PBXNativeTarget;
			buildConfigurationList = D45D1A32292946A0008A4402 /* Build configuration list for PBXNativeTarget "ChatList-SBUITests" */;
			buildPhases = (
				D45D1A1E292946A0008A4402 /* Sources */,
				D45D1A1F292946A0008A4402 /* Frameworks */,
				D45D1A20292946A0008A4402 /* Resources */,
			);
			buildRules = (
			);
			dependencies = (
				D45D1A24292946A0008A4402 /* PBXTargetDependency */,
			);
			name = "ChatList-SBUITests";
			productName = "ChatList-SBUITests";
			productReference = D45D1A22292946A0008A4402 /* ChatList-SBUITests.xctest */;
			productType = "com.apple.product-type.bundle.ui-testing";
		};
/* End PBXNativeTarget section */

/* Begin PBXProject section */
		D45D19FA2929469F008A4402 /* Project object */ = {
			isa = PBXProject;
			attributes = {
				BuildIndependentTargetsInParallel = 1;
				LastSwiftUpdateCheck = 1410;
				LastUpgradeCheck = 1410;
				TargetAttributes = {
					D45D1A012929469F008A4402 = {
						CreatedOnToolsVersion = 14.1;
					};
					D45D1A17292946A0008A4402 = {
						CreatedOnToolsVersion = 14.1;
						TestTargetID = D45D1A012929469F008A4402;
					};
					D45D1A21292946A0008A4402 = {
						CreatedOnToolsVersion = 14.1;
						TestTargetID = D45D1A012929469F008A4402;
					};
				};
			};
			buildConfigurationList = D45D19FD2929469F008A4402 /* Build configuration list for PBXProject "ChatList-SB" */;
			compatibilityVersion = "Xcode 14.0";
			developmentRegion = en;
			hasScannedForEncodings = 0;
			knownRegions = (
				en,
				Base,
			);
			mainGroup = D45D19F92929469F008A4402;
			productRefGroup = D45D1A032929469F008A4402 /* Products */;
			projectDirPath = "";
			projectRoot = "";
			targets = (
				D45D1A012929469F008A4402 /* ChatList-SB */,
				D45D1A17292946A0008A4402 /* ChatList-SBTests */,
				D45D1A21292946A0008A4402 /* ChatList-SBUITests */,
			);
		};
/* End PBXProject section */

/* Begin PBXResourcesBuildPhase section */
		D45D1A002929469F008A4402 /* Resources */ = {
			isa = PBXResourcesBuildPhase;
			buildActionMask = 2147483647;
			files = (
				D45D1A12292946A0008A4402 /* LaunchScreen.storyboard in Resources */,
				D45D1A0F292946A0008A4402 /* Assets.xcassets in Resources */,
				D45D1A0D2929469F008A4402 /* Main.storyboard in Resources */,
			);
			runOnlyForDeploymentPostprocessing = 0;
		};
		D45D1A16292946A0008A4402 /* Resources */ = {
			isa = PBXResourcesBuildPhase;
			buildActionMask = 2147483647;
			files = (
			);
			runOnlyForDeploymentPostprocessing = 0;
		};
		D45D1A20292946A0008A4402 /* Resources */ = {
			isa = PBXResourcesBuildPhase;
			buildActionMask = 2147483647;
			files = (
			);
			runOnlyForDeploymentPostprocessing = 0;
		};
/* End PBXResourcesBuildPhase section */

/* Begin PBXSourcesBuildPhase section */
		D45D19FE2929469F008A4402 /* Sources */ = {
			isa = PBXSourcesBuildPhase;
			buildActionMask = 2147483647;
			files = (
				D45D1A3A29294BD5008A4402 /* ChatListCollectionViewCell.swift in Sources */,
				D45D1A062929469F008A4402 /* AppDelegate.swift in Sources */,
				D45D1A36292946D0008A4402 /* ChatListViewController.swift in Sources */,
				D45D1A3829294AAB008A4402 /* Chat.swift in Sources */,
				D45D1A082929469F008A4402 /* SceneDelegate.swift in Sources */,
			);
			runOnlyForDeploymentPostprocessing = 0;
		};
		D45D1A14292946A0008A4402 /* Sources */ = {
			isa = PBXSourcesBuildPhase;
			buildActionMask = 2147483647;
			files = (
				D45D1A1D292946A0008A4402 /* ChatList_SBTests.swift in Sources */,
			);
			runOnlyForDeploymentPostprocessing = 0;
		};
		D45D1A1E292946A0008A4402 /* Sources */ = {
			isa = PBXSourcesBuildPhase;
			buildActionMask = 2147483647;
			files = (
				D45D1A27292946A0008A4402 /* ChatList_SBUITests.swift in Sources */,
				D45D1A29292946A0008A4402 /* ChatList_SBUITestsLaunchTests.swift in Sources */,
			);
			runOnlyForDeploymentPostprocessing = 0;
		};
/* End PBXSourcesBuildPhase section */

/* Begin PBXTargetDependency section */
		D45D1A1A292946A0008A4402 /* PBXTargetDependency */ = {
			isa = PBXTargetDependency;
			target = D45D1A012929469F008A4402 /* ChatList-SB */;
			targetProxy = D45D1A19292946A0008A4402 /* PBXContainerItemProxy */;
		};
		D45D1A24292946A0008A4402 /* PBXTargetDependency */ = {
			isa = PBXTargetDependency;
			target = D45D1A012929469F008A4402 /* ChatList-SB */;
			targetProxy = D45D1A23292946A0008A4402 /* PBXContainerItemProxy */;
		};
/* End PBXTargetDependency section */

/* Begin PBXVariantGroup section */
		D45D1A0B2929469F008A4402 /* Main.storyboard */ = {
			isa = PBXVariantGroup;
			children = (
				D45D1A0C2929469F008A4402 /* Base */,
			);
			name = Main.storyboard;
			sourceTree = "<group>";
		};
		D45D1A10292946A0008A4402 /* LaunchScreen.storyboard */ = {
			isa = PBXVariantGroup;
			children = (
				D45D1A11292946A0008A4402 /* Base */,
			);
			name = LaunchScreen.storyboard;
			sourceTree = "<group>";
		};
/* End PBXVariantGroup section */

/* Begin XCBuildConfiguration section */
		D45D1A2A292946A0008A4402 /* Debug */ = {
			isa = XCBuildConfiguration;
			buildSettings = {
				ALWAYS_SEARCH_USER_PATHS = NO;
				CLANG_ANALYZER_NONNULL = YES;
				CLANG_ANALYZER_NUMBER_OBJECT_CONVERSION = YES_AGGRESSIVE;
				CLANG_CXX_LANGUAGE_STANDARD = "gnu++20";
				CLANG_ENABLE_MODULES = YES;
				CLANG_ENABLE_OBJC_ARC = YES;
				CLANG_ENABLE_OBJC_WEAK = YES;
				CLANG_WARN_BLOCK_CAPTURE_AUTORELEASING = YES;
				CLANG_WARN_BOOL_CONVERSION = YES;
				CLANG_WARN_COMMA = YES;
				CLANG_WARN_CONSTANT_CONVERSION = YES;
				CLANG_WARN_DEPRECATED_OBJC_IMPLEMENTATIONS = YES;
				CLANG_WARN_DIRECT_OBJC_ISA_USAGE = YES_ERROR;
				CLANG_WARN_DOCUMENTATION_COMMENTS = YES;
				CLANG_WARN_EMPTY_BODY = YES;
				CLANG_WARN_ENUM_CONVERSION = YES;
				CLANG_WARN_INFINITE_RECURSION = YES;
				CLANG_WARN_INT_CONVERSION = YES;
				CLANG_WARN_NON_LITERAL_NULL_CONVERSION = YES;
				CLANG_WARN_OBJC_IMPLICIT_RETAIN_SELF = YES;
				CLANG_WARN_OBJC_LITERAL_CONVERSION = YES;
				CLANG_WARN_OBJC_ROOT_CLASS = YES_ERROR;
				CLANG_WARN_QUOTED_INCLUDE_IN_FRAMEWORK_HEADER = YES;
				CLANG_WARN_RANGE_LOOP_ANALYSIS = YES;
				CLANG_WARN_STRICT_PROTOTYPES = YES;
				CLANG_WARN_SUSPICIOUS_MOVE = YES;
				CLANG_WARN_UNGUARDED_AVAILABILITY = YES_AGGRESSIVE;
				CLANG_WARN_UNREACHABLE_CODE = YES;
				CLANG_WARN__DUPLICATE_METHOD_MATCH = YES;
				COPY_PHASE_STRIP = NO;
				DEBUG_INFORMATION_FORMAT = dwarf;
				ENABLE_STRICT_OBJC_MSGSEND = YES;
				ENABLE_TESTABILITY = YES;
				GCC_C_LANGUAGE_STANDARD = gnu11;
				GCC_DYNAMIC_NO_PIC = NO;
				GCC_NO_COMMON_BLOCKS = YES;
				GCC_OPTIMIZATION_LEVEL = 0;
				GCC_PREPROCESSOR_DEFINITIONS = (
					"DEBUG=1",
					"$(inherited)",
				);
				GCC_WARN_64_TO_32_BIT_CONVERSION = YES;
				GCC_WARN_ABOUT_RETURN_TYPE = YES_ERROR;
				GCC_WARN_UNDECLARED_SELECTOR = YES;
				GCC_WARN_UNINITIALIZED_AUTOS = YES_AGGRESSIVE;
				GCC_WARN_UNUSED_FUNCTION = YES;
				GCC_WARN_UNUSED_VARIABLE = YES;
				IPHONEOS_DEPLOYMENT_TARGET = 16.1;
				MTL_ENABLE_DEBUG_INFO = INCLUDE_SOURCE;
				MTL_FAST_MATH = YES;
				ONLY_ACTIVE_ARCH = YES;
				SDKROOT = iphoneos;
				SWIFT_ACTIVE_COMPILATION_CONDITIONS = DEBUG;
				SWIFT_OPTIMIZATION_LEVEL = "-Onone";
			};
			name = Debug;
		};
		D45D1A2B292946A0008A4402 /* Release */ = {
			isa = XCBuildConfiguration;
			buildSettings = {
				ALWAYS_SEARCH_USER_PATHS = NO;
				CLANG_ANALYZER_NONNULL = YES;
				CLANG_ANALYZER_NUMBER_OBJECT_CONVERSION = YES_AGGRESSIVE;
				CLANG_CXX_LANGUAGE_STANDARD = "gnu++20";
				CLANG_ENABLE_MODULES = YES;
				CLANG_ENABLE_OBJC_ARC = YES;
				CLANG_ENABLE_OBJC_WEAK = YES;
				CLANG_WARN_BLOCK_CAPTURE_AUTORELEASING = YES;
				CLANG_WARN_BOOL_CONVERSION = YES;
				CLANG_WARN_COMMA = YES;
				CLANG_WARN_CONSTANT_CONVERSION = YES;
				CLANG_WARN_DEPRECATED_OBJC_IMPLEMENTATIONS = YES;
				CLANG_WARN_DIRECT_OBJC_ISA_USAGE = YES_ERROR;
				CLANG_WARN_DOCUMENTATION_COMMENTS = YES;
				CLANG_WARN_EMPTY_BODY = YES;
				CLANG_WARN_ENUM_CONVERSION = YES;
				CLANG_WARN_INFINITE_RECURSION = YES;
				CLANG_WARN_INT_CONVERSION = YES;
				CLANG_WARN_NON_LITERAL_NULL_CONVERSION = YES;
				CLANG_WARN_OBJC_IMPLICIT_RETAIN_SELF = YES;
				CLANG_WARN_OBJC_LITERAL_CONVERSION = YES;
				CLANG_WARN_OBJC_ROOT_CLASS = YES_ERROR;
				CLANG_WARN_QUOTED_INCLUDE_IN_FRAMEWORK_HEADER = YES;
				CLANG_WARN_RANGE_LOOP_ANALYSIS = YES;
				CLANG_WARN_STRICT_PROTOTYPES = YES;
				CLANG_WARN_SUSPICIOUS_MOVE = YES;
				CLANG_WARN_UNGUARDED_AVAILABILITY = YES_AGGRESSIVE;
				CLANG_WARN_UNREACHABLE_CODE = YES;
				CLANG_WARN__DUPLICATE_METHOD_MATCH = YES;
				COPY_PHASE_STRIP = NO;
				DEBUG_INFORMATION_FORMAT = "dwarf-with-dsym";
				ENABLE_NS_ASSERTIONS = NO;
				ENABLE_STRICT_OBJC_MSGSEND = YES;
				GCC_C_LANGUAGE_STANDARD = gnu11;
				GCC_NO_COMMON_BLOCKS = YES;
				GCC_WARN_64_TO_32_BIT_CONVERSION = YES;
				GCC_WARN_ABOUT_RETURN_TYPE = YES_ERROR;
				GCC_WARN_UNDECLARED_SELECTOR = YES;
				GCC_WARN_UNINITIALIZED_AUTOS = YES_AGGRESSIVE;
				GCC_WARN_UNUSED_FUNCTION = YES;
				GCC_WARN_UNUSED_VARIABLE = YES;
				IPHONEOS_DEPLOYMENT_TARGET = 16.1;
				MTL_ENABLE_DEBUG_INFO = NO;
				MTL_FAST_MATH = YES;
				SDKROOT = iphoneos;
				SWIFT_COMPILATION_MODE = wholemodule;
				SWIFT_OPTIMIZATION_LEVEL = "-O";
				VALIDATE_PRODUCT = YES;
			};
			name = Release;
		};
		D45D1A2D292946A0008A4402 /* Debug */ = {
			isa = XCBuildConfiguration;
			buildSettings = {
				ASSETCATALOG_COMPILER_APPICON_NAME = AppIcon;
				ASSETCATALOG_COMPILER_GLOBAL_ACCENT_COLOR_NAME = AccentColor;
				CODE_SIGN_STYLE = Automatic;
				CURRENT_PROJECT_VERSION = 1;
				DEVELOPMENT_TEAM = 6XVG78PFQ7;
				GENERATE_INFOPLIST_FILE = YES;
				INFOPLIST_FILE = "ChatList-SB/Info.plist";
				INFOPLIST_KEY_UIApplicationSupportsIndirectInputEvents = YES;
				INFOPLIST_KEY_UILaunchStoryboardName = LaunchScreen;
				INFOPLIST_KEY_UIMainStoryboardFile = Main;
				INFOPLIST_KEY_UISupportedInterfaceOrientations_iPad = "UIInterfaceOrientationPortrait UIInterfaceOrientationPortraitUpsideDown UIInterfaceOrientationLandscapeLeft UIInterfaceOrientationLandscapeRight";
				INFOPLIST_KEY_UISupportedInterfaceOrientations_iPhone = "UIInterfaceOrientationPortrait UIInterfaceOrientationLandscapeLeft UIInterfaceOrientationLandscapeRight";
				LD_RUNPATH_SEARCH_PATHS = (
					"$(inherited)",
					"@executable_path/Frameworks",
				);
				MARKETING_VERSION = 1.0;
				PRODUCT_BUNDLE_IDENTIFIER = "com.idghst.ChatList-SB";
				PRODUCT_NAME = "$(TARGET_NAME)";
				SWIFT_EMIT_LOC_STRINGS = YES;
				SWIFT_VERSION = 5.0;
				TARGETED_DEVICE_FAMILY = "1,2";
			};
			name = Debug;
		};
		D45D1A2E292946A0008A4402 /* Release */ = {
			isa = XCBuildConfiguration;
			buildSettings = {
				ASSETCATALOG_COMPILER_APPICON_NAME = AppIcon;
				ASSETCATALOG_COMPILER_GLOBAL_ACCENT_COLOR_NAME = AccentColor;
				CODE_SIGN_STYLE = Automatic;
				CURRENT_PROJECT_VERSION = 1;
				DEVELOPMENT_TEAM = 6XVG78PFQ7;
				GENERATE_INFOPLIST_FILE = YES;
				INFOPLIST_FILE = "ChatList-SB/Info.plist";
				INFOPLIST_KEY_UIApplicationSupportsIndirectInputEvents = YES;
				INFOPLIST_KEY_UILaunchStoryboardName = LaunchScreen;
				INFOPLIST_KEY_UIMainStoryboardFile = Main;
				INFOPLIST_KEY_UISupportedInterfaceOrientations_iPad = "UIInterfaceOrientationPortrait UIInterfaceOrientationPortraitUpsideDown UIInterfaceOrientationLandscapeLeft UIInterfaceOrientationLandscapeRight";
				INFOPLIST_KEY_UISupportedInterfaceOrientations_iPhone = "UIInterfaceOrientationPortrait UIInterfaceOrientationLandscapeLeft UIInterfaceOrientationLandscapeRight";
				LD_RUNPATH_SEARCH_PATHS = (
					"$(inherited)",
					"@executable_path/Frameworks",
				);
				MARKETING_VERSION = 1.0;
				PRODUCT_BUNDLE_IDENTIFIER = "com.idghst.ChatList-SB";
				PRODUCT_NAME = "$(TARGET_NAME)";
				SWIFT_EMIT_LOC_STRINGS = YES;
				SWIFT_VERSION = 5.0;
				TARGETED_DEVICE_FAMILY = "1,2";
			};
			name = Release;
		};
		D45D1A30292946A0008A4402 /* Debug */ = {
			isa = XCBuildConfiguration;
			buildSettings = {
				ALWAYS_EMBED_SWIFT_STANDARD_LIBRARIES = YES;
				BUNDLE_LOADER = "$(TEST_HOST)";
				CODE_SIGN_STYLE = Automatic;
				CURRENT_PROJECT_VERSION = 1;
				DEVELOPMENT_TEAM = 6XVG78PFQ7;
				GENERATE_INFOPLIST_FILE = YES;
				IPHONEOS_DEPLOYMENT_TARGET = 16.1;
				MARKETING_VERSION = 1.0;
				PRODUCT_BUNDLE_IDENTIFIER = "com.idghst.ChatList-SBTests";
				PRODUCT_NAME = "$(TARGET_NAME)";
				SWIFT_EMIT_LOC_STRINGS = NO;
				SWIFT_VERSION = 5.0;
				TARGETED_DEVICE_FAMILY = "1,2";
				TEST_HOST = "$(BUILT_PRODUCTS_DIR)/ChatList-SB.app/$(BUNDLE_EXECUTABLE_FOLDER_PATH)/ChatList-SB";
			};
			name = Debug;
		};
		D45D1A31292946A0008A4402 /* Release */ = {
			isa = XCBuildConfiguration;
			buildSettings = {
				ALWAYS_EMBED_SWIFT_STANDARD_LIBRARIES = YES;
				BUNDLE_LOADER = "$(TEST_HOST)";
				CODE_SIGN_STYLE = Automatic;
				CURRENT_PROJECT_VERSION = 1;
				DEVELOPMENT_TEAM = 6XVG78PFQ7;
				GENERATE_INFOPLIST_FILE = YES;
				IPHONEOS_DEPLOYMENT_TARGET = 16.1;
				MARKETING_VERSION = 1.0;
				PRODUCT_BUNDLE_IDENTIFIER = "com.idghst.ChatList-SBTests";
				PRODUCT_NAME = "$(TARGET_NAME)";
				SWIFT_EMIT_LOC_STRINGS = NO;
				SWIFT_VERSION = 5.0;
				TARGETED_DEVICE_FAMILY = "1,2";
				TEST_HOST = "$(BUILT_PRODUCTS_DIR)/ChatList-SB.app/$(BUNDLE_EXECUTABLE_FOLDER_PATH)/ChatList-SB";
			};
			name = Release;
		};
		D45D1A33292946A0008A4402 /* Debug */ = {
			isa = XCBuildConfiguration;
			buildSettings = {
				ALWAYS_EMBED_SWIFT_STANDARD_LIBRARIES = YES;
				CODE_SIGN_STYLE = Automatic;
				CURRENT_PROJECT_VERSION = 1;
				DEVELOPMENT_TEAM = 6XVG78PFQ7;
				GENERATE_INFOPLIST_FILE = YES;
				MARKETING_VERSION = 1.0;
				PRODUCT_BUNDLE_IDENTIFIER = "com.idghst.ChatList-SBUITests";
				PRODUCT_NAME = "$(TARGET_NAME)";
				SWIFT_EMIT_LOC_STRINGS = NO;
				SWIFT_VERSION = 5.0;
				TARGETED_DEVICE_FAMILY = "1,2";
				TEST_TARGET_NAME = "ChatList-SB";
			};
			name = Debug;
		};
		D45D1A34292946A0008A4402 /* Release */ = {
			isa = XCBuildConfiguration;
			buildSettings = {
				ALWAYS_EMBED_SWIFT_STANDARD_LIBRARIES = YES;
				CODE_SIGN_STYLE = Automatic;
				CURRENT_PROJECT_VERSION = 1;
				DEVELOPMENT_TEAM = 6XVG78PFQ7;
				GENERATE_INFOPLIST_FILE = YES;
				MARKETING_VERSION = 1.0;
				PRODUCT_BUNDLE_IDENTIFIER = "com.idghst.ChatList-SBUITests";
				PRODUCT_NAME = "$(TARGET_NAME)";
				SWIFT_EMIT_LOC_STRINGS = NO;
				SWIFT_VERSION = 5.0;
				TARGETED_DEVICE_FAMILY = "1,2";
				TEST_TARGET_NAME = "ChatList-SB";
			};
			name = Release;
		};
/* End XCBuildConfiguration section */

/* Begin XCConfigurationList section */
		D45D19FD2929469F008A4402 /* Build configuration list for PBXProject "ChatList-SB" */ = {
			isa = XCConfigurationList;
			buildConfigurations = (
				D45D1A2A292946A0008A4402 /* Debug */,
				D45D1A2B292946A0008A4402 /* Release */,
			);
			defaultConfigurationIsVisible = 0;
			defaultConfigurationName = Release;
		};
		D45D1A2C292946A0008A4402 /* Build configuration list for PBXNativeTarget "ChatList-SB" */ = {
			isa = XCConfigurationList;
			buildConfigurations = (
				D45D1A2D292946A0008A4402 /* Debug */,
				D45D1A2E292946A0008A4402 /* Release */,
			);
			defaultConfigurationIsVisible = 0;
			defaultConfigurationName = Release;
		};
		D45D1A2F292946A0008A4402 /* Build configuration list for PBXNativeTarget "ChatList-SBTests" */ = {
			isa = XCConfigurationList;
			buildConfigurations = (
				D45D1A30292946A0008A4402 /* Debug */,
				D45D1A31292946A0008A4402 /* Release */,
			);
			defaultConfigurationIsVisible = 0;
			defaultConfigurationName = Release;
		};
		D45D1A32292946A0008A4402 /* Build configuration list for PBXNativeTarget "ChatList-SBUITests" */ = {
			isa = XCConfigurationList;
			buildConfigurations = (
				D45D1A33292946A0008A4402 /* Debug */,
				D45D1A34292946A0008A4402 /* Release */,
			);
			defaultConfigurationIsVisible = 0;
			defaultConfigurationName = Release;
		};
/* End XCConfigurationList section */
	};
	rootObject = D45D19FA2929469F008A4402 /* Project object */;
}
