// !$*UTF8*$!
{
	archiveVersion = 1;
	classes = {
	};
	objectVersion = 56;
	objects = {

/* Begin PBXBuildFile section */
		F46318E62968F78600354A01 /* AppDelegate.swift in Sources */ = {isa = PBXBuildFile; fileRef = F46318E52968F78600354A01 /* AppDelegate.swift */; };
		F46318E82968F78600354A01 /* SceneDelegate.swift in Sources */ = {isa = PBXBuildFile; fileRef = F46318E72968F78600354A01 /* SceneDelegate.swift */; };
		F46318ED2968F78600354A01 /* Main.storyboard in Resources */ = {isa = PBXBuildFile; fileRef = F46318EB2968F78600354A01 /* Main.storyboard */; };
		F46318EF2968F78600354A01 /* Assets.xcassets in Resources */ = {isa = PBXBuildFile; fileRef = F46318EE2968F78600354A01 /* Assets.xcassets */; };
		F46318F22968F78600354A01 /* LaunchScreen.storyboard in Resources */ = {isa = PBXBuildFile; fileRef = F46318F02968F78600354A01 /* LaunchScreen.storyboard */; };
		F46318FD2968F78700354A01 /* HeadSpaceFocus_SBTests.swift in Sources */ = {isa = PBXBuildFile; fileRef = F46318FC2968F78700354A01 /* HeadSpaceFocus_SBTests.swift */; };
		F46319072968F78700354A01 /* HeadSpaceFocus_SBUITests.swift in Sources */ = {isa = PBXBuildFile; fileRef = F46319062968F78700354A01 /* HeadSpaceFocus_SBUITests.swift */; };
		F46319092968F78700354A01 /* HeadSpaceFocus_SBUITestsLaunchTests.swift in Sources */ = {isa = PBXBuildFile; fileRef = F46319082968F78700354A01 /* HeadSpaceFocus_SBUITestsLaunchTests.swift */; };
		F46319162968F82E00354A01 /* HeadSpaceFocusViewController.swift in Sources */ = {isa = PBXBuildFile; fileRef = F46319152968F82E00354A01 /* HeadSpaceFocusViewController.swift */; };
		F46319182968FE7000354A01 /* HeadSpaceFocusCollectionViewCell.swift in Sources */ = {isa = PBXBuildFile; fileRef = F46319172968FE7000354A01 /* HeadSpaceFocusCollectionViewCell.swift */; };
		F463191A296900A600354A01 /* Focus.swift in Sources */ = {isa = PBXBuildFile; fileRef = F4631919296900A600354A01 /* Focus.swift */; };
/* End PBXBuildFile section */

/* Begin PBXContainerItemProxy section */
		F46318F92968F78700354A01 /* PBXContainerItemProxy */ = {
			isa = PBXContainerItemProxy;
			containerPortal = F46318DA2968F78600354A01 /* Project object */;
			proxyType = 1;
			remoteGlobalIDString = F46318E12968F78600354A01;
			remoteInfo = "HeadSpaceFocus-SB";
		};
		F46319032968F78700354A01 /* PBXContainerItemProxy */ = {
			isa = PBXContainerItemProxy;
			containerPortal = F46318DA2968F78600354A01 /* Project object */;
			proxyType = 1;
			remoteGlobalIDString = F46318E12968F78600354A01;
			remoteInfo = "HeadSpaceFocus-SB";
		};
/* End PBXContainerItemProxy section */

/* Begin PBXFileReference section */
		F46318E22968F78600354A01 /* HeadSpaceFocus-SB.app */ = {isa = PBXFileReference; explicitFileType = wrapper.application; includeInIndex = 0; path = "HeadSpaceFocus-SB.app"; sourceTree = BUILT_PRODUCTS_DIR; };
		F46318E52968F78600354A01 /* AppDelegate.swift */ = {isa = PBXFileReference; lastKnownFileType = sourcecode.swift; path = AppDelegate.swift; sourceTree = "<group>"; };
		F46318E72968F78600354A01 /* SceneDelegate.swift */ = {isa = PBXFileReference; lastKnownFileType = sourcecode.swift; path = SceneDelegate.swift; sourceTree = "<group>"; };
		F46318EC2968F78600354A01 /* Base */ = {isa = PBXFileReference; lastKnownFileType = file.storyboard; name = Base; path = Base.lproj/Main.storyboard; sourceTree = "<group>"; };
		F46318EE2968F78600354A01 /* Assets.xcassets */ = {isa = PBXFileReference; lastKnownFileType = folder.assetcatalog; path = Assets.xcassets; sourceTree = "<group>"; };
		F46318F12968F78600354A01 /* Base */ = {isa = PBXFileReference; lastKnownFileType = file.storyboard; name = Base; path = Base.lproj/LaunchScreen.storyboard; sourceTree = "<group>"; };
		F46318F32968F78600354A01 /* Info.plist */ = {isa = PBXFileReference; lastKnownFileType = text.plist.xml; path = Info.plist; sourceTree = "<group>"; };
		F46318F82968F78700354A01 /* HeadSpaceFocus-SBTests.xctest */ = {isa = PBXFileReference; explicitFileType = wrapper.cfbundle; includeInIndex = 0; path = "HeadSpaceFocus-SBTests.xctest"; sourceTree = BUILT_PRODUCTS_DIR; };
		F46318FC2968F78700354A01 /* HeadSpaceFocus_SBTests.swift */ = {isa = PBXFileReference; lastKnownFileType = sourcecode.swift; path = HeadSpaceFocus_SBTests.swift; sourceTree = "<group>"; };
		F46319022968F78700354A01 /* HeadSpaceFocus-SBUITests.xctest */ = {isa = PBXFileReference; explicitFileType = wrapper.cfbundle; includeInIndex = 0; path = "HeadSpaceFocus-SBUITests.xctest"; sourceTree = BUILT_PRODUCTS_DIR; };
		F46319062968F78700354A01 /* HeadSpaceFocus_SBUITests.swift */ = {isa = PBXFileReference; lastKnownFileType = sourcecode.swift; path = HeadSpaceFocus_SBUITests.swift; sourceTree = "<group>"; };
		F46319082968F78700354A01 /* HeadSpaceFocus_SBUITestsLaunchTests.swift */ = {isa = PBXFileReference; lastKnownFileType = sourcecode.swift; path = HeadSpaceFocus_SBUITestsLaunchTests.swift; sourceTree = "<group>"; };
		F46319152968F82E00354A01 /* HeadSpaceFocusViewController.swift */ = {isa = PBXFileReference; lastKnownFileType = sourcecode.swift; path = HeadSpaceFocusViewController.swift; sourceTree = "<group>"; };
		F46319172968FE7000354A01 /* HeadSpaceFocusCollectionViewCell.swift */ = {isa = PBXFileReference; lastKnownFileType = sourcecode.swift; path = HeadSpaceFocusCollectionViewCell.swift; sourceTree = "<group>"; };
		F4631919296900A600354A01 /* Focus.swift */ = {isa = PBXFileReference; fileEncoding = 4; lastKnownFileType = sourcecode.swift; path = Focus.swift; sourceTree = "<group>"; };
/* End PBXFileReference section */

/* Begin PBXFrameworksBuildPhase section */
		F46318DF2968F78600354A01 /* Frameworks */ = {
			isa = PBXFrameworksBuildPhase;
			buildActionMask = 2147483647;
			files = (
			);
			runOnlyForDeploymentPostprocessing = 0;
		};
		F46318F52968F78700354A01 /* Frameworks */ = {
			isa = PBXFrameworksBuildPhase;
			buildActionMask = 2147483647;
			files = (
			);
			runOnlyForDeploymentPostprocessing = 0;
		};
		F46318FF2968F78700354A01 /* Frameworks */ = {
			isa = PBXFrameworksBuildPhase;
			buildActionMask = 2147483647;
			files = (
			);
			runOnlyForDeploymentPostprocessing = 0;
		};
/* End PBXFrameworksBuildPhase section */

/* Begin PBXGroup section */
		F46318D92968F78600354A01 = {
			isa = PBXGroup;
			children = (
				F46318E42968F78600354A01 /* HeadSpaceFocus-SB */,
				F46318FB2968F78700354A01 /* HeadSpaceFocus-SBTests */,
				F46319052968F78700354A01 /* HeadSpaceFocus-SBUITests */,
				F46318E32968F78600354A01 /* Products */,
			);
			sourceTree = "<group>";
		};
		F46318E32968F78600354A01 /* Products */ = {
			isa = PBXGroup;
			children = (
				F46318E22968F78600354A01 /* HeadSpaceFocus-SB.app */,
				F46318F82968F78700354A01 /* HeadSpaceFocus-SBTests.xctest */,
				F46319022968F78700354A01 /* HeadSpaceFocus-SBUITests.xctest */,
			);
			name = Products;
			sourceTree = "<group>";
		};
		F46318E42968F78600354A01 /* HeadSpaceFocus-SB */ = {
			isa = PBXGroup;
			children = (
				F4631919296900A600354A01 /* Focus.swift */,
				F46318E52968F78600354A01 /* AppDelegate.swift */,
				F46318E72968F78600354A01 /* SceneDelegate.swift */,
				F46319152968F82E00354A01 /* HeadSpaceFocusViewController.swift */,
				F46319172968FE7000354A01 /* HeadSpaceFocusCollectionViewCell.swift */,
				F46318EB2968F78600354A01 /* Main.storyboard */,
				F46318EE2968F78600354A01 /* Assets.xcassets */,
				F46318F02968F78600354A01 /* LaunchScreen.storyboard */,
				F46318F32968F78600354A01 /* Info.plist */,
			);
			path = "HeadSpaceFocus-SB";
			sourceTree = "<group>";
		};
		F46318FB2968F78700354A01 /* HeadSpaceFocus-SBTests */ = {
			isa = PBXGroup;
			children = (
				F46318FC2968F78700354A01 /* HeadSpaceFocus_SBTests.swift */,
			);
			path = "HeadSpaceFocus-SBTests";
			sourceTree = "<group>";
		};
		F46319052968F78700354A01 /* HeadSpaceFocus-SBUITests */ = {
			isa = PBXGroup;
			children = (
				F46319062968F78700354A01 /* HeadSpaceFocus_SBUITests.swift */,
				F46319082968F78700354A01 /* HeadSpaceFocus_SBUITestsLaunchTests.swift */,
			);
			path = "HeadSpaceFocus-SBUITests";
			sourceTree = "<group>";
		};
/* End PBXGroup section */

/* Begin PBXNativeTarget section */
		F46318E12968F78600354A01 /* HeadSpaceFocus-SB */ = {
			isa = PBXNativeTarget;
			buildConfigurationList = F463190C2968F78700354A01 /* Build configuration list for PBXNativeTarget "HeadSpaceFocus-SB" */;
			buildPhases = (
				F46318DE2968F78600354A01 /* Sources */,
				F46318DF2968F78600354A01 /* Frameworks */,
				F46318E02968F78600354A01 /* Resources */,
			);
			buildRules = (
			);
			dependencies = (
			);
			name = "HeadSpaceFocus-SB";
			productName = "HeadSpaceFocus-SB";
			productReference = F46318E22968F78600354A01 /* HeadSpaceFocus-SB.app */;
			productType = "com.apple.product-type.application";
		};
		F46318F72968F78700354A01 /* HeadSpaceFocus-SBTests */ = {
			isa = PBXNativeTarget;
			buildConfigurationList = F463190F2968F78700354A01 /* Build configuration list for PBXNativeTarget "HeadSpaceFocus-SBTests" */;
			buildPhases = (
				F46318F42968F78700354A01 /* Sources */,
				F46318F52968F78700354A01 /* Frameworks */,
				F46318F62968F78700354A01 /* Resources */,
			);
			buildRules = (
			);
			dependencies = (
				F46318FA2968F78700354A01 /* PBXTargetDependency */,
			);
			name = "HeadSpaceFocus-SBTests";
			productName = "HeadSpaceFocus-SBTests";
			productReference = F46318F82968F78700354A01 /* HeadSpaceFocus-SBTests.xctest */;
			productType = "com.apple.product-type.bundle.unit-test";
		};
		F46319012968F78700354A01 /* HeadSpaceFocus-SBUITests */ = {
			isa = PBXNativeTarget;
			buildConfigurationList = F46319122968F78700354A01 /* Build configuration list for PBXNativeTarget "HeadSpaceFocus-SBUITests" */;
			buildPhases = (
				F46318FE2968F78700354A01 /* Sources */,
				F46318FF2968F78700354A01 /* Frameworks */,
				F46319002968F78700354A01 /* Resources */,
			);
			buildRules = (
			);
			dependencies = (
				F46319042968F78700354A01 /* PBXTargetDependency */,
			);
			name = "HeadSpaceFocus-SBUITests";
			productName = "HeadSpaceFocus-SBUITests";
			productReference = F46319022968F78700354A01 /* HeadSpaceFocus-SBUITests.xctest */;
			productType = "com.apple.product-type.bundle.ui-testing";
		};
/* End PBXNativeTarget section */

/* Begin PBXProject section */
		F46318DA2968F78600354A01 /* Project object */ = {
			isa = PBXProject;
			attributes = {
				BuildIndependentTargetsInParallel = 1;
				LastSwiftUpdateCheck = 1420;
				LastUpgradeCheck = 1420;
				TargetAttributes = {
					F46318E12968F78600354A01 = {
						CreatedOnToolsVersion = 14.2;
					};
					F46318F72968F78700354A01 = {
						CreatedOnToolsVersion = 14.2;
						TestTargetID = F46318E12968F78600354A01;
					};
					F46319012968F78700354A01 = {
						CreatedOnToolsVersion = 14.2;
						TestTargetID = F46318E12968F78600354A01;
					};
				};
			};
			buildConfigurationList = F46318DD2968F78600354A01 /* Build configuration list for PBXProject "HeadSpaceFocus-SB" */;
			compatibilityVersion = "Xcode 14.0";
			developmentRegion = en;
			hasScannedForEncodings = 0;
			knownRegions = (
				en,
				Base,
			);
			mainGroup = F46318D92968F78600354A01;
			productRefGroup = F46318E32968F78600354A01 /* Products */;
			projectDirPath = "";
			projectRoot = "";
			targets = (
				F46318E12968F78600354A01 /* HeadSpaceFocus-SB */,
				F46318F72968F78700354A01 /* HeadSpaceFocus-SBTests */,
				F46319012968F78700354A01 /* HeadSpaceFocus-SBUITests */,
			);
		};
/* End PBXProject section */

/* Begin PBXResourcesBuildPhase section */
		F46318E02968F78600354A01 /* Resources */ = {
			isa = PBXResourcesBuildPhase;
			buildActionMask = 2147483647;
			files = (
				F46318F22968F78600354A01 /* LaunchScreen.storyboard in Resources */,
				F46318EF2968F78600354A01 /* Assets.xcassets in Resources */,
				F46318ED2968F78600354A01 /* Main.storyboard in Resources */,
			);
			runOnlyForDeploymentPostprocessing = 0;
		};
		F46318F62968F78700354A01 /* Resources */ = {
			isa = PBXResourcesBuildPhase;
			buildActionMask = 2147483647;
			files = (
			);
			runOnlyForDeploymentPostprocessing = 0;
		};
		F46319002968F78700354A01 /* Resources */ = {
			isa = PBXResourcesBuildPhase;
			buildActionMask = 2147483647;
			files = (
			);
			runOnlyForDeploymentPostprocessing = 0;
		};
/* End PBXResourcesBuildPhase section */

/* Begin PBXSourcesBuildPhase section */
		F46318DE2968F78600354A01 /* Sources */ = {
			isa = PBXSourcesBuildPhase;
			buildActionMask = 2147483647;
			files = (
				F463191A296900A600354A01 /* Focus.swift in Sources */,
				F46318E62968F78600354A01 /* AppDelegate.swift in Sources */,
				F46319162968F82E00354A01 /* HeadSpaceFocusViewController.swift in Sources */,
				F46319182968FE7000354A01 /* HeadSpaceFocusCollectionViewCell.swift in Sources */,
				F46318E82968F78600354A01 /* SceneDelegate.swift in Sources */,
			);
			runOnlyForDeploymentPostprocessing = 0;
		};
		F46318F42968F78700354A01 /* Sources */ = {
			isa = PBXSourcesBuildPhase;
			buildActionMask = 2147483647;
			files = (
				F46318FD2968F78700354A01 /* HeadSpaceFocus_SBTests.swift in Sources */,
			);
			runOnlyForDeploymentPostprocessing = 0;
		};
		F46318FE2968F78700354A01 /* Sources */ = {
			isa = PBXSourcesBuildPhase;
			buildActionMask = 2147483647;
			files = (
				F46319072968F78700354A01 /* HeadSpaceFocus_SBUITests.swift in Sources */,
				F46319092968F78700354A01 /* HeadSpaceFocus_SBUITestsLaunchTests.swift in Sources */,
			);
			runOnlyForDeploymentPostprocessing = 0;
		};
/* End PBXSourcesBuildPhase section */

/* Begin PBXTargetDependency section */
		F46318FA2968F78700354A01 /* PBXTargetDependency */ = {
			isa = PBXTargetDependency;
			target = F46318E12968F78600354A01 /* HeadSpaceFocus-SB */;
			targetProxy = F46318F92968F78700354A01 /* PBXContainerItemProxy */;
		};
		F46319042968F78700354A01 /* PBXTargetDependency */ = {
			isa = PBXTargetDependency;
			target = F46318E12968F78600354A01 /* HeadSpaceFocus-SB */;
			targetProxy = F46319032968F78700354A01 /* PBXContainerItemProxy */;
		};
/* End PBXTargetDependency section */

/* Begin PBXVariantGroup section */
		F46318EB2968F78600354A01 /* Main.storyboard */ = {
			isa = PBXVariantGroup;
			children = (
				F46318EC2968F78600354A01 /* Base */,
			);
			name = Main.storyboard;
			sourceTree = "<group>";
		};
		F46318F02968F78600354A01 /* LaunchScreen.storyboard */ = {
			isa = PBXVariantGroup;
			children = (
				F46318F12968F78600354A01 /* Base */,
			);
			name = LaunchScreen.storyboard;
			sourceTree = "<group>";
		};
/* End PBXVariantGroup section */

/* Begin XCBuildConfiguration section */
		F463190A2968F78700354A01 /* Debug */ = {
			isa = XCBuildConfiguration;
			buildSettings = {
				ALWAYS_SEARCH_USER_PATHS = NO;
				CLANG_ANALYZER_NONNULL = YES;
				CLANG_ANALYZER_NUMBER_OBJECT_CONVERSION = YES_AGGRESSIVE;
				CLANG_CXX_LANGUAGE_STANDARD = "gnu++20";
				CLANG_ENABLE_MODULES = YES;
				CLANG_ENABLE_OBJC_ARC = YES;
				CLANG_ENABLE_OBJC_WEAK = YES;
				CLANG_WARN_BLOCK_CAPTURE_AUTORELEASING = YES;
				CLANG_WARN_BOOL_CONVERSION = YES;
				CLANG_WARN_COMMA = YES;
				CLANG_WARN_CONSTANT_CONVERSION = YES;
				CLANG_WARN_DEPRECATED_OBJC_IMPLEMENTATIONS = YES;
				CLANG_WARN_DIRECT_OBJC_ISA_USAGE = YES_ERROR;
				CLANG_WARN_DOCUMENTATION_COMMENTS = YES;
				CLANG_WARN_EMPTY_BODY = YES;
				CLANG_WARN_ENUM_CONVERSION = YES;
				CLANG_WARN_INFINITE_RECURSION = YES;
				CLANG_WARN_INT_CONVERSION = YES;
				CLANG_WARN_NON_LITERAL_NULL_CONVERSION = YES;
				CLANG_WARN_OBJC_IMPLICIT_RETAIN_SELF = YES;
				CLANG_WARN_OBJC_LITERAL_CONVERSION = YES;
				CLANG_WARN_OBJC_ROOT_CLASS = YES_ERROR;
				CLANG_WARN_QUOTED_INCLUDE_IN_FRAMEWORK_HEADER = YES;
				CLANG_WARN_RANGE_LOOP_ANALYSIS = YES;
				CLANG_WARN_STRICT_PROTOTYPES = YES;
				CLANG_WARN_SUSPICIOUS_MOVE = YES;
				CLANG_WARN_UNGUARDED_AVAILABILITY = YES_AGGRESSIVE;
				CLANG_WARN_UNREACHABLE_CODE = YES;
				CLANG_WARN__DUPLICATE_METHOD_MATCH = YES;
				COPY_PHASE_STRIP = NO;
				DEBUG_INFORMATION_FORMAT = dwarf;
				ENABLE_STRICT_OBJC_MSGSEND = YES;
				ENABLE_TESTABILITY = YES;
				GCC_C_LANGUAGE_STANDARD = gnu11;
				GCC_DYNAMIC_NO_PIC = NO;
				GCC_NO_COMMON_BLOCKS = YES;
				GCC_OPTIMIZATION_LEVEL = 0;
				GCC_PREPROCESSOR_DEFINITIONS = (
					"DEBUG=1",
					"$(inherited)",
				);
				GCC_WARN_64_TO_32_BIT_CONVERSION = YES;
				GCC_WARN_ABOUT_RETURN_TYPE = YES_ERROR;
				GCC_WARN_UNDECLARED_SELECTOR = YES;
				GCC_WARN_UNINITIALIZED_AUTOS = YES_AGGRESSIVE;
				GCC_WARN_UNUSED_FUNCTION = YES;
				GCC_WARN_UNUSED_VARIABLE = YES;
				IPHONEOS_DEPLOYMENT_TARGET = 16.2;
				MTL_ENABLE_DEBUG_INFO = INCLUDE_SOURCE;
				MTL_FAST_MATH = YES;
				ONLY_ACTIVE_ARCH = YES;
				SDKROOT = iphoneos;
				SWIFT_ACTIVE_COMPILATION_CONDITIONS = DEBUG;
				SWIFT_OPTIMIZATION_LEVEL = "-Onone";
			};
			name = Debug;
		};
		F463190B2968F78700354A01 /* Release */ = {
			isa = XCBuildConfiguration;
			buildSettings = {
				ALWAYS_SEARCH_USER_PATHS = NO;
				CLANG_ANALYZER_NONNULL = YES;
				CLANG_ANALYZER_NUMBER_OBJECT_CONVERSION = YES_AGGRESSIVE;
				CLANG_CXX_LANGUAGE_STANDARD = "gnu++20";
				CLANG_ENABLE_MODULES = YES;
				CLANG_ENABLE_OBJC_ARC = YES;
				CLANG_ENABLE_OBJC_WEAK = YES;
				CLANG_WARN_BLOCK_CAPTURE_AUTORELEASING = YES;
				CLANG_WARN_BOOL_CONVERSION = YES;
				CLANG_WARN_COMMA = YES;
				CLANG_WARN_CONSTANT_CONVERSION = YES;
				CLANG_WARN_DEPRECATED_OBJC_IMPLEMENTATIONS = YES;
				CLANG_WARN_DIRECT_OBJC_ISA_USAGE = YES_ERROR;
				CLANG_WARN_DOCUMENTATION_COMMENTS = YES;
				CLANG_WARN_EMPTY_BODY = YES;
				CLANG_WARN_ENUM_CONVERSION = YES;
				CLANG_WARN_INFINITE_RECURSION = YES;
				CLANG_WARN_INT_CONVERSION = YES;
				CLANG_WARN_NON_LITERAL_NULL_CONVERSION = YES;
				CLANG_WARN_OBJC_IMPLICIT_RETAIN_SELF = YES;
				CLANG_WARN_OBJC_LITERAL_CONVERSION = YES;
				CLANG_WARN_OBJC_ROOT_CLASS = YES_ERROR;
				CLANG_WARN_QUOTED_INCLUDE_IN_FRAMEWORK_HEADER = YES;
				CLANG_WARN_RANGE_LOOP_ANALYSIS = YES;
				CLANG_WARN_STRICT_PROTOTYPES = YES;
				CLANG_WARN_SUSPICIOUS_MOVE = YES;
				CLANG_WARN_UNGUARDED_AVAILABILITY = YES_AGGRESSIVE;
				CLANG_WARN_UNREACHABLE_CODE = YES;
				CLANG_WARN__DUPLICATE_METHOD_MATCH = YES;
				COPY_PHASE_STRIP = NO;
				DEBUG_INFORMATION_FORMAT = "dwarf-with-dsym";
				ENABLE_NS_ASSERTIONS = NO;
				ENABLE_STRICT_OBJC_MSGSEND = YES;
				GCC_C_LANGUAGE_STANDARD = gnu11;
				GCC_NO_COMMON_BLOCKS = YES;
				GCC_WARN_64_TO_32_BIT_CONVERSION = YES;
				GCC_WARN_ABOUT_RETURN_TYPE = YES_ERROR;
				GCC_WARN_UNDECLARED_SELECTOR = YES;
				GCC_WARN_UNINITIALIZED_AUTOS = YES_AGGRESSIVE;
				GCC_WARN_UNUSED_FUNCTION = YES;
				GCC_WARN_UNUSED_VARIABLE = YES;
				IPHONEOS_DEPLOYMENT_TARGET = 16.2;
				MTL_ENABLE_DEBUG_INFO = NO;
				MTL_FAST_MATH = YES;
				SDKROOT = iphoneos;
				SWIFT_COMPILATION_MODE = wholemodule;
				SWIFT_OPTIMIZATION_LEVEL = "-O";
				VALIDATE_PRODUCT = YES;
			};
			name = Release;
		};
		F463190D2968F78700354A01 /* Debug */ = {
			isa = XCBuildConfiguration;
			buildSettings = {
				ASSETCATALOG_COMPILER_APPICON_NAME = AppIcon;
				ASSETCATALOG_COMPILER_GLOBAL_ACCENT_COLOR_NAME = AccentColor;
				CODE_SIGN_STYLE = Automatic;
				CURRENT_PROJECT_VERSION = 1;
				DEVELOPMENT_TEAM = 6XVG78PFQ7;
				GENERATE_INFOPLIST_FILE = YES;
				INFOPLIST_FILE = "HeadSpaceFocus-SB/Info.plist";
				INFOPLIST_KEY_UIApplicationSupportsIndirectInputEvents = YES;
				INFOPLIST_KEY_UILaunchStoryboardName = LaunchScreen;
				INFOPLIST_KEY_UIMainStoryboardFile = Main;
				INFOPLIST_KEY_UISupportedInterfaceOrientations_iPad = "UIInterfaceOrientationPortrait UIInterfaceOrientationPortraitUpsideDown UIInterfaceOrientationLandscapeLeft UIInterfaceOrientationLandscapeRight";
				INFOPLIST_KEY_UISupportedInterfaceOrientations_iPhone = "UIInterfaceOrientationPortrait UIInterfaceOrientationLandscapeLeft UIInterfaceOrientationLandscapeRight";
				LD_RUNPATH_SEARCH_PATHS = (
					"$(inherited)",
					"@executable_path/Frameworks",
				);
				MARKETING_VERSION = 1.0;
				PRODUCT_BUNDLE_IDENTIFIER = "com.idghst.HeadSpaceFocus-SB";
				PRODUCT_NAME = "$(TARGET_NAME)";
				SWIFT_EMIT_LOC_STRINGS = YES;
				SWIFT_VERSION = 5.0;
				TARGETED_DEVICE_FAMILY = "1,2";
			};
			name = Debug;
		};
		F463190E2968F78700354A01 /* Release */ = {
			isa = XCBuildConfiguration;
			buildSettings = {
				ASSETCATALOG_COMPILER_APPICON_NAME = AppIcon;
				ASSETCATALOG_COMPILER_GLOBAL_ACCENT_COLOR_NAME = AccentColor;
				CODE_SIGN_STYLE = Automatic;
				CURRENT_PROJECT_VERSION = 1;
				DEVELOPMENT_TEAM = 6XVG78PFQ7;
				GENERATE_INFOPLIST_FILE = YES;
				INFOPLIST_FILE = "HeadSpaceFocus-SB/Info.plist";
				INFOPLIST_KEY_UIApplicationSupportsIndirectInputEvents = YES;
				INFOPLIST_KEY_UILaunchStoryboardName = LaunchScreen;
				INFOPLIST_KEY_UIMainStoryboardFile = Main;
				INFOPLIST_KEY_UISupportedInterfaceOrientations_iPad = "UIInterfaceOrientationPortrait UIInterfaceOrientationPortraitUpsideDown UIInterfaceOrientationLandscapeLeft UIInterfaceOrientationLandscapeRight";
				INFOPLIST_KEY_UISupportedInterfaceOrientations_iPhone = "UIInterfaceOrientationPortrait UIInterfaceOrientationLandscapeLeft UIInterfaceOrientationLandscapeRight";
				LD_RUNPATH_SEARCH_PATHS = (
					"$(inherited)",
					"@executable_path/Frameworks",
				);
				MARKETING_VERSION = 1.0;
				PRODUCT_BUNDLE_IDENTIFIER = "com.idghst.HeadSpaceFocus-SB";
				PRODUCT_NAME = "$(TARGET_NAME)";
				SWIFT_EMIT_LOC_STRINGS = YES;
				SWIFT_VERSION = 5.0;
				TARGETED_DEVICE_FAMILY = "1,2";
			};
			name = Release;
		};
		F46319102968F78700354A01 /* Debug */ = {
			isa = XCBuildConfiguration;
			buildSettings = {
				ALWAYS_EMBED_SWIFT_STANDARD_LIBRARIES = YES;
				BUNDLE_LOADER = "$(TEST_HOST)";
				CODE_SIGN_STYLE = Automatic;
				CURRENT_PROJECT_VERSION = 1;
				DEVELOPMENT_TEAM = 6XVG78PFQ7;
				GENERATE_INFOPLIST_FILE = YES;
				IPHONEOS_DEPLOYMENT_TARGET = 16.2;
				MARKETING_VERSION = 1.0;
				PRODUCT_BUNDLE_IDENTIFIER = "com.idghst.HeadSpaceFocus-SBTests";
				PRODUCT_NAME = "$(TARGET_NAME)";
				SWIFT_EMIT_LOC_STRINGS = NO;
				SWIFT_VERSION = 5.0;
				TARGETED_DEVICE_FAMILY = "1,2";
				TEST_HOST = "$(BUILT_PRODUCTS_DIR)/HeadSpaceFocus-SB.app/$(BUNDLE_EXECUTABLE_FOLDER_PATH)/HeadSpaceFocus-SB";
			};
			name = Debug;
		};
		F46319112968F78700354A01 /* Release */ = {
			isa = XCBuildConfiguration;
			buildSettings = {
				ALWAYS_EMBED_SWIFT_STANDARD_LIBRARIES = YES;
				BUNDLE_LOADER = "$(TEST_HOST)";
				CODE_SIGN_STYLE = Automatic;
				CURRENT_PROJECT_VERSION = 1;
				DEVELOPMENT_TEAM = 6XVG78PFQ7;
				GENERATE_INFOPLIST_FILE = YES;
				IPHONEOS_DEPLOYMENT_TARGET = 16.2;
				MARKETING_VERSION = 1.0;
				PRODUCT_BUNDLE_IDENTIFIER = "com.idghst.HeadSpaceFocus-SBTests";
				PRODUCT_NAME = "$(TARGET_NAME)";
				SWIFT_EMIT_LOC_STRINGS = NO;
				SWIFT_VERSION = 5.0;
				TARGETED_DEVICE_FAMILY = "1,2";
				TEST_HOST = "$(BUILT_PRODUCTS_DIR)/HeadSpaceFocus-SB.app/$(BUNDLE_EXECUTABLE_FOLDER_PATH)/HeadSpaceFocus-SB";
			};
			name = Release;
		};
		F46319132968F78700354A01 /* Debug */ = {
			isa = XCBuildConfiguration;
			buildSettings = {
				ALWAYS_EMBED_SWIFT_STANDARD_LIBRARIES = YES;
				CODE_SIGN_STYLE = Automatic;
				CURRENT_PROJECT_VERSION = 1;
				DEVELOPMENT_TEAM = 6XVG78PFQ7;
				GENERATE_INFOPLIST_FILE = YES;
				MARKETING_VERSION = 1.0;
				PRODUCT_BUNDLE_IDENTIFIER = "com.idghst.HeadSpaceFocus-SBUITests";
				PRODUCT_NAME = "$(TARGET_NAME)";
				SWIFT_EMIT_LOC_STRINGS = NO;
				SWIFT_VERSION = 5.0;
				TARGETED_DEVICE_FAMILY = "1,2";
				TEST_TARGET_NAME = "HeadSpaceFocus-SB";
			};
			name = Debug;
		};
		F46319142968F78700354A01 /* Release */ = {
			isa = XCBuildConfiguration;
			buildSettings = {
				ALWAYS_EMBED_SWIFT_STANDARD_LIBRARIES = YES;
				CODE_SIGN_STYLE = Automatic;
				CURRENT_PROJECT_VERSION = 1;
				DEVELOPMENT_TEAM = 6XVG78PFQ7;
				GENERATE_INFOPLIST_FILE = YES;
				MARKETING_VERSION = 1.0;
				PRODUCT_BUNDLE_IDENTIFIER = "com.idghst.HeadSpaceFocus-SBUITests";
				PRODUCT_NAME = "$(TARGET_NAME)";
				SWIFT_EMIT_LOC_STRINGS = NO;
				SWIFT_VERSION = 5.0;
				TARGETED_DEVICE_FAMILY = "1,2";
				TEST_TARGET_NAME = "HeadSpaceFocus-SB";
			};
			name = Release;
		};
/* End XCBuildConfiguration section */

/* Begin XCConfigurationList section */
		F46318DD2968F78600354A01 /* Build configuration list for PBXProject "HeadSpaceFocus-SB" */ = {
			isa = XCConfigurationList;
			buildConfigurations = (
				F463190A2968F78700354A01 /* Debug */,
				F463190B2968F78700354A01 /* Release */,
			);
			defaultConfigurationIsVisible = 0;
			defaultConfigurationName = Release;
		};
		F463190C2968F78700354A01 /* Build configuration list for PBXNativeTarget "HeadSpaceFocus-SB" */ = {
			isa = XCConfigurationList;
			buildConfigurations = (
				F463190D2968F78700354A01 /* Debug */,
				F463190E2968F78700354A01 /* Release */,
			);
			defaultConfigurationIsVisible = 0;
			defaultConfigurationName = Release;
		};
		F463190F2968F78700354A01 /* Build configuration list for PBXNativeTarget "HeadSpaceFocus-SBTests" */ = {
			isa = XCConfigurationList;
			buildConfigurations = (
				F46319102968F78700354A01 /* Debug */,
				F46319112968F78700354A01 /* Release */,
			);
			defaultConfigurationIsVisible = 0;
			defaultConfigurationName = Release;
		};
		F46319122968F78700354A01 /* Build configuration list for PBXNativeTarget "HeadSpaceFocus-SBUITests" */ = {
			isa = XCConfigurationList;
			buildConfigurations = (
				F46319132968F78700354A01 /* Debug */,
				F46319142968F78700354A01 /* Release */,
			);
			defaultConfigurationIsVisible = 0;
			defaultConfigurationName = Release;
		};
/* End XCConfigurationList section */
	};
	rootObject = F46318DA2968F78600354A01 /* Project object */;
}
